{
  "version": 4,
  "terraform_version": "1.11.4",
  "serial": 402,
  "lineage": "a170b992-7d87-bcf9-533a-60de1be48af4",
  "outputs": {},
  "resources": [
    {
      "module": "module.automation-project",
      "mode": "managed",
      "type": "google_project",
      "name": "project",
      "provider": "provider[\"registry.terraform.io/hashicorp/google\"]",
      "instances": [
        {
          "index_key": 0,
          "schema_version": 1,
          "attributes": {
            "auto_create_network": false,
            "billing_account": "0189FA-E139FD-136A58",
            "deletion_policy": "DELETE",
            "effective_labels": {
              "goog-terraform-provisioned": "true"
            },
            "folder_id": "",
            "id": "projects/jp-prod-iac-core-0",
            "labels": {},
            "name": "jp-prod-iac-core-0",
            "number": "758326628060",
            "org_id": "890114964408",
            "project_id": "jp-prod-iac-core-0",
            "tags": null,
            "terraform_labels": {
              "goog-terraform-provisioned": "true"
            },
            "timeouts": null
          },
          "sensitive_attributes": [],
          "private": "eyJlMmJmYjczMC1lY2FhLTExZTYtOGY4OC0zNDM2M2JjN2M0YzAiOnsiY3JlYXRlIjo2MDAwMDAwMDAwMDAsImRlbGV0ZSI6NjAwMDAwMDAwMDAwLCJyZWFkIjo2MDAwMDAwMDAwMDAsInVwZGF0ZSI6NjAwMDAwMDAwMDAwfSwic2NoZW1hX3ZlcnNpb24iOiIxIn0="
        }
      ]
    },
    {
      "module": "module.automation-project",
      "mode": "managed",
      "type": "google_project_iam_member",
      "name": "service_agents",
      "provider": "provider[\"registry.terraform.io/hashicorp/google\"]",
      "instances": [
        {
          "index_key": "cloudasset",
          "schema_version": 0,
          "attributes": {
            "condition": [],
            "etag": "BwYycF7iTwE=",
            "id": "jp-prod-iac-core-0/roles/cloudasset.serviceAgent/serviceAccount:service-758326628060@gcp-sa-cloudasset.iam.gserviceaccount.com",
            "member": "serviceAccount:service-758326628060@gcp-sa-cloudasset.iam.gserviceaccount.com",
            "project": "jp-prod-iac-core-0",
            "role": "roles/cloudasset.serviceAgent"
          },
          "sensitive_attributes": [],
          "private": "bnVsbA==",
          "dependencies": [
            "module.automation-project.data.google_project.project",
            "module.automation-project.google_org_policy_policy.default",
            "module.automation-project.google_project.project",
            "module.automation-project.google_project_service.project_services",
            "module.automation-project.google_project_service_identity.default"
          ]
        },
        {
          "index_key": "cloudkms",
          "schema_version": 0,
          "attributes": {
            "condition": [],
            "etag": "BwYycF7iTwE=",
            "id": "jp-prod-iac-core-0/roles/cloudkms.serviceAgent/serviceAccount:service-758326628060@gcp-sa-cloudkms.iam.gserviceaccount.com",
            "member": "serviceAccount:service-758326628060@gcp-sa-cloudkms.iam.gserviceaccount.com",
            "project": "jp-prod-iac-core-0",
            "role": "roles/cloudkms.serviceAgent"
          },
          "sensitive_attributes": [],
          "private": "bnVsbA==",
          "dependencies": [
            "module.automation-project.data.google_project.project",
            "module.automation-project.google_org_policy_policy.default",
            "module.automation-project.google_project.project",
            "module.automation-project.google_project_service.project_services",
            "module.automation-project.google_project_service_identity.default"
          ]
        },
        {
          "index_key": "pubsub",
          "schema_version": 0,
          "attributes": {
            "condition": [],
            "etag": "BwYycF7iTwE=",
            "id": "jp-prod-iac-core-0/roles/pubsub.serviceAgent/serviceAccount:service-758326628060@gcp-sa-pubsub.iam.gserviceaccount.com",
            "member": "serviceAccount:service-758326628060@gcp-sa-pubsub.iam.gserviceaccount.com",
            "project": "jp-prod-iac-core-0",
            "role": "roles/pubsub.serviceAgent"
          },
          "sensitive_attributes": [],
          "private": "bnVsbA==",
          "dependencies": [
            "module.automation-project.data.google_project.project",
            "module.automation-project.google_org_policy_policy.default",
            "module.automation-project.google_project.project",
            "module.automation-project.google_project_service.project_services",
            "module.automation-project.google_project_service_identity.default"
          ]
        },
        {
          "index_key": "service-networking",
          "schema_version": 0,
          "attributes": {
            "condition": [],
            "etag": "BwYycF7iTwE=",
            "id": "jp-prod-iac-core-0/roles/servicenetworking.serviceAgent/serviceAccount:service-758326628060@service-networking.iam.gserviceaccount.com",
            "member": "serviceAccount:service-758326628060@service-networking.iam.gserviceaccount.com",
            "project": "jp-prod-iac-core-0",
            "role": "roles/servicenetworking.serviceAgent"
          },
          "sensitive_attributes": [],
          "private": "bnVsbA==",
          "dependencies": [
            "module.automation-project.data.google_project.project",
            "module.automation-project.google_org_policy_policy.default",
            "module.automation-project.google_project.project",
            "module.automation-project.google_project_service.project_services",
            "module.automation-project.google_project_service_identity.default"
          ]
        }
      ]
    },
    {
      "module": "module.automation-project",
      "mode": "managed",
      "type": "google_project_service",
      "name": "project_services",
      "provider": "provider[\"registry.terraform.io/hashicorp/google\"]",
      "instances": [
        {
          "index_key": "accesscontextmanager.googleapis.com",
          "schema_version": 0,
          "attributes": {
            "disable_dependent_services": false,
            "disable_on_destroy": false,
            "id": "jp-prod-iac-core-0/accesscontextmanager.googleapis.com",
            "project": "jp-prod-iac-core-0",
            "service": "accesscontextmanager.googleapis.com",
            "timeouts": null
          },
          "sensitive_attributes": [],
          "private": "eyJlMmJmYjczMC1lY2FhLTExZTYtOGY4OC0zNDM2M2JjN2M0YzAiOnsiY3JlYXRlIjoxMjAwMDAwMDAwMDAwLCJkZWxldGUiOjEyMDAwMDAwMDAwMDAsInJlYWQiOjYwMDAwMDAwMDAwMCwidXBkYXRlIjoxMjAwMDAwMDAwMDAwfX0=",
          "dependencies": [
            "module.automation-project.data.google_project.project",
            "module.automation-project.google_org_policy_policy.default",
            "module.automation-project.google_project.project"
          ]
        },
        {
          "index_key": "bigquery.googleapis.com",
          "schema_version": 0,
          "attributes": {
            "disable_dependent_services": false,
            "disable_on_destroy": false,
            "id": "jp-prod-iac-core-0/bigquery.googleapis.com",
            "project": "jp-prod-iac-core-0",
            "service": "bigquery.googleapis.com",
            "timeouts": null
          },
          "sensitive_attributes": [],
          "private": "eyJlMmJmYjczMC1lY2FhLTExZTYtOGY4OC0zNDM2M2JjN2M0YzAiOnsiY3JlYXRlIjoxMjAwMDAwMDAwMDAwLCJkZWxldGUiOjEyMDAwMDAwMDAwMDAsInJlYWQiOjYwMDAwMDAwMDAwMCwidXBkYXRlIjoxMjAwMDAwMDAwMDAwfX0=",
          "dependencies": [
            "module.automation-project.data.google_project.project",
            "module.automation-project.google_org_policy_policy.default",
            "module.automation-project.google_project.project"
          ]
        },
        {
          "index_key": "bigqueryreservation.googleapis.com",
          "schema_version": 0,
          "attributes": {
            "disable_dependent_services": false,
            "disable_on_destroy": false,
            "id": "jp-prod-iac-core-0/bigqueryreservation.googleapis.com",
            "project": "jp-prod-iac-core-0",
            "service": "bigqueryreservation.googleapis.com",
            "timeouts": null
          },
          "sensitive_attributes": [],
          "private": "eyJlMmJmYjczMC1lY2FhLTExZTYtOGY4OC0zNDM2M2JjN2M0YzAiOnsiY3JlYXRlIjoxMjAwMDAwMDAwMDAwLCJkZWxldGUiOjEyMDAwMDAwMDAwMDAsInJlYWQiOjYwMDAwMDAwMDAwMCwidXBkYXRlIjoxMjAwMDAwMDAwMDAwfX0=",
          "dependencies": [
            "module.automation-project.data.google_project.project",
            "module.automation-project.google_org_policy_policy.default",
            "module.automation-project.google_project.project"
          ]
        },
        {
          "index_key": "bigquerystorage.googleapis.com",
          "schema_version": 0,
          "attributes": {
            "disable_dependent_services": false,
            "disable_on_destroy": false,
            "id": "jp-prod-iac-core-0/bigquerystorage.googleapis.com",
            "project": "jp-prod-iac-core-0",
            "service": "bigquerystorage.googleapis.com",
            "timeouts": null
          },
          "sensitive_attributes": [],
          "private": "eyJlMmJmYjczMC1lY2FhLTExZTYtOGY4OC0zNDM2M2JjN2M0YzAiOnsiY3JlYXRlIjoxMjAwMDAwMDAwMDAwLCJkZWxldGUiOjEyMDAwMDAwMDAwMDAsInJlYWQiOjYwMDAwMDAwMDAwMCwidXBkYXRlIjoxMjAwMDAwMDAwMDAwfX0=",
          "dependencies": [
            "module.automation-project.data.google_project.project",
            "module.automation-project.google_org_policy_policy.default",
            "module.automation-project.google_project.project"
          ]
        },
        {
          "index_key": "billingbudgets.googleapis.com",
          "schema_version": 0,
          "attributes": {
            "disable_dependent_services": false,
            "disable_on_destroy": false,
            "id": "jp-prod-iac-core-0/billingbudgets.googleapis.com",
            "project": "jp-prod-iac-core-0",
            "service": "billingbudgets.googleapis.com",
            "timeouts": null
          },
          "sensitive_attributes": [],
          "private": "eyJlMmJmYjczMC1lY2FhLTExZTYtOGY4OC0zNDM2M2JjN2M0YzAiOnsiY3JlYXRlIjoxMjAwMDAwMDAwMDAwLCJkZWxldGUiOjEyMDAwMDAwMDAwMDAsInJlYWQiOjYwMDAwMDAwMDAwMCwidXBkYXRlIjoxMjAwMDAwMDAwMDAwfX0=",
          "dependencies": [
            "module.automation-project.data.google_project.project",
            "module.automation-project.google_org_policy_policy.default",
            "module.automation-project.google_project.project"
          ]
        },
        {
          "index_key": "cloudasset.googleapis.com",
          "schema_version": 0,
          "attributes": {
            "disable_dependent_services": false,
            "disable_on_destroy": false,
            "id": "jp-prod-iac-core-0/cloudasset.googleapis.com",
            "project": "jp-prod-iac-core-0",
            "service": "cloudasset.googleapis.com",
            "timeouts": null
          },
          "sensitive_attributes": [],
          "private": "eyJlMmJmYjczMC1lY2FhLTExZTYtOGY4OC0zNDM2M2JjN2M0YzAiOnsiY3JlYXRlIjoxMjAwMDAwMDAwMDAwLCJkZWxldGUiOjEyMDAwMDAwMDAwMDAsInJlYWQiOjYwMDAwMDAwMDAwMCwidXBkYXRlIjoxMjAwMDAwMDAwMDAwfX0=",
          "dependencies": [
            "module.automation-project.data.google_project.project",
            "module.automation-project.google_org_policy_policy.default",
            "module.automation-project.google_project.project"
          ]
        },
        {
          "index_key": "cloudbilling.googleapis.com",
          "schema_version": 0,
          "attributes": {
            "disable_dependent_services": false,
            "disable_on_destroy": false,
            "id": "jp-prod-iac-core-0/cloudbilling.googleapis.com",
            "project": "jp-prod-iac-core-0",
            "service": "cloudbilling.googleapis.com",
            "timeouts": null
          },
          "sensitive_attributes": [],
          "private": "eyJlMmJmYjczMC1lY2FhLTExZTYtOGY4OC0zNDM2M2JjN2M0YzAiOnsiY3JlYXRlIjoxMjAwMDAwMDAwMDAwLCJkZWxldGUiOjEyMDAwMDAwMDAwMDAsInJlYWQiOjYwMDAwMDAwMDAwMCwidXBkYXRlIjoxMjAwMDAwMDAwMDAwfX0=",
          "dependencies": [
            "module.automation-project.data.google_project.project",
            "module.automation-project.google_org_policy_policy.default",
            "module.automation-project.google_project.project"
          ]
        },
        {
          "index_key": "cloudkms.googleapis.com",
          "schema_version": 0,
          "attributes": {
            "disable_dependent_services": false,
            "disable_on_destroy": false,
            "id": "jp-prod-iac-core-0/cloudkms.googleapis.com",
            "project": "jp-prod-iac-core-0",
            "service": "cloudkms.googleapis.com",
            "timeouts": null
          },
          "sensitive_attributes": [],
          "private": "eyJlMmJmYjczMC1lY2FhLTExZTYtOGY4OC0zNDM2M2JjN2M0YzAiOnsiY3JlYXRlIjoxMjAwMDAwMDAwMDAwLCJkZWxldGUiOjEyMDAwMDAwMDAwMDAsInJlYWQiOjYwMDAwMDAwMDAwMCwidXBkYXRlIjoxMjAwMDAwMDAwMDAwfX0=",
          "dependencies": [
            "module.automation-project.data.google_project.project",
            "module.automation-project.google_org_policy_policy.default",
            "module.automation-project.google_project.project"
          ]
        },
        {
          "index_key": "cloudquotas.googleapis.com",
          "schema_version": 0,
          "attributes": {
            "disable_dependent_services": false,
            "disable_on_destroy": false,
            "id": "jp-prod-iac-core-0/cloudquotas.googleapis.com",
            "project": "jp-prod-iac-core-0",
            "service": "cloudquotas.googleapis.com",
            "timeouts": null
          },
          "sensitive_attributes": [],
          "private": "eyJlMmJmYjczMC1lY2FhLTExZTYtOGY4OC0zNDM2M2JjN2M0YzAiOnsiY3JlYXRlIjoxMjAwMDAwMDAwMDAwLCJkZWxldGUiOjEyMDAwMDAwMDAwMDAsInJlYWQiOjYwMDAwMDAwMDAwMCwidXBkYXRlIjoxMjAwMDAwMDAwMDAwfX0=",
          "dependencies": [
            "module.automation-project.data.google_project.project",
            "module.automation-project.google_org_policy_policy.default",
            "module.automation-project.google_project.project"
          ]
        },
        {
          "index_key": "cloudresourcemanager.googleapis.com",
          "schema_version": 0,
          "attributes": {
            "disable_dependent_services": false,
            "disable_on_destroy": false,
            "id": "jp-prod-iac-core-0/cloudresourcemanager.googleapis.com",
            "project": "jp-prod-iac-core-0",
            "service": "cloudresourcemanager.googleapis.com",
            "timeouts": null
          },
          "sensitive_attributes": [],
          "private": "eyJlMmJmYjczMC1lY2FhLTExZTYtOGY4OC0zNDM2M2JjN2M0YzAiOnsiY3JlYXRlIjoxMjAwMDAwMDAwMDAwLCJkZWxldGUiOjEyMDAwMDAwMDAwMDAsInJlYWQiOjYwMDAwMDAwMDAwMCwidXBkYXRlIjoxMjAwMDAwMDAwMDAwfX0=",
          "dependencies": [
            "module.automation-project.data.google_project.project",
            "module.automation-project.google_org_policy_policy.default",
            "module.automation-project.google_project.project"
          ]
        },
        {
          "index_key": "essentialcontacts.googleapis.com",
          "schema_version": 0,
          "attributes": {
            "disable_dependent_services": false,
            "disable_on_destroy": false,
            "id": "jp-prod-iac-core-0/essentialcontacts.googleapis.com",
            "project": "jp-prod-iac-core-0",
            "service": "essentialcontacts.googleapis.com",
            "timeouts": null
          },
          "sensitive_attributes": [],
          "private": "eyJlMmJmYjczMC1lY2FhLTExZTYtOGY4OC0zNDM2M2JjN2M0YzAiOnsiY3JlYXRlIjoxMjAwMDAwMDAwMDAwLCJkZWxldGUiOjEyMDAwMDAwMDAwMDAsInJlYWQiOjYwMDAwMDAwMDAwMCwidXBkYXRlIjoxMjAwMDAwMDAwMDAwfX0=",
          "dependencies": [
            "module.automation-project.data.google_project.project",
            "module.automation-project.google_org_policy_policy.default",
            "module.automation-project.google_project.project"
          ]
        },
        {
          "index_key": "iam.googleapis.com",
          "schema_version": 0,
          "attributes": {
            "disable_dependent_services": false,
            "disable_on_destroy": false,
            "id": "jp-prod-iac-core-0/iam.googleapis.com",
            "project": "jp-prod-iac-core-0",
            "service": "iam.googleapis.com",
            "timeouts": null
          },
          "sensitive_attributes": [],
          "private": "eyJlMmJmYjczMC1lY2FhLTExZTYtOGY4OC0zNDM2M2JjN2M0YzAiOnsiY3JlYXRlIjoxMjAwMDAwMDAwMDAwLCJkZWxldGUiOjEyMDAwMDAwMDAwMDAsInJlYWQiOjYwMDAwMDAwMDAwMCwidXBkYXRlIjoxMjAwMDAwMDAwMDAwfX0=",
          "dependencies": [
            "module.automation-project.data.google_project.project",
            "module.automation-project.google_org_policy_policy.default",
            "module.automation-project.google_project.project"
          ]
        },
        {
          "index_key": "iamcredentials.googleapis.com",
          "schema_version": 0,
          "attributes": {
            "disable_dependent_services": false,
            "disable_on_destroy": false,
            "id": "jp-prod-iac-core-0/iamcredentials.googleapis.com",
            "project": "jp-prod-iac-core-0",
            "service": "iamcredentials.googleapis.com",
            "timeouts": null
          },
          "sensitive_attributes": [],
          "private": "eyJlMmJmYjczMC1lY2FhLTExZTYtOGY4OC0zNDM2M2JjN2M0YzAiOnsiY3JlYXRlIjoxMjAwMDAwMDAwMDAwLCJkZWxldGUiOjEyMDAwMDAwMDAwMDAsInJlYWQiOjYwMDAwMDAwMDAwMCwidXBkYXRlIjoxMjAwMDAwMDAwMDAwfX0=",
          "dependencies": [
            "module.automation-project.data.google_project.project",
            "module.automation-project.google_org_policy_policy.default",
            "module.automation-project.google_project.project"
          ]
        },
        {
          "index_key": "networksecurity.googleapis.com",
          "schema_version": 0,
          "attributes": {
            "disable_dependent_services": false,
            "disable_on_destroy": false,
            "id": "jp-prod-iac-core-0/networksecurity.googleapis.com",
            "project": "jp-prod-iac-core-0",
            "service": "networksecurity.googleapis.com",
            "timeouts": null
          },
          "sensitive_attributes": [],
          "private": "eyJlMmJmYjczMC1lY2FhLTExZTYtOGY4OC0zNDM2M2JjN2M0YzAiOnsiY3JlYXRlIjoxMjAwMDAwMDAwMDAwLCJkZWxldGUiOjEyMDAwMDAwMDAwMDAsInJlYWQiOjYwMDAwMDAwMDAwMCwidXBkYXRlIjoxMjAwMDAwMDAwMDAwfX0=",
          "dependencies": [
            "module.automation-project.data.google_project.project",
            "module.automation-project.google_org_policy_policy.default",
            "module.automation-project.google_project.project"
          ]
        },
        {
          "index_key": "orgpolicy.googleapis.com",
          "schema_version": 0,
          "attributes": {
            "disable_dependent_services": false,
            "disable_on_destroy": false,
            "id": "jp-prod-iac-core-0/orgpolicy.googleapis.com",
            "project": "jp-prod-iac-core-0",
            "service": "orgpolicy.googleapis.com",
            "timeouts": null
          },
          "sensitive_attributes": [],
          "private": "eyJlMmJmYjczMC1lY2FhLTExZTYtOGY4OC0zNDM2M2JjN2M0YzAiOnsiY3JlYXRlIjoxMjAwMDAwMDAwMDAwLCJkZWxldGUiOjEyMDAwMDAwMDAwMDAsInJlYWQiOjYwMDAwMDAwMDAwMCwidXBkYXRlIjoxMjAwMDAwMDAwMDAwfX0=",
          "dependencies": [
            "module.automation-project.data.google_project.project",
            "module.automation-project.google_org_policy_policy.default",
            "module.automation-project.google_project.project"
          ]
        },
        {
          "index_key": "pubsub.googleapis.com",
          "schema_version": 0,
          "attributes": {
            "disable_dependent_services": false,
            "disable_on_destroy": false,
            "id": "jp-prod-iac-core-0/pubsub.googleapis.com",
            "project": "jp-prod-iac-core-0",
            "service": "pubsub.googleapis.com",
            "timeouts": null
          },
          "sensitive_attributes": [],
          "private": "eyJlMmJmYjczMC1lY2FhLTExZTYtOGY4OC0zNDM2M2JjN2M0YzAiOnsiY3JlYXRlIjoxMjAwMDAwMDAwMDAwLCJkZWxldGUiOjEyMDAwMDAwMDAwMDAsInJlYWQiOjYwMDAwMDAwMDAwMCwidXBkYXRlIjoxMjAwMDAwMDAwMDAwfX0=",
          "dependencies": [
            "module.automation-project.data.google_project.project",
            "module.automation-project.google_org_policy_policy.default",
            "module.automation-project.google_project.project"
          ]
        },
        {
          "index_key": "servicenetworking.googleapis.com",
          "schema_version": 0,
          "attributes": {
            "disable_dependent_services": false,
            "disable_on_destroy": false,
            "id": "jp-prod-iac-core-0/servicenetworking.googleapis.com",
            "project": "jp-prod-iac-core-0",
            "service": "servicenetworking.googleapis.com",
            "timeouts": null
          },
          "sensitive_attributes": [],
          "private": "eyJlMmJmYjczMC1lY2FhLTExZTYtOGY4OC0zNDM2M2JjN2M0YzAiOnsiY3JlYXRlIjoxMjAwMDAwMDAwMDAwLCJkZWxldGUiOjEyMDAwMDAwMDAwMDAsInJlYWQiOjYwMDAwMDAwMDAwMCwidXBkYXRlIjoxMjAwMDAwMDAwMDAwfX0=",
          "dependencies": [
            "module.automation-project.data.google_project.project",
            "module.automation-project.google_org_policy_policy.default",
            "module.automation-project.google_project.project"
          ]
        },
        {
          "index_key": "serviceusage.googleapis.com",
          "schema_version": 0,
          "attributes": {
            "disable_dependent_services": false,
            "disable_on_destroy": false,
            "id": "jp-prod-iac-core-0/serviceusage.googleapis.com",
            "project": "jp-prod-iac-core-0",
            "service": "serviceusage.googleapis.com",
            "timeouts": null
          },
          "sensitive_attributes": [],
          "private": "eyJlMmJmYjczMC1lY2FhLTExZTYtOGY4OC0zNDM2M2JjN2M0YzAiOnsiY3JlYXRlIjoxMjAwMDAwMDAwMDAwLCJkZWxldGUiOjEyMDAwMDAwMDAwMDAsInJlYWQiOjYwMDAwMDAwMDAwMCwidXBkYXRlIjoxMjAwMDAwMDAwMDAwfX0=",
          "dependencies": [
            "module.automation-project.data.google_project.project",
            "module.automation-project.google_org_policy_policy.default",
            "module.automation-project.google_project.project"
          ]
        },
        {
          "index_key": "stackdriver.googleapis.com",
          "schema_version": 0,
          "attributes": {
            "disable_dependent_services": false,
            "disable_on_destroy": false,
            "id": "jp-prod-iac-core-0/stackdriver.googleapis.com",
            "project": "jp-prod-iac-core-0",
            "service": "stackdriver.googleapis.com",
            "timeouts": null
          },
          "sensitive_attributes": [],
          "private": "eyJlMmJmYjczMC1lY2FhLTExZTYtOGY4OC0zNDM2M2JjN2M0YzAiOnsiY3JlYXRlIjoxMjAwMDAwMDAwMDAwLCJkZWxldGUiOjEyMDAwMDAwMDAwMDAsInJlYWQiOjYwMDAwMDAwMDAwMCwidXBkYXRlIjoxMjAwMDAwMDAwMDAwfX0=",
          "dependencies": [
            "module.automation-project.data.google_project.project",
            "module.automation-project.google_org_policy_policy.default",
            "module.automation-project.google_project.project"
          ]
        },
        {
          "index_key": "storage-component.googleapis.com",
          "schema_version": 0,
          "attributes": {
            "disable_dependent_services": false,
            "disable_on_destroy": false,
            "id": "jp-prod-iac-core-0/storage-component.googleapis.com",
            "project": "jp-prod-iac-core-0",
            "service": "storage-component.googleapis.com",
            "timeouts": null
          },
          "sensitive_attributes": [],
          "private": "eyJlMmJmYjczMC1lY2FhLTExZTYtOGY4OC0zNDM2M2JjN2M0YzAiOnsiY3JlYXRlIjoxMjAwMDAwMDAwMDAwLCJkZWxldGUiOjEyMDAwMDAwMDAwMDAsInJlYWQiOjYwMDAwMDAwMDAwMCwidXBkYXRlIjoxMjAwMDAwMDAwMDAwfX0=",
          "dependencies": [
            "module.automation-project.data.google_project.project",
            "module.automation-project.google_org_policy_policy.default",
            "module.automation-project.google_project.project"
          ]
        },
        {
          "index_key": "storage.googleapis.com",
          "schema_version": 0,
          "attributes": {
            "disable_dependent_services": false,
            "disable_on_destroy": false,
            "id": "jp-prod-iac-core-0/storage.googleapis.com",
            "project": "jp-prod-iac-core-0",
            "service": "storage.googleapis.com",
            "timeouts": null
          },
          "sensitive_attributes": [],
          "private": "eyJlMmJmYjczMC1lY2FhLTExZTYtOGY4OC0zNDM2M2JjN2M0YzAiOnsiY3JlYXRlIjoxMjAwMDAwMDAwMDAwLCJkZWxldGUiOjEyMDAwMDAwMDAwMDAsInJlYWQiOjYwMDAwMDAwMDAwMCwidXBkYXRlIjoxMjAwMDAwMDAwMDAwfX0=",
          "dependencies": [
            "module.automation-project.data.google_project.project",
            "module.automation-project.google_org_policy_policy.default",
            "module.automation-project.google_project.project"
          ]
        },
        {
          "index_key": "sts.googleapis.com",
          "schema_version": 0,
          "attributes": {
            "disable_dependent_services": false,
            "disable_on_destroy": false,
            "id": "jp-prod-iac-core-0/sts.googleapis.com",
            "project": "jp-prod-iac-core-0",
            "service": "sts.googleapis.com",
            "timeouts": null
          },
          "sensitive_attributes": [],
          "private": "eyJlMmJmYjczMC1lY2FhLTExZTYtOGY4OC0zNDM2M2JjN2M0YzAiOnsiY3JlYXRlIjoxMjAwMDAwMDAwMDAwLCJkZWxldGUiOjEyMDAwMDAwMDAwMDAsInJlYWQiOjYwMDAwMDAwMDAwMCwidXBkYXRlIjoxMjAwMDAwMDAwMDAwfX0=",
          "dependencies": [
            "module.automation-project.data.google_project.project",
            "module.automation-project.google_org_policy_policy.default",
            "module.automation-project.google_project.project"
          ]
        }
      ]
    },
    {
      "module": "module.automation-project",
      "mode": "managed",
      "type": "google_project_service_identity",
      "name": "default",
      "provider": "provider[\"registry.terraform.io/hashicorp/google-beta\"]",
      "instances": [
        {
          "index_key": "cloudasset.googleapis.com",
          "schema_version": 0,
          "attributes": {
            "email": "service-758326628060@gcp-sa-cloudasset.iam.gserviceaccount.com",
            "id": "projects/jp-prod-iac-core-0/services/cloudasset.googleapis.com",
            "member": "serviceAccount:service-758326628060@gcp-sa-cloudasset.iam.gserviceaccount.com",
            "project": "jp-prod-iac-core-0",
            "service": "cloudasset.googleapis.com",
            "timeouts": null
          },
          "sensitive_attributes": [],
          "private": "eyJlMmJmYjczMC1lY2FhLTExZTYtOGY4OC0zNDM2M2JjN2M0YzAiOnsiY3JlYXRlIjoxMjAwMDAwMDAwMDAwLCJkZWxldGUiOjEyMDAwMDAwMDAwMDAsInJlYWQiOjYwMDAwMDAwMDAwMH19",
          "dependencies": [
            "module.automation-project.data.google_project.project",
            "module.automation-project.google_org_policy_policy.default",
            "module.automation-project.google_project.project",
            "module.automation-project.google_project_service.project_services"
          ]
        },
        {
          "index_key": "cloudkms.googleapis.com",
          "schema_version": 0,
          "attributes": {
            "email": "service-758326628060@gcp-sa-ekms.iam.gserviceaccount.com",
            "id": "projects/jp-prod-iac-core-0/services/cloudkms.googleapis.com",
            "member": "serviceAccount:service-758326628060@gcp-sa-ekms.iam.gserviceaccount.com",
            "project": "jp-prod-iac-core-0",
            "service": "cloudkms.googleapis.com",
            "timeouts": null
          },
          "sensitive_attributes": [],
          "private": "eyJlMmJmYjczMC1lY2FhLTExZTYtOGY4OC0zNDM2M2JjN2M0YzAiOnsiY3JlYXRlIjoxMjAwMDAwMDAwMDAwLCJkZWxldGUiOjEyMDAwMDAwMDAwMDAsInJlYWQiOjYwMDAwMDAwMDAwMH19",
          "dependencies": [
            "module.automation-project.data.google_project.project",
            "module.automation-project.google_org_policy_policy.default",
            "module.automation-project.google_project.project",
            "module.automation-project.google_project_service.project_services"
          ]
        },
        {
          "index_key": "networksecurity.googleapis.com",
          "schema_version": 0,
          "attributes": {
            "email": "service-758326628060@gcp-sa-networksecurity.iam.gserviceaccount.com",
            "id": "projects/jp-prod-iac-core-0/services/networksecurity.googleapis.com",
            "member": "serviceAccount:service-758326628060@gcp-sa-networksecurity.iam.gserviceaccount.com",
            "project": "jp-prod-iac-core-0",
            "service": "networksecurity.googleapis.com",
            "timeouts": null
          },
          "sensitive_attributes": [],
          "private": "eyJlMmJmYjczMC1lY2FhLTExZTYtOGY4OC0zNDM2M2JjN2M0YzAiOnsiY3JlYXRlIjoxMjAwMDAwMDAwMDAwLCJkZWxldGUiOjEyMDAwMDAwMDAwMDAsInJlYWQiOjYwMDAwMDAwMDAwMH19",
          "dependencies": [
            "module.automation-project.data.google_project.project",
            "module.automation-project.google_org_policy_policy.default",
            "module.automation-project.google_project.project",
            "module.automation-project.google_project_service.project_services"
          ]
        },
        {
          "index_key": "pubsub.googleapis.com",
          "schema_version": 0,
          "attributes": {
            "email": "service-758326628060@gcp-sa-pubsub.iam.gserviceaccount.com",
            "id": "projects/jp-prod-iac-core-0/services/pubsub.googleapis.com",
            "member": "serviceAccount:service-758326628060@gcp-sa-pubsub.iam.gserviceaccount.com",
            "project": "jp-prod-iac-core-0",
            "service": "pubsub.googleapis.com",
            "timeouts": null
          },
          "sensitive_attributes": [],
          "private": "eyJlMmJmYjczMC1lY2FhLTExZTYtOGY4OC0zNDM2M2JjN2M0YzAiOnsiY3JlYXRlIjoxMjAwMDAwMDAwMDAwLCJkZWxldGUiOjEyMDAwMDAwMDAwMDAsInJlYWQiOjYwMDAwMDAwMDAwMH19",
          "dependencies": [
            "module.automation-project.data.google_project.project",
            "module.automation-project.google_org_policy_policy.default",
            "module.automation-project.google_project.project",
            "module.automation-project.google_project_service.project_services"
          ]
        },
        {
          "index_key": "servicenetworking.googleapis.com",
          "schema_version": 0,
          "attributes": {
            "email": "service-758326628060@service-networking.iam.gserviceaccount.com",
            "id": "projects/jp-prod-iac-core-0/services/servicenetworking.googleapis.com",
            "member": "serviceAccount:service-758326628060@service-networking.iam.gserviceaccount.com",
            "project": "jp-prod-iac-core-0",
            "service": "servicenetworking.googleapis.com",
            "timeouts": null
          },
          "sensitive_attributes": [],
          "private": "eyJlMmJmYjczMC1lY2FhLTExZTYtOGY4OC0zNDM2M2JjN2M0YzAiOnsiY3JlYXRlIjoxMjAwMDAwMDAwMDAwLCJkZWxldGUiOjEyMDAwMDAwMDAwMDAsInJlYWQiOjYwMDAwMDAwMDAwMH19",
          "dependencies": [
            "module.automation-project.data.google_project.project",
            "module.automation-project.google_org_policy_policy.default",
            "module.automation-project.google_project.project",
            "module.automation-project.google_project_service.project_services"
          ]
        }
      ]
    },
    {
      "module": "module.automation-tf-bootstrap-gcs",
      "mode": "managed",
      "type": "google_storage_bucket",
      "name": "bucket",
      "provider": "provider[\"registry.terraform.io/hashicorp/google\"]",
      "instances": [
        {
          "index_key": 0,
          "schema_version": 3,
          "attributes": {
            "autoclass": [],
            "cors": [],
            "custom_placement_config": [],
            "default_event_based_hold": false,
            "effective_labels": {
              "goog-terraform-provisioned": "true"
            },
            "enable_object_retention": false,
            "encryption": [],
            "force_destroy": false,
            "hierarchical_namespace": [
              {
                "enabled": false
              }
            ],
            "id": "jp-prod-iac-core-bootstrap-0",
            "labels": {},
            "lifecycle_rule": [],
            "location": "EU",
            "logging": [],
            "name": "jp-prod-iac-core-bootstrap-0",
            "project": "jp-prod-iac-core-0",
            "project_number": 758326628060,
            "public_access_prevention": "inherited",
            "requester_pays": false,
            "retention_policy": [],
            "rpo": "DEFAULT",
            "self_link": "https://www.googleapis.com/storage/v1/b/jp-prod-iac-core-bootstrap-0",
            "soft_delete_policy": [
              {
                "effective_time": "2025-04-10T19:26:24.906Z",
                "retention_duration_seconds": 604800
              }
            ],
            "storage_class": "STANDARD",
            "terraform_labels": {
              "goog-terraform-provisioned": "true"
            },
            "timeouts": null,
            "uniform_bucket_level_access": true,
            "url": "gs://jp-prod-iac-core-bootstrap-0",
            "versioning": [
              {
                "enabled": true
              }
            ],
            "website": []
          },
          "sensitive_attributes": [],
          "private": "eyJlMmJmYjczMC1lY2FhLTExZTYtOGY4OC0zNDM2M2JjN2M0YzAiOnsiY3JlYXRlIjo2MDAwMDAwMDAwMDAsInJlYWQiOjI0MDAwMDAwMDAwMCwidXBkYXRlIjoyNDAwMDAwMDAwMDB9LCJzY2hlbWFfdmVyc2lvbiI6IjMifQ==",
          "dependencies": [
            "module.automation-project.data.google_bigquery_default_service_account.bq_sa",
            "module.automation-project.data.google_project.project",
            "module.automation-project.data.google_storage_project_service_account.gcs_sa",
            "module.automation-project.google_access_context_manager_service_perimeter_dry_run_resource.default",
            "module.automation-project.google_access_context_manager_service_perimeter_resource.default",
            "module.automation-project.google_compute_shared_vpc_host_project.shared_vpc_host",
            "module.automation-project.google_compute_shared_vpc_service_project.service_projects",
            "module.automation-project.google_compute_shared_vpc_service_project.shared_vpc_service",
            "module.automation-project.google_kms_crypto_key_iam_member.service_agent_cmek",
            "module.automation-project.google_org_policy_policy.default",
            "module.automation-project.google_project.project",
            "module.automation-project.google_project_default_service_accounts.default_service_accounts",
            "module.automation-project.google_project_iam_member.service_agents",
            "module.automation-project.google_project_iam_member.shared_vpc_host_robots",
            "module.automation-project.google_project_service.project_services",
            "module.automation-project.google_project_service_identity.default",
            "module.automation-tf-bootstrap-r-sa.data.google_service_account.service_account",
            "module.automation-tf-bootstrap-r-sa.google_service_account.service_account",
            "module.automation-tf-bootstrap-sa.data.google_service_account.service_account",
            "module.automation-tf-bootstrap-sa.google_service_account.service_account",
            "module.automation-tf-resman-r-sa.data.google_service_account.service_account",
            "module.automation-tf-resman-r-sa.google_service_account.service_account",
            "module.automation-tf-resman-sa.data.google_service_account.service_account",
            "module.automation-tf-resman-sa.google_service_account.service_account",
            "module.automation-tf-vpcsc-r-sa.data.google_service_account.service_account",
            "module.automation-tf-vpcsc-r-sa.google_service_account.service_account",
            "module.automation-tf-vpcsc-sa.data.google_service_account.service_account",
            "module.automation-tf-vpcsc-sa.google_service_account.service_account",
            "module.log-export-dataset.google_bigquery_dataset.default",
            "module.log-export-dataset.google_bigquery_dataset_access.authorized_datasets",
            "module.log-export-dataset.google_bigquery_dataset_access.authorized_routines",
            "module.log-export-dataset.google_bigquery_dataset_access.authorized_views",
            "module.log-export-dataset.google_bigquery_dataset_access.domain",
            "module.log-export-dataset.google_bigquery_dataset_access.group_by_email",
            "module.log-export-dataset.google_bigquery_dataset_access.special_group",
            "module.log-export-dataset.google_bigquery_dataset_access.user_by_email",
            "module.log-export-dataset.google_bigquery_dataset_iam_binding.bindings",
            "module.log-export-dataset.google_bigquery_routine.default",
            "module.log-export-dataset.google_bigquery_table.default",
            "module.log-export-dataset.google_bigquery_table.materialized_view",
            "module.log-export-dataset.google_bigquery_table.views",
            "module.log-export-dataset.google_tags_location_tag_binding.binding",
            "module.log-export-gcs.google_pubsub_topic.topic",
            "module.log-export-gcs.google_pubsub_topic_iam_binding.binding",
            "module.log-export-gcs.google_storage_bucket.bucket",
            "module.log-export-gcs.google_storage_bucket_iam_binding.authoritative",
            "module.log-export-gcs.google_storage_bucket_iam_binding.bindings",
            "module.log-export-gcs.google_storage_bucket_iam_member.bindings",
            "module.log-export-gcs.google_storage_bucket_object.objects",
            "module.log-export-gcs.google_storage_managed_folder.folder",
            "module.log-export-gcs.google_storage_managed_folder_iam_binding.authoritative",
            "module.log-export-gcs.google_storage_managed_folder_iam_binding.bindings",
            "module.log-export-gcs.google_storage_managed_folder_iam_member.members",
            "module.log-export-gcs.google_storage_notification.notification",
            "module.log-export-gcs.google_tags_location_tag_binding.binding",
            "module.log-export-logbucket.google_logging_billing_account_bucket_config.bucket",
            "module.log-export-logbucket.google_logging_folder_bucket_config.bucket",
            "module.log-export-logbucket.google_logging_linked_dataset.dataset",
            "module.log-export-logbucket.google_logging_log_view.views",
            "module.log-export-logbucket.google_logging_log_view_iam_binding.authoritative",
            "module.log-export-logbucket.google_logging_log_view_iam_binding.bindings",
            "module.log-export-logbucket.google_logging_log_view_iam_member.members",
            "module.log-export-logbucket.google_logging_organization_bucket_config.bucket",
            "module.log-export-logbucket.google_logging_project_bucket_config.bucket",
            "module.log-export-logbucket.google_tags_tag_binding.binding",
            "module.log-export-project.data.google_bigquery_default_service_account.bq_sa",
            "module.log-export-project.data.google_project.project",
            "module.log-export-project.data.google_storage_project_service_account.gcs_sa",
            "module.log-export-project.google_access_context_manager_service_perimeter_dry_run_resource.default",
            "module.log-export-project.google_access_context_manager_service_perimeter_resource.default",
            "module.log-export-project.google_compute_shared_vpc_host_project.shared_vpc_host",
            "module.log-export-project.google_compute_shared_vpc_service_project.service_projects",
            "module.log-export-project.google_compute_shared_vpc_service_project.shared_vpc_service",
            "module.log-export-project.google_kms_crypto_key_iam_member.service_agent_cmek",
            "module.log-export-project.google_org_policy_policy.default",
            "module.log-export-project.google_project.project",
            "module.log-export-project.google_project_default_service_accounts.default_service_accounts",
            "module.log-export-project.google_project_iam_member.service_agents",
            "module.log-export-project.google_project_iam_member.shared_vpc_host_robots",
            "module.log-export-project.google_project_service.project_services",
            "module.log-export-project.google_project_service_identity.default",
            "module.log-export-pubsub.google_pubsub_schema.default",
            "module.log-export-pubsub.google_pubsub_subscription.default",
            "module.log-export-pubsub.google_pubsub_subscription_iam_binding.authoritative",
            "module.log-export-pubsub.google_pubsub_subscription_iam_binding.bindings",
            "module.log-export-pubsub.google_pubsub_subscription_iam_member.members",
            "module.log-export-pubsub.google_pubsub_topic.default",
            "module.log-export-pubsub.google_pubsub_topic_iam_binding.authoritative",
            "module.log-export-pubsub.google_pubsub_topic_iam_binding.bindings",
            "module.log-export-pubsub.google_pubsub_topic_iam_member.bindings",
            "module.organization-logging.google_bigquery_dataset_iam_member.bq-sinks-binding",
            "module.organization-logging.google_compute_firewall_policy_association.default",
            "module.organization-logging.google_essential_contacts_contact.contact",
            "module.organization-logging.google_logging_organization_exclusion.logging-exclusion",
            "module.organization-logging.google_logging_organization_settings.default",
            "module.organization-logging.google_logging_organization_sink.sink",
            "module.organization-logging.google_org_policy_custom_constraint.constraint",
            "module.organization-logging.google_org_policy_policy.default",
            "module.organization-logging.google_organization_iam_audit_config.default",
            "module.organization-logging.google_organization_iam_binding.authoritative",
            "module.organization-logging.google_organization_iam_binding.bindings",
            "module.organization-logging.google_organization_iam_custom_role.roles",
            "module.organization-logging.google_organization_iam_member.bindings",
            "module.organization-logging.google_project_iam_member.bucket-sinks-binding",
            "module.organization-logging.google_project_iam_member.project-sinks-binding",
            "module.organization-logging.google_pubsub_topic_iam_member.pubsub-sinks-binding",
            "module.organization-logging.google_storage_bucket_iam_member.storage-sinks-binding",
            "module.organization-logging.google_tags_tag_binding.binding",
            "module.organization-logging.google_tags_tag_key.default",
            "module.organization-logging.google_tags_tag_key_iam_binding.bindings",
            "module.organization-logging.google_tags_tag_key_iam_binding.default",
            "module.organization-logging.google_tags_tag_key_iam_member.bindings",
            "module.organization-logging.google_tags_tag_value.default",
            "module.organization-logging.google_tags_tag_value_iam_binding.bindings",
            "module.organization-logging.google_tags_tag_value_iam_binding.default",
            "module.organization-logging.google_tags_tag_value_iam_member.bindings",
            "module.organization.google_bigquery_dataset_iam_member.bq-sinks-binding",
            "module.organization.google_compute_firewall_policy_association.default",
            "module.organization.google_essential_contacts_contact.contact",
            "module.organization.google_logging_organization_exclusion.logging-exclusion",
            "module.organization.google_logging_organization_settings.default",
            "module.organization.google_logging_organization_sink.sink",
            "module.organization.google_org_policy_custom_constraint.constraint",
            "module.organization.google_org_policy_policy.default",
            "module.organization.google_organization_iam_audit_config.default",
            "module.organization.google_organization_iam_binding.authoritative",
            "module.organization.google_organization_iam_binding.bindings",
            "module.organization.google_organization_iam_custom_role.roles",
            "module.organization.google_organization_iam_member.bindings",
            "module.organization.google_project_iam_member.bucket-sinks-binding",
            "module.organization.google_project_iam_member.project-sinks-binding",
            "module.organization.google_pubsub_topic_iam_member.pubsub-sinks-binding",
            "module.organization.google_storage_bucket_iam_member.storage-sinks-binding",
            "module.organization.google_tags_tag_binding.binding",
            "module.organization.google_tags_tag_key.default",
            "module.organization.google_tags_tag_key_iam_binding.bindings",
            "module.organization.google_tags_tag_key_iam_binding.default",
            "module.organization.google_tags_tag_key_iam_member.bindings",
            "module.organization.google_tags_tag_value.default",
            "module.organization.google_tags_tag_value_iam_binding.bindings",
            "module.organization.google_tags_tag_value_iam_binding.default",
            "module.organization.google_tags_tag_value_iam_member.bindings"
          ]
        }
      ]
    },
    {
      "module": "module.automation-tf-bootstrap-r-sa",
      "mode": "managed",
      "type": "google_service_account",
      "name": "service_account",
      "provider": "provider[\"registry.terraform.io/hashicorp/google\"]",
      "instances": [
        {
          "index_key": 0,
          "schema_version": 0,
          "attributes": {
            "account_id": "jp-prod-bootstrap-0r",
            "create_ignore_already_exists": null,
            "description": "",
            "disabled": false,
            "display_name": "Terraform organization bootstrap service account (read-only).",
            "email": "jp-prod-bootstrap-0r@jp-prod-iac-core-0.iam.gserviceaccount.com",
            "id": "projects/jp-prod-iac-core-0/serviceAccounts/jp-prod-bootstrap-0r@jp-prod-iac-core-0.iam.gserviceaccount.com",
            "member": "serviceAccount:jp-prod-bootstrap-0r@jp-prod-iac-core-0.iam.gserviceaccount.com",
            "name": "projects/jp-prod-iac-core-0/serviceAccounts/jp-prod-bootstrap-0r@jp-prod-iac-core-0.iam.gserviceaccount.com",
            "project": "jp-prod-iac-core-0",
            "timeouts": null,
            "unique_id": "100191900473894707834"
          },
          "sensitive_attributes": [],
          "private": "eyJlMmJmYjczMC1lY2FhLTExZTYtOGY4OC0zNDM2M2JjN2M0YzAiOnsiY3JlYXRlIjozMDAwMDAwMDAwMDB9fQ==",
          "dependencies": [
            "module.automation-project.data.google_bigquery_default_service_account.bq_sa",
            "module.automation-project.data.google_project.project",
            "module.automation-project.data.google_storage_project_service_account.gcs_sa",
            "module.automation-project.google_access_context_manager_service_perimeter_dry_run_resource.default",
            "module.automation-project.google_access_context_manager_service_perimeter_resource.default",
            "module.automation-project.google_compute_shared_vpc_host_project.shared_vpc_host",
            "module.automation-project.google_compute_shared_vpc_service_project.service_projects",
            "module.automation-project.google_compute_shared_vpc_service_project.shared_vpc_service",
            "module.automation-project.google_kms_crypto_key_iam_member.service_agent_cmek",
            "module.automation-project.google_org_policy_policy.default",
            "module.automation-project.google_project.project",
            "module.automation-project.google_project_default_service_accounts.default_service_accounts",
            "module.automation-project.google_project_iam_member.service_agents",
            "module.automation-project.google_project_iam_member.shared_vpc_host_robots",
            "module.automation-project.google_project_service.project_services",
            "module.automation-project.google_project_service_identity.default"
          ]
        }
      ]
    },
    {
      "module": "module.automation-tf-bootstrap-sa",
      "mode": "managed",
      "type": "google_service_account",
      "name": "service_account",
      "provider": "provider[\"registry.terraform.io/hashicorp/google\"]",
      "instances": [
        {
          "index_key": 0,
          "schema_version": 0,
          "attributes": {
            "account_id": "jp-prod-bootstrap-0",
            "create_ignore_already_exists": null,
            "description": "",
            "disabled": false,
            "display_name": "Terraform organization bootstrap service account.",
            "email": "jp-prod-bootstrap-0@jp-prod-iac-core-0.iam.gserviceaccount.com",
            "id": "projects/jp-prod-iac-core-0/serviceAccounts/jp-prod-bootstrap-0@jp-prod-iac-core-0.iam.gserviceaccount.com",
            "member": "serviceAccount:jp-prod-bootstrap-0@jp-prod-iac-core-0.iam.gserviceaccount.com",
            "name": "projects/jp-prod-iac-core-0/serviceAccounts/jp-prod-bootstrap-0@jp-prod-iac-core-0.iam.gserviceaccount.com",
            "project": "jp-prod-iac-core-0",
            "timeouts": null,
            "unique_id": "113449028479712165580"
          },
          "sensitive_attributes": [],
          "private": "eyJlMmJmYjczMC1lY2FhLTExZTYtOGY4OC0zNDM2M2JjN2M0YzAiOnsiY3JlYXRlIjozMDAwMDAwMDAwMDB9fQ==",
          "dependencies": [
            "module.automation-project.data.google_bigquery_default_service_account.bq_sa",
            "module.automation-project.data.google_project.project",
            "module.automation-project.data.google_storage_project_service_account.gcs_sa",
            "module.automation-project.google_access_context_manager_service_perimeter_dry_run_resource.default",
            "module.automation-project.google_access_context_manager_service_perimeter_resource.default",
            "module.automation-project.google_compute_shared_vpc_host_project.shared_vpc_host",
            "module.automation-project.google_compute_shared_vpc_service_project.service_projects",
            "module.automation-project.google_compute_shared_vpc_service_project.shared_vpc_service",
            "module.automation-project.google_kms_crypto_key_iam_member.service_agent_cmek",
            "module.automation-project.google_org_policy_policy.default",
            "module.automation-project.google_project.project",
            "module.automation-project.google_project_default_service_accounts.default_service_accounts",
            "module.automation-project.google_project_iam_member.service_agents",
            "module.automation-project.google_project_iam_member.shared_vpc_host_robots",
            "module.automation-project.google_project_service.project_services",
            "module.automation-project.google_project_service_identity.default"
          ]
        }
      ]
    },
    {
      "module": "module.automation-tf-output-gcs",
      "mode": "managed",
      "type": "google_storage_bucket",
      "name": "bucket",
      "provider": "provider[\"registry.terraform.io/hashicorp/google\"]",
      "instances": [
        {
          "index_key": 0,
          "schema_version": 3,
          "attributes": {
            "autoclass": [],
            "cors": [],
            "custom_placement_config": [],
            "default_event_based_hold": false,
            "effective_labels": {
              "goog-terraform-provisioned": "true"
            },
            "enable_object_retention": false,
            "encryption": [],
            "force_destroy": false,
            "hierarchical_namespace": [
              {
                "enabled": false
              }
            ],
            "id": "jp-prod-iac-core-outputs-0",
            "labels": {},
            "lifecycle_rule": [],
            "location": "EU",
            "logging": [],
            "name": "jp-prod-iac-core-outputs-0",
            "project": "jp-prod-iac-core-0",
            "project_number": 758326628060,
            "public_access_prevention": "inherited",
            "requester_pays": false,
            "retention_policy": [],
            "rpo": "DEFAULT",
            "self_link": "https://www.googleapis.com/storage/v1/b/jp-prod-iac-core-outputs-0",
            "soft_delete_policy": [
              {
                "effective_time": "2025-04-10T19:26:25.827Z",
                "retention_duration_seconds": 604800
              }
            ],
            "storage_class": "STANDARD",
            "terraform_labels": {
              "goog-terraform-provisioned": "true"
            },
            "timeouts": null,
            "uniform_bucket_level_access": true,
            "url": "gs://jp-prod-iac-core-outputs-0",
            "versioning": [
              {
                "enabled": true
              }
            ],
            "website": []
          },
          "sensitive_attributes": [],
          "private": "eyJlMmJmYjczMC1lY2FhLTExZTYtOGY4OC0zNDM2M2JjN2M0YzAiOnsiY3JlYXRlIjo2MDAwMDAwMDAwMDAsInJlYWQiOjI0MDAwMDAwMDAwMCwidXBkYXRlIjoyNDAwMDAwMDAwMDB9LCJzY2hlbWFfdmVyc2lvbiI6IjMifQ==",
          "dependencies": [
            "module.automation-project.data.google_bigquery_default_service_account.bq_sa",
            "module.automation-project.data.google_project.project",
            "module.automation-project.data.google_storage_project_service_account.gcs_sa",
            "module.automation-project.google_access_context_manager_service_perimeter_dry_run_resource.default",
            "module.automation-project.google_access_context_manager_service_perimeter_resource.default",
            "module.automation-project.google_compute_shared_vpc_host_project.shared_vpc_host",
            "module.automation-project.google_compute_shared_vpc_service_project.service_projects",
            "module.automation-project.google_compute_shared_vpc_service_project.shared_vpc_service",
            "module.automation-project.google_kms_crypto_key_iam_member.service_agent_cmek",
            "module.automation-project.google_org_policy_policy.default",
            "module.automation-project.google_project.project",
            "module.automation-project.google_project_default_service_accounts.default_service_accounts",
            "module.automation-project.google_project_iam_member.service_agents",
            "module.automation-project.google_project_iam_member.shared_vpc_host_robots",
            "module.automation-project.google_project_service.project_services",
            "module.automation-project.google_project_service_identity.default",
            "module.automation-tf-bootstrap-r-sa.data.google_service_account.service_account",
            "module.automation-tf-bootstrap-r-sa.google_service_account.service_account",
            "module.automation-tf-bootstrap-sa.data.google_service_account.service_account",
            "module.automation-tf-bootstrap-sa.google_service_account.service_account",
            "module.automation-tf-resman-r-sa.data.google_service_account.service_account",
            "module.automation-tf-resman-r-sa.google_service_account.service_account",
            "module.automation-tf-resman-sa.data.google_service_account.service_account",
            "module.automation-tf-resman-sa.google_service_account.service_account",
            "module.automation-tf-vpcsc-r-sa.data.google_service_account.service_account",
            "module.automation-tf-vpcsc-r-sa.google_service_account.service_account",
            "module.automation-tf-vpcsc-sa.data.google_service_account.service_account",
            "module.automation-tf-vpcsc-sa.google_service_account.service_account",
            "module.log-export-dataset.google_bigquery_dataset.default",
            "module.log-export-dataset.google_bigquery_dataset_access.authorized_datasets",
            "module.log-export-dataset.google_bigquery_dataset_access.authorized_routines",
            "module.log-export-dataset.google_bigquery_dataset_access.authorized_views",
            "module.log-export-dataset.google_bigquery_dataset_access.domain",
            "module.log-export-dataset.google_bigquery_dataset_access.group_by_email",
            "module.log-export-dataset.google_bigquery_dataset_access.special_group",
            "module.log-export-dataset.google_bigquery_dataset_access.user_by_email",
            "module.log-export-dataset.google_bigquery_dataset_iam_binding.bindings",
            "module.log-export-dataset.google_bigquery_routine.default",
            "module.log-export-dataset.google_bigquery_table.default",
            "module.log-export-dataset.google_bigquery_table.materialized_view",
            "module.log-export-dataset.google_bigquery_table.views",
            "module.log-export-dataset.google_tags_location_tag_binding.binding",
            "module.log-export-gcs.google_pubsub_topic.topic",
            "module.log-export-gcs.google_pubsub_topic_iam_binding.binding",
            "module.log-export-gcs.google_storage_bucket.bucket",
            "module.log-export-gcs.google_storage_bucket_iam_binding.authoritative",
            "module.log-export-gcs.google_storage_bucket_iam_binding.bindings",
            "module.log-export-gcs.google_storage_bucket_iam_member.bindings",
            "module.log-export-gcs.google_storage_bucket_object.objects",
            "module.log-export-gcs.google_storage_managed_folder.folder",
            "module.log-export-gcs.google_storage_managed_folder_iam_binding.authoritative",
            "module.log-export-gcs.google_storage_managed_folder_iam_binding.bindings",
            "module.log-export-gcs.google_storage_managed_folder_iam_member.members",
            "module.log-export-gcs.google_storage_notification.notification",
            "module.log-export-gcs.google_tags_location_tag_binding.binding",
            "module.log-export-logbucket.google_logging_billing_account_bucket_config.bucket",
            "module.log-export-logbucket.google_logging_folder_bucket_config.bucket",
            "module.log-export-logbucket.google_logging_linked_dataset.dataset",
            "module.log-export-logbucket.google_logging_log_view.views",
            "module.log-export-logbucket.google_logging_log_view_iam_binding.authoritative",
            "module.log-export-logbucket.google_logging_log_view_iam_binding.bindings",
            "module.log-export-logbucket.google_logging_log_view_iam_member.members",
            "module.log-export-logbucket.google_logging_organization_bucket_config.bucket",
            "module.log-export-logbucket.google_logging_project_bucket_config.bucket",
            "module.log-export-logbucket.google_tags_tag_binding.binding",
            "module.log-export-project.data.google_bigquery_default_service_account.bq_sa",
            "module.log-export-project.data.google_project.project",
            "module.log-export-project.data.google_storage_project_service_account.gcs_sa",
            "module.log-export-project.google_access_context_manager_service_perimeter_dry_run_resource.default",
            "module.log-export-project.google_access_context_manager_service_perimeter_resource.default",
            "module.log-export-project.google_compute_shared_vpc_host_project.shared_vpc_host",
            "module.log-export-project.google_compute_shared_vpc_service_project.service_projects",
            "module.log-export-project.google_compute_shared_vpc_service_project.shared_vpc_service",
            "module.log-export-project.google_kms_crypto_key_iam_member.service_agent_cmek",
            "module.log-export-project.google_org_policy_policy.default",
            "module.log-export-project.google_project.project",
            "module.log-export-project.google_project_default_service_accounts.default_service_accounts",
            "module.log-export-project.google_project_iam_member.service_agents",
            "module.log-export-project.google_project_iam_member.shared_vpc_host_robots",
            "module.log-export-project.google_project_service.project_services",
            "module.log-export-project.google_project_service_identity.default",
            "module.log-export-pubsub.google_pubsub_schema.default",
            "module.log-export-pubsub.google_pubsub_subscription.default",
            "module.log-export-pubsub.google_pubsub_subscription_iam_binding.authoritative",
            "module.log-export-pubsub.google_pubsub_subscription_iam_binding.bindings",
            "module.log-export-pubsub.google_pubsub_subscription_iam_member.members",
            "module.log-export-pubsub.google_pubsub_topic.default",
            "module.log-export-pubsub.google_pubsub_topic_iam_binding.authoritative",
            "module.log-export-pubsub.google_pubsub_topic_iam_binding.bindings",
            "module.log-export-pubsub.google_pubsub_topic_iam_member.bindings",
            "module.organization-logging.google_bigquery_dataset_iam_member.bq-sinks-binding",
            "module.organization-logging.google_compute_firewall_policy_association.default",
            "module.organization-logging.google_essential_contacts_contact.contact",
            "module.organization-logging.google_logging_organization_exclusion.logging-exclusion",
            "module.organization-logging.google_logging_organization_settings.default",
            "module.organization-logging.google_logging_organization_sink.sink",
            "module.organization-logging.google_org_policy_custom_constraint.constraint",
            "module.organization-logging.google_org_policy_policy.default",
            "module.organization-logging.google_organization_iam_audit_config.default",
            "module.organization-logging.google_organization_iam_binding.authoritative",
            "module.organization-logging.google_organization_iam_binding.bindings",
            "module.organization-logging.google_organization_iam_custom_role.roles",
            "module.organization-logging.google_organization_iam_member.bindings",
            "module.organization-logging.google_project_iam_member.bucket-sinks-binding",
            "module.organization-logging.google_project_iam_member.project-sinks-binding",
            "module.organization-logging.google_pubsub_topic_iam_member.pubsub-sinks-binding",
            "module.organization-logging.google_storage_bucket_iam_member.storage-sinks-binding",
            "module.organization-logging.google_tags_tag_binding.binding",
            "module.organization-logging.google_tags_tag_key.default",
            "module.organization-logging.google_tags_tag_key_iam_binding.bindings",
            "module.organization-logging.google_tags_tag_key_iam_binding.default",
            "module.organization-logging.google_tags_tag_key_iam_member.bindings",
            "module.organization-logging.google_tags_tag_value.default",
            "module.organization-logging.google_tags_tag_value_iam_binding.bindings",
            "module.organization-logging.google_tags_tag_value_iam_binding.default",
            "module.organization-logging.google_tags_tag_value_iam_member.bindings",
            "module.organization.google_bigquery_dataset_iam_member.bq-sinks-binding",
            "module.organization.google_compute_firewall_policy_association.default",
            "module.organization.google_essential_contacts_contact.contact",
            "module.organization.google_logging_organization_exclusion.logging-exclusion",
            "module.organization.google_logging_organization_settings.default",
            "module.organization.google_logging_organization_sink.sink",
            "module.organization.google_org_policy_custom_constraint.constraint",
            "module.organization.google_org_policy_policy.default",
            "module.organization.google_organization_iam_audit_config.default",
            "module.organization.google_organization_iam_binding.authoritative",
            "module.organization.google_organization_iam_binding.bindings",
            "module.organization.google_organization_iam_custom_role.roles",
            "module.organization.google_organization_iam_member.bindings",
            "module.organization.google_project_iam_member.bucket-sinks-binding",
            "module.organization.google_project_iam_member.project-sinks-binding",
            "module.organization.google_pubsub_topic_iam_member.pubsub-sinks-binding",
            "module.organization.google_storage_bucket_iam_member.storage-sinks-binding",
            "module.organization.google_tags_tag_binding.binding",
            "module.organization.google_tags_tag_key.default",
            "module.organization.google_tags_tag_key_iam_binding.bindings",
            "module.organization.google_tags_tag_key_iam_binding.default",
            "module.organization.google_tags_tag_key_iam_member.bindings",
            "module.organization.google_tags_tag_value.default",
            "module.organization.google_tags_tag_value_iam_binding.bindings",
            "module.organization.google_tags_tag_value_iam_binding.default",
            "module.organization.google_tags_tag_value_iam_member.bindings"
          ]
        }
      ]
    },
    {
      "module": "module.automation-tf-resman-r-sa",
      "mode": "managed",
      "type": "google_service_account",
      "name": "service_account",
      "provider": "provider[\"registry.terraform.io/hashicorp/google\"]",
      "instances": [
        {
          "index_key": 0,
          "schema_version": 0,
          "attributes": {
            "account_id": "jp-prod-resman-0r",
            "create_ignore_already_exists": null,
            "description": "",
            "disabled": false,
            "display_name": "Terraform stage 1 resman service account (read-only).",
            "email": "jp-prod-resman-0r@jp-prod-iac-core-0.iam.gserviceaccount.com",
            "id": "projects/jp-prod-iac-core-0/serviceAccounts/jp-prod-resman-0r@jp-prod-iac-core-0.iam.gserviceaccount.com",
            "member": "serviceAccount:jp-prod-resman-0r@jp-prod-iac-core-0.iam.gserviceaccount.com",
            "name": "projects/jp-prod-iac-core-0/serviceAccounts/jp-prod-resman-0r@jp-prod-iac-core-0.iam.gserviceaccount.com",
            "project": "jp-prod-iac-core-0",
            "timeouts": null,
            "unique_id": "116009823155014754173"
          },
          "sensitive_attributes": [],
          "private": "eyJlMmJmYjczMC1lY2FhLTExZTYtOGY4OC0zNDM2M2JjN2M0YzAiOnsiY3JlYXRlIjozMDAwMDAwMDAwMDB9fQ==",
          "dependencies": [
            "module.automation-project.data.google_bigquery_default_service_account.bq_sa",
            "module.automation-project.data.google_project.project",
            "module.automation-project.data.google_storage_project_service_account.gcs_sa",
            "module.automation-project.google_access_context_manager_service_perimeter_dry_run_resource.default",
            "module.automation-project.google_access_context_manager_service_perimeter_resource.default",
            "module.automation-project.google_compute_shared_vpc_host_project.shared_vpc_host",
            "module.automation-project.google_compute_shared_vpc_service_project.service_projects",
            "module.automation-project.google_compute_shared_vpc_service_project.shared_vpc_service",
            "module.automation-project.google_kms_crypto_key_iam_member.service_agent_cmek",
            "module.automation-project.google_org_policy_policy.default",
            "module.automation-project.google_project.project",
            "module.automation-project.google_project_default_service_accounts.default_service_accounts",
            "module.automation-project.google_project_iam_member.service_agents",
            "module.automation-project.google_project_iam_member.shared_vpc_host_robots",
            "module.automation-project.google_project_service.project_services",
            "module.automation-project.google_project_service_identity.default"
          ]
        }
      ]
    },
    {
      "module": "module.automation-tf-resman-sa",
      "mode": "managed",
      "type": "google_service_account",
      "name": "service_account",
      "provider": "provider[\"registry.terraform.io/hashicorp/google\"]",
      "instances": [
        {
          "index_key": 0,
          "schema_version": 0,
          "attributes": {
            "account_id": "jp-prod-resman-0",
            "create_ignore_already_exists": null,
            "description": "",
            "disabled": false,
            "display_name": "Terraform stage 1 resman service account.",
            "email": "jp-prod-resman-0@jp-prod-iac-core-0.iam.gserviceaccount.com",
            "id": "projects/jp-prod-iac-core-0/serviceAccounts/jp-prod-resman-0@jp-prod-iac-core-0.iam.gserviceaccount.com",
            "member": "serviceAccount:jp-prod-resman-0@jp-prod-iac-core-0.iam.gserviceaccount.com",
            "name": "projects/jp-prod-iac-core-0/serviceAccounts/jp-prod-resman-0@jp-prod-iac-core-0.iam.gserviceaccount.com",
            "project": "jp-prod-iac-core-0",
            "timeouts": null,
            "unique_id": "101166762397686781318"
          },
          "sensitive_attributes": [],
          "private": "eyJlMmJmYjczMC1lY2FhLTExZTYtOGY4OC0zNDM2M2JjN2M0YzAiOnsiY3JlYXRlIjozMDAwMDAwMDAwMDB9fQ==",
          "dependencies": [
            "module.automation-project.data.google_bigquery_default_service_account.bq_sa",
            "module.automation-project.data.google_project.project",
            "module.automation-project.data.google_storage_project_service_account.gcs_sa",
            "module.automation-project.google_access_context_manager_service_perimeter_dry_run_resource.default",
            "module.automation-project.google_access_context_manager_service_perimeter_resource.default",
            "module.automation-project.google_compute_shared_vpc_host_project.shared_vpc_host",
            "module.automation-project.google_compute_shared_vpc_service_project.service_projects",
            "module.automation-project.google_compute_shared_vpc_service_project.shared_vpc_service",
            "module.automation-project.google_kms_crypto_key_iam_member.service_agent_cmek",
            "module.automation-project.google_org_policy_policy.default",
            "module.automation-project.google_project.project",
            "module.automation-project.google_project_default_service_accounts.default_service_accounts",
            "module.automation-project.google_project_iam_member.service_agents",
            "module.automation-project.google_project_iam_member.shared_vpc_host_robots",
            "module.automation-project.google_project_service.project_services",
            "module.automation-project.google_project_service_identity.default"
          ]
        }
      ]
    },
    {
      "module": "module.automation-tf-vpcsc-r-sa",
      "mode": "managed",
      "type": "google_service_account",
      "name": "service_account",
      "provider": "provider[\"registry.terraform.io/hashicorp/google\"]",
      "instances": [
        {
          "index_key": 0,
          "schema_version": 0,
          "attributes": {
            "account_id": "jp-prod-vpcsc-0r",
            "create_ignore_already_exists": null,
            "description": "",
            "disabled": false,
            "display_name": "Terraform stage 1 vpcsc service account (read-only).",
            "email": "jp-prod-vpcsc-0r@jp-prod-iac-core-0.iam.gserviceaccount.com",
            "id": "projects/jp-prod-iac-core-0/serviceAccounts/jp-prod-vpcsc-0r@jp-prod-iac-core-0.iam.gserviceaccount.com",
            "member": "serviceAccount:jp-prod-vpcsc-0r@jp-prod-iac-core-0.iam.gserviceaccount.com",
            "name": "projects/jp-prod-iac-core-0/serviceAccounts/jp-prod-vpcsc-0r@jp-prod-iac-core-0.iam.gserviceaccount.com",
            "project": "jp-prod-iac-core-0",
            "timeouts": null,
            "unique_id": "110062173024137335128"
          },
          "sensitive_attributes": [],
          "private": "eyJlMmJmYjczMC1lY2FhLTExZTYtOGY4OC0zNDM2M2JjN2M0YzAiOnsiY3JlYXRlIjozMDAwMDAwMDAwMDB9fQ==",
          "dependencies": [
            "module.automation-project.data.google_bigquery_default_service_account.bq_sa",
            "module.automation-project.data.google_project.project",
            "module.automation-project.data.google_storage_project_service_account.gcs_sa",
            "module.automation-project.google_access_context_manager_service_perimeter_dry_run_resource.default",
            "module.automation-project.google_access_context_manager_service_perimeter_resource.default",
            "module.automation-project.google_compute_shared_vpc_host_project.shared_vpc_host",
            "module.automation-project.google_compute_shared_vpc_service_project.service_projects",
            "module.automation-project.google_compute_shared_vpc_service_project.shared_vpc_service",
            "module.automation-project.google_kms_crypto_key_iam_member.service_agent_cmek",
            "module.automation-project.google_org_policy_policy.default",
            "module.automation-project.google_project.project",
            "module.automation-project.google_project_default_service_accounts.default_service_accounts",
            "module.automation-project.google_project_iam_member.service_agents",
            "module.automation-project.google_project_iam_member.shared_vpc_host_robots",
            "module.automation-project.google_project_service.project_services",
            "module.automation-project.google_project_service_identity.default"
          ]
        }
      ]
    },
    {
      "module": "module.automation-tf-vpcsc-sa",
      "mode": "managed",
      "type": "google_service_account",
      "name": "service_account",
      "provider": "provider[\"registry.terraform.io/hashicorp/google\"]",
      "instances": [
        {
          "index_key": 0,
          "schema_version": 0,
          "attributes": {
            "account_id": "jp-prod-vpcsc-0",
            "create_ignore_already_exists": null,
            "description": "",
            "disabled": false,
            "display_name": "Terraform stage 1 vpcsc service account.",
            "email": "jp-prod-vpcsc-0@jp-prod-iac-core-0.iam.gserviceaccount.com",
            "id": "projects/jp-prod-iac-core-0/serviceAccounts/jp-prod-vpcsc-0@jp-prod-iac-core-0.iam.gserviceaccount.com",
            "member": "serviceAccount:jp-prod-vpcsc-0@jp-prod-iac-core-0.iam.gserviceaccount.com",
            "name": "projects/jp-prod-iac-core-0/serviceAccounts/jp-prod-vpcsc-0@jp-prod-iac-core-0.iam.gserviceaccount.com",
            "project": "jp-prod-iac-core-0",
            "timeouts": null,
            "unique_id": "109144372132923330009"
          },
          "sensitive_attributes": [],
          "private": "eyJlMmJmYjczMC1lY2FhLTExZTYtOGY4OC0zNDM2M2JjN2M0YzAiOnsiY3JlYXRlIjozMDAwMDAwMDAwMDB9fQ==",
          "dependencies": [
            "module.automation-project.data.google_bigquery_default_service_account.bq_sa",
            "module.automation-project.data.google_project.project",
            "module.automation-project.data.google_storage_project_service_account.gcs_sa",
            "module.automation-project.google_access_context_manager_service_perimeter_dry_run_resource.default",
            "module.automation-project.google_access_context_manager_service_perimeter_resource.default",
            "module.automation-project.google_compute_shared_vpc_host_project.shared_vpc_host",
            "module.automation-project.google_compute_shared_vpc_service_project.service_projects",
            "module.automation-project.google_compute_shared_vpc_service_project.shared_vpc_service",
            "module.automation-project.google_kms_crypto_key_iam_member.service_agent_cmek",
            "module.automation-project.google_org_policy_policy.default",
            "module.automation-project.google_project.project",
            "module.automation-project.google_project_default_service_accounts.default_service_accounts",
            "module.automation-project.google_project_iam_member.service_agents",
            "module.automation-project.google_project_iam_member.shared_vpc_host_robots",
            "module.automation-project.google_project_service.project_services",
            "module.automation-project.google_project_service_identity.default"
          ]
        }
      ]
    },
    {
      "module": "module.log-export-logbucket[\"audit-logs\"]",
      "mode": "managed",
      "type": "google_logging_project_bucket_config",
      "name": "bucket",
      "provider": "provider[\"registry.terraform.io/hashicorp/google\"]",
      "instances": [
        {
          "index_key": 0,
          "schema_version": 0,
          "attributes": {
            "bucket_id": "audit-logs",
            "cmek_settings": [],
            "description": "",
            "enable_analytics": true,
            "id": "projects/jp-prod-audit-logs-0/locations/global/buckets/audit-logs",
            "index_configs": [],
            "lifecycle_state": "ACTIVE",
            "location": "global",
            "locked": false,
            "name": "projects/jp-prod-audit-logs-0/locations/global/buckets/audit-logs",
            "project": "jp-prod-audit-logs-0",
            "retention_days": 30
          },
          "sensitive_attributes": [],
          "private": "bnVsbA==",
          "dependencies": [
            "module.log-export-project.data.google_bigquery_default_service_account.bq_sa",
            "module.log-export-project.data.google_project.project",
            "module.log-export-project.data.google_storage_project_service_account.gcs_sa",
            "module.log-export-project.google_access_context_manager_service_perimeter_dry_run_resource.default",
            "module.log-export-project.google_access_context_manager_service_perimeter_resource.default",
            "module.log-export-project.google_compute_shared_vpc_host_project.shared_vpc_host",
            "module.log-export-project.google_compute_shared_vpc_service_project.service_projects",
            "module.log-export-project.google_compute_shared_vpc_service_project.shared_vpc_service",
            "module.log-export-project.google_kms_crypto_key_iam_member.service_agent_cmek",
            "module.log-export-project.google_org_policy_policy.default",
            "module.log-export-project.google_project.project",
            "module.log-export-project.google_project_default_service_accounts.default_service_accounts",
            "module.log-export-project.google_project_iam_member.service_agents",
            "module.log-export-project.google_project_iam_member.shared_vpc_host_robots",
            "module.log-export-project.google_project_service.project_services",
            "module.log-export-project.google_project_service_identity.default",
            "module.organization-logging.google_bigquery_dataset_iam_member.bq-sinks-binding",
            "module.organization-logging.google_compute_firewall_policy_association.default",
            "module.organization-logging.google_essential_contacts_contact.contact",
            "module.organization-logging.google_logging_organization_exclusion.logging-exclusion",
            "module.organization-logging.google_logging_organization_settings.default",
            "module.organization-logging.google_logging_organization_sink.sink",
            "module.organization-logging.google_org_policy_custom_constraint.constraint",
            "module.organization-logging.google_org_policy_policy.default",
            "module.organization-logging.google_organization_iam_audit_config.default",
            "module.organization-logging.google_organization_iam_binding.authoritative",
            "module.organization-logging.google_organization_iam_binding.bindings",
            "module.organization-logging.google_organization_iam_custom_role.roles",
            "module.organization-logging.google_organization_iam_member.bindings",
            "module.organization-logging.google_project_iam_member.bucket-sinks-binding",
            "module.organization-logging.google_project_iam_member.project-sinks-binding",
            "module.organization-logging.google_pubsub_topic_iam_member.pubsub-sinks-binding",
            "module.organization-logging.google_storage_bucket_iam_member.storage-sinks-binding",
            "module.organization-logging.google_tags_tag_binding.binding",
            "module.organization-logging.google_tags_tag_key.default",
            "module.organization-logging.google_tags_tag_key_iam_binding.bindings",
            "module.organization-logging.google_tags_tag_key_iam_binding.default",
            "module.organization-logging.google_tags_tag_key_iam_member.bindings",
            "module.organization-logging.google_tags_tag_value.default",
            "module.organization-logging.google_tags_tag_value_iam_binding.bindings",
            "module.organization-logging.google_tags_tag_value_iam_binding.default",
            "module.organization-logging.google_tags_tag_value_iam_member.bindings"
          ]
        }
      ]
    },
    {
      "module": "module.log-export-logbucket[\"iam\"]",
      "mode": "managed",
      "type": "google_logging_project_bucket_config",
      "name": "bucket",
      "provider": "provider[\"registry.terraform.io/hashicorp/google\"]",
      "instances": [
        {
          "index_key": 0,
          "schema_version": 0,
          "attributes": {
            "bucket_id": "iam",
            "cmek_settings": [],
            "description": "",
            "enable_analytics": true,
            "id": "projects/jp-prod-audit-logs-0/locations/global/buckets/iam",
            "index_configs": [],
            "lifecycle_state": "ACTIVE",
            "location": "global",
            "locked": false,
            "name": "projects/jp-prod-audit-logs-0/locations/global/buckets/iam",
            "project": "jp-prod-audit-logs-0",
            "retention_days": 30
          },
          "sensitive_attributes": [],
          "private": "bnVsbA==",
          "dependencies": [
            "module.log-export-project.data.google_bigquery_default_service_account.bq_sa",
            "module.log-export-project.data.google_project.project",
            "module.log-export-project.data.google_storage_project_service_account.gcs_sa",
            "module.log-export-project.google_access_context_manager_service_perimeter_dry_run_resource.default",
            "module.log-export-project.google_access_context_manager_service_perimeter_resource.default",
            "module.log-export-project.google_compute_shared_vpc_host_project.shared_vpc_host",
            "module.log-export-project.google_compute_shared_vpc_service_project.service_projects",
            "module.log-export-project.google_compute_shared_vpc_service_project.shared_vpc_service",
            "module.log-export-project.google_kms_crypto_key_iam_member.service_agent_cmek",
            "module.log-export-project.google_org_policy_policy.default",
            "module.log-export-project.google_project.project",
            "module.log-export-project.google_project_default_service_accounts.default_service_accounts",
            "module.log-export-project.google_project_iam_member.service_agents",
            "module.log-export-project.google_project_iam_member.shared_vpc_host_robots",
            "module.log-export-project.google_project_service.project_services",
            "module.log-export-project.google_project_service_identity.default",
            "module.organization-logging.google_bigquery_dataset_iam_member.bq-sinks-binding",
            "module.organization-logging.google_compute_firewall_policy_association.default",
            "module.organization-logging.google_essential_contacts_contact.contact",
            "module.organization-logging.google_logging_organization_exclusion.logging-exclusion",
            "module.organization-logging.google_logging_organization_settings.default",
            "module.organization-logging.google_logging_organization_sink.sink",
            "module.organization-logging.google_org_policy_custom_constraint.constraint",
            "module.organization-logging.google_org_policy_policy.default",
            "module.organization-logging.google_organization_iam_audit_config.default",
            "module.organization-logging.google_organization_iam_binding.authoritative",
            "module.organization-logging.google_organization_iam_binding.bindings",
            "module.organization-logging.google_organization_iam_custom_role.roles",
            "module.organization-logging.google_organization_iam_member.bindings",
            "module.organization-logging.google_project_iam_member.bucket-sinks-binding",
            "module.organization-logging.google_project_iam_member.project-sinks-binding",
            "module.organization-logging.google_pubsub_topic_iam_member.pubsub-sinks-binding",
            "module.organization-logging.google_storage_bucket_iam_member.storage-sinks-binding",
            "module.organization-logging.google_tags_tag_binding.binding",
            "module.organization-logging.google_tags_tag_key.default",
            "module.organization-logging.google_tags_tag_key_iam_binding.bindings",
            "module.organization-logging.google_tags_tag_key_iam_binding.default",
            "module.organization-logging.google_tags_tag_key_iam_member.bindings",
            "module.organization-logging.google_tags_tag_value.default",
            "module.organization-logging.google_tags_tag_value_iam_binding.bindings",
            "module.organization-logging.google_tags_tag_value_iam_binding.default",
            "module.organization-logging.google_tags_tag_value_iam_member.bindings"
          ]
        }
      ]
    },
    {
      "module": "module.log-export-logbucket[\"vpc-sc\"]",
      "mode": "managed",
      "type": "google_logging_project_bucket_config",
      "name": "bucket",
      "provider": "provider[\"registry.terraform.io/hashicorp/google\"]",
      "instances": [
        {
          "index_key": 0,
          "schema_version": 0,
          "attributes": {
            "bucket_id": "vpc-sc",
            "cmek_settings": [],
            "description": "",
            "enable_analytics": true,
            "id": "projects/jp-prod-audit-logs-0/locations/global/buckets/vpc-sc",
            "index_configs": [],
            "lifecycle_state": "ACTIVE",
            "location": "global",
            "locked": false,
            "name": "projects/jp-prod-audit-logs-0/locations/global/buckets/vpc-sc",
            "project": "jp-prod-audit-logs-0",
            "retention_days": 30
          },
          "sensitive_attributes": [],
          "private": "bnVsbA==",
          "dependencies": [
            "module.log-export-project.data.google_bigquery_default_service_account.bq_sa",
            "module.log-export-project.data.google_project.project",
            "module.log-export-project.data.google_storage_project_service_account.gcs_sa",
            "module.log-export-project.google_access_context_manager_service_perimeter_dry_run_resource.default",
            "module.log-export-project.google_access_context_manager_service_perimeter_resource.default",
            "module.log-export-project.google_compute_shared_vpc_host_project.shared_vpc_host",
            "module.log-export-project.google_compute_shared_vpc_service_project.service_projects",
            "module.log-export-project.google_compute_shared_vpc_service_project.shared_vpc_service",
            "module.log-export-project.google_kms_crypto_key_iam_member.service_agent_cmek",
            "module.log-export-project.google_org_policy_policy.default",
            "module.log-export-project.google_project.project",
            "module.log-export-project.google_project_default_service_accounts.default_service_accounts",
            "module.log-export-project.google_project_iam_member.service_agents",
            "module.log-export-project.google_project_iam_member.shared_vpc_host_robots",
            "module.log-export-project.google_project_service.project_services",
            "module.log-export-project.google_project_service_identity.default",
            "module.organization-logging.google_bigquery_dataset_iam_member.bq-sinks-binding",
            "module.organization-logging.google_compute_firewall_policy_association.default",
            "module.organization-logging.google_essential_contacts_contact.contact",
            "module.organization-logging.google_logging_organization_exclusion.logging-exclusion",
            "module.organization-logging.google_logging_organization_settings.default",
            "module.organization-logging.google_logging_organization_sink.sink",
            "module.organization-logging.google_org_policy_custom_constraint.constraint",
            "module.organization-logging.google_org_policy_policy.default",
            "module.organization-logging.google_organization_iam_audit_config.default",
            "module.organization-logging.google_organization_iam_binding.authoritative",
            "module.organization-logging.google_organization_iam_binding.bindings",
            "module.organization-logging.google_organization_iam_custom_role.roles",
            "module.organization-logging.google_organization_iam_member.bindings",
            "module.organization-logging.google_project_iam_member.bucket-sinks-binding",
            "module.organization-logging.google_project_iam_member.project-sinks-binding",
            "module.organization-logging.google_pubsub_topic_iam_member.pubsub-sinks-binding",
            "module.organization-logging.google_storage_bucket_iam_member.storage-sinks-binding",
            "module.organization-logging.google_tags_tag_binding.binding",
            "module.organization-logging.google_tags_tag_key.default",
            "module.organization-logging.google_tags_tag_key_iam_binding.bindings",
            "module.organization-logging.google_tags_tag_key_iam_binding.default",
            "module.organization-logging.google_tags_tag_key_iam_member.bindings",
            "module.organization-logging.google_tags_tag_value.default",
            "module.organization-logging.google_tags_tag_value_iam_binding.bindings",
            "module.organization-logging.google_tags_tag_value_iam_binding.default",
            "module.organization-logging.google_tags_tag_value_iam_member.bindings"
          ]
        }
      ]
    },
    {
      "module": "module.log-export-logbucket[\"workspace-audit-logs\"]",
      "mode": "managed",
      "type": "google_logging_project_bucket_config",
      "name": "bucket",
      "provider": "provider[\"registry.terraform.io/hashicorp/google\"]",
      "instances": [
        {
          "index_key": 0,
          "schema_version": 0,
          "attributes": {
            "bucket_id": "workspace-audit-logs",
            "cmek_settings": [],
            "description": "",
            "enable_analytics": true,
            "id": "projects/jp-prod-audit-logs-0/locations/global/buckets/workspace-audit-logs",
            "index_configs": [],
            "lifecycle_state": "ACTIVE",
            "location": "global",
            "locked": false,
            "name": "projects/jp-prod-audit-logs-0/locations/global/buckets/workspace-audit-logs",
            "project": "jp-prod-audit-logs-0",
            "retention_days": 30
          },
          "sensitive_attributes": [],
          "private": "bnVsbA==",
          "dependencies": [
            "module.log-export-project.data.google_bigquery_default_service_account.bq_sa",
            "module.log-export-project.data.google_project.project",
            "module.log-export-project.data.google_storage_project_service_account.gcs_sa",
            "module.log-export-project.google_access_context_manager_service_perimeter_dry_run_resource.default",
            "module.log-export-project.google_access_context_manager_service_perimeter_resource.default",
            "module.log-export-project.google_compute_shared_vpc_host_project.shared_vpc_host",
            "module.log-export-project.google_compute_shared_vpc_service_project.service_projects",
            "module.log-export-project.google_compute_shared_vpc_service_project.shared_vpc_service",
            "module.log-export-project.google_kms_crypto_key_iam_member.service_agent_cmek",
            "module.log-export-project.google_org_policy_policy.default",
            "module.log-export-project.google_project.project",
            "module.log-export-project.google_project_default_service_accounts.default_service_accounts",
            "module.log-export-project.google_project_iam_member.service_agents",
            "module.log-export-project.google_project_iam_member.shared_vpc_host_robots",
            "module.log-export-project.google_project_service.project_services",
            "module.log-export-project.google_project_service_identity.default",
            "module.organization-logging.google_bigquery_dataset_iam_member.bq-sinks-binding",
            "module.organization-logging.google_compute_firewall_policy_association.default",
            "module.organization-logging.google_essential_contacts_contact.contact",
            "module.organization-logging.google_logging_organization_exclusion.logging-exclusion",
            "module.organization-logging.google_logging_organization_settings.default",
            "module.organization-logging.google_logging_organization_sink.sink",
            "module.organization-logging.google_org_policy_custom_constraint.constraint",
            "module.organization-logging.google_org_policy_policy.default",
            "module.organization-logging.google_organization_iam_audit_config.default",
            "module.organization-logging.google_organization_iam_binding.authoritative",
            "module.organization-logging.google_organization_iam_binding.bindings",
            "module.organization-logging.google_organization_iam_custom_role.roles",
            "module.organization-logging.google_organization_iam_member.bindings",
            "module.organization-logging.google_project_iam_member.bucket-sinks-binding",
            "module.organization-logging.google_project_iam_member.project-sinks-binding",
            "module.organization-logging.google_pubsub_topic_iam_member.pubsub-sinks-binding",
            "module.organization-logging.google_storage_bucket_iam_member.storage-sinks-binding",
            "module.organization-logging.google_tags_tag_binding.binding",
            "module.organization-logging.google_tags_tag_key.default",
            "module.organization-logging.google_tags_tag_key_iam_binding.bindings",
            "module.organization-logging.google_tags_tag_key_iam_binding.default",
            "module.organization-logging.google_tags_tag_key_iam_member.bindings",
            "module.organization-logging.google_tags_tag_value.default",
            "module.organization-logging.google_tags_tag_value_iam_binding.bindings",
            "module.organization-logging.google_tags_tag_value_iam_binding.default",
            "module.organization-logging.google_tags_tag_value_iam_member.bindings"
          ]
        }
      ]
    },
    {
      "module": "module.log-export-project",
      "mode": "data",
      "type": "google_bigquery_default_service_account",
      "name": "bq_sa",
      "provider": "provider[\"registry.terraform.io/hashicorp/google\"]",
      "instances": [
        {
          "index_key": 0,
          "schema_version": 0,
          "attributes": {
            "email": "bq-728188391101@bigquery-encryption.iam.gserviceaccount.com",
            "id": "bq-728188391101@bigquery-encryption.iam.gserviceaccount.com",
            "member": "serviceAccount:bq-728188391101@bigquery-encryption.iam.gserviceaccount.com",
            "project": "jp-prod-audit-logs-0"
          },
          "sensitive_attributes": []
        }
      ]
    },
    {
      "module": "module.log-export-project",
      "mode": "data",
      "type": "google_storage_project_service_account",
      "name": "gcs_sa",
      "provider": "provider[\"registry.terraform.io/hashicorp/google\"]",
      "instances": [
        {
          "index_key": 0,
          "schema_version": 0,
          "attributes": {
            "email_address": "service-728188391101@gs-project-accounts.iam.gserviceaccount.com",
            "id": "service-728188391101@gs-project-accounts.iam.gserviceaccount.com",
            "member": "serviceAccount:service-728188391101@gs-project-accounts.iam.gserviceaccount.com",
            "project": "jp-prod-audit-logs-0",
            "user_project": null
          },
          "sensitive_attributes": []
        }
      ]
    },
    {
      "module": "module.log-export-project",
      "mode": "managed",
      "type": "google_project",
      "name": "project",
      "provider": "provider[\"registry.terraform.io/hashicorp/google\"]",
      "instances": [
        {
          "index_key": 0,
          "schema_version": 1,
          "attributes": {
            "auto_create_network": false,
            "billing_account": "0189FA-E139FD-136A58",
            "deletion_policy": "DELETE",
            "effective_labels": {
              "goog-terraform-provisioned": "true"
            },
            "folder_id": "",
            "id": "projects/jp-prod-audit-logs-0",
            "labels": {},
            "name": "jp-prod-audit-logs-0",
            "number": "728188391101",
            "org_id": "890114964408",
            "project_id": "jp-prod-audit-logs-0",
            "tags": null,
            "terraform_labels": {
              "goog-terraform-provisioned": "true"
            },
            "timeouts": null
          },
          "sensitive_attributes": [],
          "private": "eyJlMmJmYjczMC1lY2FhLTExZTYtOGY4OC0zNDM2M2JjN2M0YzAiOnsiY3JlYXRlIjo2MDAwMDAwMDAwMDAsImRlbGV0ZSI6NjAwMDAwMDAwMDAwLCJyZWFkIjo2MDAwMDAwMDAwMDAsInVwZGF0ZSI6NjAwMDAwMDAwMDAwfSwic2NoZW1hX3ZlcnNpb24iOiIxIn0="
        }
      ]
    },
    {
      "module": "module.log-export-project",
      "mode": "managed",
      "type": "google_project_service",
      "name": "project_services",
      "provider": "provider[\"registry.terraform.io/hashicorp/google\"]",
      "instances": [
        {
          "index_key": "bigquery.googleapis.com",
          "schema_version": 0,
          "attributes": {
            "disable_dependent_services": false,
            "disable_on_destroy": false,
            "id": "jp-prod-audit-logs-0/bigquery.googleapis.com",
            "project": "jp-prod-audit-logs-0",
            "service": "bigquery.googleapis.com",
            "timeouts": null
          },
          "sensitive_attributes": [],
          "private": "eyJlMmJmYjczMC1lY2FhLTExZTYtOGY4OC0zNDM2M2JjN2M0YzAiOnsiY3JlYXRlIjoxMjAwMDAwMDAwMDAwLCJkZWxldGUiOjEyMDAwMDAwMDAwMDAsInJlYWQiOjYwMDAwMDAwMDAwMCwidXBkYXRlIjoxMjAwMDAwMDAwMDAwfX0=",
          "dependencies": [
            "module.log-export-project.data.google_project.project",
            "module.log-export-project.google_org_policy_policy.default",
            "module.log-export-project.google_project.project"
          ]
        },
        {
          "index_key": "stackdriver.googleapis.com",
          "schema_version": 0,
          "attributes": {
            "disable_dependent_services": false,
            "disable_on_destroy": false,
            "id": "jp-prod-audit-logs-0/stackdriver.googleapis.com",
            "project": "jp-prod-audit-logs-0",
            "service": "stackdriver.googleapis.com",
            "timeouts": null
          },
          "sensitive_attributes": [],
          "private": "eyJlMmJmYjczMC1lY2FhLTExZTYtOGY4OC0zNDM2M2JjN2M0YzAiOnsiY3JlYXRlIjoxMjAwMDAwMDAwMDAwLCJkZWxldGUiOjEyMDAwMDAwMDAwMDAsInJlYWQiOjYwMDAwMDAwMDAwMCwidXBkYXRlIjoxMjAwMDAwMDAwMDAwfX0=",
          "dependencies": [
            "module.log-export-project.data.google_project.project",
            "module.log-export-project.google_org_policy_policy.default",
            "module.log-export-project.google_project.project"
          ]
        },
        {
          "index_key": "storage.googleapis.com",
          "schema_version": 0,
          "attributes": {
            "disable_dependent_services": false,
            "disable_on_destroy": false,
            "id": "jp-prod-audit-logs-0/storage.googleapis.com",
            "project": "jp-prod-audit-logs-0",
            "service": "storage.googleapis.com",
            "timeouts": null
          },
          "sensitive_attributes": [],
          "private": "eyJlMmJmYjczMC1lY2FhLTExZTYtOGY4OC0zNDM2M2JjN2M0YzAiOnsiY3JlYXRlIjoxMjAwMDAwMDAwMDAwLCJkZWxldGUiOjEyMDAwMDAwMDAwMDAsInJlYWQiOjYwMDAwMDAwMDAwMCwidXBkYXRlIjoxMjAwMDAwMDAwMDAwfX0=",
          "dependencies": [
            "module.log-export-project.data.google_project.project",
            "module.log-export-project.google_org_policy_policy.default",
            "module.log-export-project.google_project.project"
          ]
        }
      ]
    },
    {
      "module": "module.organization",
      "mode": "managed",
      "type": "google_logging_organization_sink",
      "name": "sink",
      "provider": "provider[\"registry.terraform.io/hashicorp/google\"]",
      "instances": [
        {
          "index_key": "audit-logs",
          "schema_version": 0,
          "attributes": {
            "bigquery_options": [],
            "description": "audit-logs (Terraform-managed).",
            "destination": "logging.googleapis.com/projects/jp-prod-audit-logs-0/locations/global/buckets/audit-logs",
            "disabled": false,
            "exclusions": [],
            "filter": "log_id(\"cloudaudit.googleapis.com/activity\") OR\nlog_id(\"cloudaudit.googleapis.com/system_event\") OR\nlog_id(\"cloudaudit.googleapis.com/policy\") OR\nlog_id(\"cloudaudit.googleapis.com/access_transparency\")",
            "id": "organizations/890114964408/sinks/audit-logs",
            "include_children": true,
            "intercept_children": false,
            "name": "audit-logs",
            "org_id": "890114964408",
            "writer_identity": "serviceAccount:service-org-890114964408@gcp-sa-logging.iam.gserviceaccount.com"
          },
          "sensitive_attributes": [],
          "private": "bnVsbA==",
          "dependencies": [
            "module.automation-project.data.google_bigquery_default_service_account.bq_sa",
            "module.automation-project.data.google_project.project",
            "module.automation-project.data.google_storage_project_service_account.gcs_sa",
            "module.automation-project.google_access_context_manager_service_perimeter_dry_run_resource.default",
            "module.automation-project.google_access_context_manager_service_perimeter_resource.default",
            "module.automation-project.google_compute_shared_vpc_host_project.shared_vpc_host",
            "module.automation-project.google_compute_shared_vpc_service_project.service_projects",
            "module.automation-project.google_compute_shared_vpc_service_project.shared_vpc_service",
            "module.automation-project.google_kms_crypto_key_iam_member.service_agent_cmek",
            "module.automation-project.google_org_policy_policy.default",
            "module.automation-project.google_project.project",
            "module.automation-project.google_project_default_service_accounts.default_service_accounts",
            "module.automation-project.google_project_iam_member.service_agents",
            "module.automation-project.google_project_iam_member.shared_vpc_host_robots",
            "module.automation-project.google_project_service.project_services",
            "module.automation-project.google_project_service_identity.default",
            "module.automation-tf-bootstrap-r-sa.data.google_service_account.service_account",
            "module.automation-tf-bootstrap-r-sa.google_service_account.service_account",
            "module.automation-tf-bootstrap-sa.data.google_service_account.service_account",
            "module.automation-tf-bootstrap-sa.google_service_account.service_account",
            "module.automation-tf-resman-r-sa.data.google_service_account.service_account",
            "module.automation-tf-resman-r-sa.google_service_account.service_account",
            "module.automation-tf-resman-sa.data.google_service_account.service_account",
            "module.automation-tf-resman-sa.google_service_account.service_account",
            "module.automation-tf-vpcsc-r-sa.data.google_service_account.service_account",
            "module.automation-tf-vpcsc-r-sa.google_service_account.service_account",
            "module.automation-tf-vpcsc-sa.data.google_service_account.service_account",
            "module.automation-tf-vpcsc-sa.google_service_account.service_account",
            "module.log-export-dataset.google_bigquery_dataset.default",
            "module.log-export-dataset.google_bigquery_dataset_access.authorized_datasets",
            "module.log-export-dataset.google_bigquery_dataset_access.authorized_routines",
            "module.log-export-dataset.google_bigquery_dataset_access.authorized_views",
            "module.log-export-dataset.google_bigquery_dataset_access.domain",
            "module.log-export-dataset.google_bigquery_dataset_access.group_by_email",
            "module.log-export-dataset.google_bigquery_dataset_access.special_group",
            "module.log-export-dataset.google_bigquery_dataset_access.user_by_email",
            "module.log-export-dataset.google_bigquery_dataset_iam_binding.bindings",
            "module.log-export-dataset.google_bigquery_routine.default",
            "module.log-export-dataset.google_bigquery_table.default",
            "module.log-export-dataset.google_bigquery_table.materialized_view",
            "module.log-export-dataset.google_bigquery_table.views",
            "module.log-export-dataset.google_tags_location_tag_binding.binding",
            "module.log-export-gcs.google_pubsub_topic.topic",
            "module.log-export-gcs.google_pubsub_topic_iam_binding.binding",
            "module.log-export-gcs.google_storage_bucket.bucket",
            "module.log-export-gcs.google_storage_bucket_iam_binding.authoritative",
            "module.log-export-gcs.google_storage_bucket_iam_binding.bindings",
            "module.log-export-gcs.google_storage_bucket_iam_member.bindings",
            "module.log-export-gcs.google_storage_bucket_object.objects",
            "module.log-export-gcs.google_storage_managed_folder.folder",
            "module.log-export-gcs.google_storage_managed_folder_iam_binding.authoritative",
            "module.log-export-gcs.google_storage_managed_folder_iam_binding.bindings",
            "module.log-export-gcs.google_storage_managed_folder_iam_member.members",
            "module.log-export-gcs.google_storage_notification.notification",
            "module.log-export-gcs.google_tags_location_tag_binding.binding",
            "module.log-export-logbucket.google_logging_billing_account_bucket_config.bucket",
            "module.log-export-logbucket.google_logging_folder_bucket_config.bucket",
            "module.log-export-logbucket.google_logging_linked_dataset.dataset",
            "module.log-export-logbucket.google_logging_log_view.views",
            "module.log-export-logbucket.google_logging_log_view_iam_binding.authoritative",
            "module.log-export-logbucket.google_logging_log_view_iam_binding.bindings",
            "module.log-export-logbucket.google_logging_log_view_iam_member.members",
            "module.log-export-logbucket.google_logging_organization_bucket_config.bucket",
            "module.log-export-logbucket.google_logging_project_bucket_config.bucket",
            "module.log-export-logbucket.google_tags_tag_binding.binding",
            "module.log-export-project.data.google_bigquery_default_service_account.bq_sa",
            "module.log-export-project.data.google_project.project",
            "module.log-export-project.data.google_storage_project_service_account.gcs_sa",
            "module.log-export-project.google_access_context_manager_service_perimeter_dry_run_resource.default",
            "module.log-export-project.google_access_context_manager_service_perimeter_resource.default",
            "module.log-export-project.google_compute_shared_vpc_host_project.shared_vpc_host",
            "module.log-export-project.google_compute_shared_vpc_service_project.service_projects",
            "module.log-export-project.google_compute_shared_vpc_service_project.shared_vpc_service",
            "module.log-export-project.google_kms_crypto_key_iam_member.service_agent_cmek",
            "module.log-export-project.google_org_policy_policy.default",
            "module.log-export-project.google_project.project",
            "module.log-export-project.google_project_default_service_accounts.default_service_accounts",
            "module.log-export-project.google_project_iam_member.service_agents",
            "module.log-export-project.google_project_iam_member.shared_vpc_host_robots",
            "module.log-export-project.google_project_service.project_services",
            "module.log-export-project.google_project_service_identity.default",
            "module.log-export-pubsub.google_pubsub_schema.default",
            "module.log-export-pubsub.google_pubsub_subscription.default",
            "module.log-export-pubsub.google_pubsub_subscription_iam_binding.authoritative",
            "module.log-export-pubsub.google_pubsub_subscription_iam_binding.bindings",
            "module.log-export-pubsub.google_pubsub_subscription_iam_member.members",
            "module.log-export-pubsub.google_pubsub_topic.default",
            "module.log-export-pubsub.google_pubsub_topic_iam_binding.authoritative",
            "module.log-export-pubsub.google_pubsub_topic_iam_binding.bindings",
            "module.log-export-pubsub.google_pubsub_topic_iam_member.bindings",
            "module.organization-logging.google_bigquery_dataset_iam_member.bq-sinks-binding",
            "module.organization-logging.google_compute_firewall_policy_association.default",
            "module.organization-logging.google_essential_contacts_contact.contact",
            "module.organization-logging.google_logging_organization_exclusion.logging-exclusion",
            "module.organization-logging.google_logging_organization_settings.default",
            "module.organization-logging.google_logging_organization_sink.sink",
            "module.organization-logging.google_org_policy_custom_constraint.constraint",
            "module.organization-logging.google_org_policy_policy.default",
            "module.organization-logging.google_organization_iam_audit_config.default",
            "module.organization-logging.google_organization_iam_binding.authoritative",
            "module.organization-logging.google_organization_iam_binding.bindings",
            "module.organization-logging.google_organization_iam_custom_role.roles",
            "module.organization-logging.google_organization_iam_member.bindings",
            "module.organization-logging.google_project_iam_member.bucket-sinks-binding",
            "module.organization-logging.google_project_iam_member.project-sinks-binding",
            "module.organization-logging.google_pubsub_topic_iam_member.pubsub-sinks-binding",
            "module.organization-logging.google_storage_bucket_iam_member.storage-sinks-binding",
            "module.organization-logging.google_tags_tag_binding.binding",
            "module.organization-logging.google_tags_tag_key.default",
            "module.organization-logging.google_tags_tag_key_iam_binding.bindings",
            "module.organization-logging.google_tags_tag_key_iam_binding.default",
            "module.organization-logging.google_tags_tag_key_iam_member.bindings",
            "module.organization-logging.google_tags_tag_value.default",
            "module.organization-logging.google_tags_tag_value_iam_binding.bindings",
            "module.organization-logging.google_tags_tag_value_iam_binding.default",
            "module.organization-logging.google_tags_tag_value_iam_member.bindings",
            "module.organization.google_organization_iam_binding.authoritative",
            "module.organization.google_organization_iam_binding.bindings",
            "module.organization.google_organization_iam_custom_role.roles",
            "module.organization.google_organization_iam_member.bindings"
          ]
        },
        {
          "index_key": "iam",
          "schema_version": 0,
          "attributes": {
            "bigquery_options": [],
            "description": "iam (Terraform-managed).",
            "destination": "logging.googleapis.com/projects/jp-prod-audit-logs-0/locations/global/buckets/iam",
            "disabled": false,
            "exclusions": [],
            "filter": "protoPayload.serviceName=\"iamcredentials.googleapis.com\" OR\nprotoPayload.serviceName=\"iam.googleapis.com\" OR\nprotoPayload.serviceName=\"sts.googleapis.com\"",
            "id": "organizations/890114964408/sinks/iam",
            "include_children": true,
            "intercept_children": false,
            "name": "iam",
            "org_id": "890114964408",
            "writer_identity": "serviceAccount:service-org-890114964408@gcp-sa-logging.iam.gserviceaccount.com"
          },
          "sensitive_attributes": [],
          "private": "bnVsbA==",
          "dependencies": [
            "module.automation-project.data.google_bigquery_default_service_account.bq_sa",
            "module.automation-project.data.google_project.project",
            "module.automation-project.data.google_storage_project_service_account.gcs_sa",
            "module.automation-project.google_access_context_manager_service_perimeter_dry_run_resource.default",
            "module.automation-project.google_access_context_manager_service_perimeter_resource.default",
            "module.automation-project.google_compute_shared_vpc_host_project.shared_vpc_host",
            "module.automation-project.google_compute_shared_vpc_service_project.service_projects",
            "module.automation-project.google_compute_shared_vpc_service_project.shared_vpc_service",
            "module.automation-project.google_kms_crypto_key_iam_member.service_agent_cmek",
            "module.automation-project.google_org_policy_policy.default",
            "module.automation-project.google_project.project",
            "module.automation-project.google_project_default_service_accounts.default_service_accounts",
            "module.automation-project.google_project_iam_member.service_agents",
            "module.automation-project.google_project_iam_member.shared_vpc_host_robots",
            "module.automation-project.google_project_service.project_services",
            "module.automation-project.google_project_service_identity.default",
            "module.automation-tf-bootstrap-r-sa.data.google_service_account.service_account",
            "module.automation-tf-bootstrap-r-sa.google_service_account.service_account",
            "module.automation-tf-bootstrap-sa.data.google_service_account.service_account",
            "module.automation-tf-bootstrap-sa.google_service_account.service_account",
            "module.automation-tf-resman-r-sa.data.google_service_account.service_account",
            "module.automation-tf-resman-r-sa.google_service_account.service_account",
            "module.automation-tf-resman-sa.data.google_service_account.service_account",
            "module.automation-tf-resman-sa.google_service_account.service_account",
            "module.automation-tf-vpcsc-r-sa.data.google_service_account.service_account",
            "module.automation-tf-vpcsc-r-sa.google_service_account.service_account",
            "module.automation-tf-vpcsc-sa.data.google_service_account.service_account",
            "module.automation-tf-vpcsc-sa.google_service_account.service_account",
            "module.log-export-dataset.google_bigquery_dataset.default",
            "module.log-export-dataset.google_bigquery_dataset_access.authorized_datasets",
            "module.log-export-dataset.google_bigquery_dataset_access.authorized_routines",
            "module.log-export-dataset.google_bigquery_dataset_access.authorized_views",
            "module.log-export-dataset.google_bigquery_dataset_access.domain",
            "module.log-export-dataset.google_bigquery_dataset_access.group_by_email",
            "module.log-export-dataset.google_bigquery_dataset_access.special_group",
            "module.log-export-dataset.google_bigquery_dataset_access.user_by_email",
            "module.log-export-dataset.google_bigquery_dataset_iam_binding.bindings",
            "module.log-export-dataset.google_bigquery_routine.default",
            "module.log-export-dataset.google_bigquery_table.default",
            "module.log-export-dataset.google_bigquery_table.materialized_view",
            "module.log-export-dataset.google_bigquery_table.views",
            "module.log-export-dataset.google_tags_location_tag_binding.binding",
            "module.log-export-gcs.google_pubsub_topic.topic",
            "module.log-export-gcs.google_pubsub_topic_iam_binding.binding",
            "module.log-export-gcs.google_storage_bucket.bucket",
            "module.log-export-gcs.google_storage_bucket_iam_binding.authoritative",
            "module.log-export-gcs.google_storage_bucket_iam_binding.bindings",
            "module.log-export-gcs.google_storage_bucket_iam_member.bindings",
            "module.log-export-gcs.google_storage_bucket_object.objects",
            "module.log-export-gcs.google_storage_managed_folder.folder",
            "module.log-export-gcs.google_storage_managed_folder_iam_binding.authoritative",
            "module.log-export-gcs.google_storage_managed_folder_iam_binding.bindings",
            "module.log-export-gcs.google_storage_managed_folder_iam_member.members",
            "module.log-export-gcs.google_storage_notification.notification",
            "module.log-export-gcs.google_tags_location_tag_binding.binding",
            "module.log-export-logbucket.google_logging_billing_account_bucket_config.bucket",
            "module.log-export-logbucket.google_logging_folder_bucket_config.bucket",
            "module.log-export-logbucket.google_logging_linked_dataset.dataset",
            "module.log-export-logbucket.google_logging_log_view.views",
            "module.log-export-logbucket.google_logging_log_view_iam_binding.authoritative",
            "module.log-export-logbucket.google_logging_log_view_iam_binding.bindings",
            "module.log-export-logbucket.google_logging_log_view_iam_member.members",
            "module.log-export-logbucket.google_logging_organization_bucket_config.bucket",
            "module.log-export-logbucket.google_logging_project_bucket_config.bucket",
            "module.log-export-logbucket.google_tags_tag_binding.binding",
            "module.log-export-project.data.google_bigquery_default_service_account.bq_sa",
            "module.log-export-project.data.google_project.project",
            "module.log-export-project.data.google_storage_project_service_account.gcs_sa",
            "module.log-export-project.google_access_context_manager_service_perimeter_dry_run_resource.default",
            "module.log-export-project.google_access_context_manager_service_perimeter_resource.default",
            "module.log-export-project.google_compute_shared_vpc_host_project.shared_vpc_host",
            "module.log-export-project.google_compute_shared_vpc_service_project.service_projects",
            "module.log-export-project.google_compute_shared_vpc_service_project.shared_vpc_service",
            "module.log-export-project.google_kms_crypto_key_iam_member.service_agent_cmek",
            "module.log-export-project.google_org_policy_policy.default",
            "module.log-export-project.google_project.project",
            "module.log-export-project.google_project_default_service_accounts.default_service_accounts",
            "module.log-export-project.google_project_iam_member.service_agents",
            "module.log-export-project.google_project_iam_member.shared_vpc_host_robots",
            "module.log-export-project.google_project_service.project_services",
            "module.log-export-project.google_project_service_identity.default",
            "module.log-export-pubsub.google_pubsub_schema.default",
            "module.log-export-pubsub.google_pubsub_subscription.default",
            "module.log-export-pubsub.google_pubsub_subscription_iam_binding.authoritative",
            "module.log-export-pubsub.google_pubsub_subscription_iam_binding.bindings",
            "module.log-export-pubsub.google_pubsub_subscription_iam_member.members",
            "module.log-export-pubsub.google_pubsub_topic.default",
            "module.log-export-pubsub.google_pubsub_topic_iam_binding.authoritative",
            "module.log-export-pubsub.google_pubsub_topic_iam_binding.bindings",
            "module.log-export-pubsub.google_pubsub_topic_iam_member.bindings",
            "module.organization-logging.google_bigquery_dataset_iam_member.bq-sinks-binding",
            "module.organization-logging.google_compute_firewall_policy_association.default",
            "module.organization-logging.google_essential_contacts_contact.contact",
            "module.organization-logging.google_logging_organization_exclusion.logging-exclusion",
            "module.organization-logging.google_logging_organization_settings.default",
            "module.organization-logging.google_logging_organization_sink.sink",
            "module.organization-logging.google_org_policy_custom_constraint.constraint",
            "module.organization-logging.google_org_policy_policy.default",
            "module.organization-logging.google_organization_iam_audit_config.default",
            "module.organization-logging.google_organization_iam_binding.authoritative",
            "module.organization-logging.google_organization_iam_binding.bindings",
            "module.organization-logging.google_organization_iam_custom_role.roles",
            "module.organization-logging.google_organization_iam_member.bindings",
            "module.organization-logging.google_project_iam_member.bucket-sinks-binding",
            "module.organization-logging.google_project_iam_member.project-sinks-binding",
            "module.organization-logging.google_pubsub_topic_iam_member.pubsub-sinks-binding",
            "module.organization-logging.google_storage_bucket_iam_member.storage-sinks-binding",
            "module.organization-logging.google_tags_tag_binding.binding",
            "module.organization-logging.google_tags_tag_key.default",
            "module.organization-logging.google_tags_tag_key_iam_binding.bindings",
            "module.organization-logging.google_tags_tag_key_iam_binding.default",
            "module.organization-logging.google_tags_tag_key_iam_member.bindings",
            "module.organization-logging.google_tags_tag_value.default",
            "module.organization-logging.google_tags_tag_value_iam_binding.bindings",
            "module.organization-logging.google_tags_tag_value_iam_binding.default",
            "module.organization-logging.google_tags_tag_value_iam_member.bindings",
            "module.organization.google_organization_iam_binding.authoritative",
            "module.organization.google_organization_iam_binding.bindings",
            "module.organization.google_organization_iam_custom_role.roles",
            "module.organization.google_organization_iam_member.bindings"
          ]
        },
        {
          "index_key": "vpc-sc",
          "schema_version": 0,
          "attributes": {
            "bigquery_options": [],
            "description": "vpc-sc (Terraform-managed).",
            "destination": "logging.googleapis.com/projects/jp-prod-audit-logs-0/locations/global/buckets/vpc-sc",
            "disabled": false,
            "exclusions": [],
            "filter": "protoPayload.metadata.@type=\"type.googleapis.com/google.cloud.audit.VpcServiceControlAuditMetadata\"",
            "id": "organizations/890114964408/sinks/vpc-sc",
            "include_children": true,
            "intercept_children": false,
            "name": "vpc-sc",
            "org_id": "890114964408",
            "writer_identity": "serviceAccount:service-org-890114964408@gcp-sa-logging.iam.gserviceaccount.com"
          },
          "sensitive_attributes": [],
          "private": "bnVsbA==",
          "dependencies": [
            "module.automation-project.data.google_bigquery_default_service_account.bq_sa",
            "module.automation-project.data.google_project.project",
            "module.automation-project.data.google_storage_project_service_account.gcs_sa",
            "module.automation-project.google_access_context_manager_service_perimeter_dry_run_resource.default",
            "module.automation-project.google_access_context_manager_service_perimeter_resource.default",
            "module.automation-project.google_compute_shared_vpc_host_project.shared_vpc_host",
            "module.automation-project.google_compute_shared_vpc_service_project.service_projects",
            "module.automation-project.google_compute_shared_vpc_service_project.shared_vpc_service",
            "module.automation-project.google_kms_crypto_key_iam_member.service_agent_cmek",
            "module.automation-project.google_org_policy_policy.default",
            "module.automation-project.google_project.project",
            "module.automation-project.google_project_default_service_accounts.default_service_accounts",
            "module.automation-project.google_project_iam_member.service_agents",
            "module.automation-project.google_project_iam_member.shared_vpc_host_robots",
            "module.automation-project.google_project_service.project_services",
            "module.automation-project.google_project_service_identity.default",
            "module.automation-tf-bootstrap-r-sa.data.google_service_account.service_account",
            "module.automation-tf-bootstrap-r-sa.google_service_account.service_account",
            "module.automation-tf-bootstrap-sa.data.google_service_account.service_account",
            "module.automation-tf-bootstrap-sa.google_service_account.service_account",
            "module.automation-tf-resman-r-sa.data.google_service_account.service_account",
            "module.automation-tf-resman-r-sa.google_service_account.service_account",
            "module.automation-tf-resman-sa.data.google_service_account.service_account",
            "module.automation-tf-resman-sa.google_service_account.service_account",
            "module.automation-tf-vpcsc-r-sa.data.google_service_account.service_account",
            "module.automation-tf-vpcsc-r-sa.google_service_account.service_account",
            "module.automation-tf-vpcsc-sa.data.google_service_account.service_account",
            "module.automation-tf-vpcsc-sa.google_service_account.service_account",
            "module.log-export-dataset.google_bigquery_dataset.default",
            "module.log-export-dataset.google_bigquery_dataset_access.authorized_datasets",
            "module.log-export-dataset.google_bigquery_dataset_access.authorized_routines",
            "module.log-export-dataset.google_bigquery_dataset_access.authorized_views",
            "module.log-export-dataset.google_bigquery_dataset_access.domain",
            "module.log-export-dataset.google_bigquery_dataset_access.group_by_email",
            "module.log-export-dataset.google_bigquery_dataset_access.special_group",
            "module.log-export-dataset.google_bigquery_dataset_access.user_by_email",
            "module.log-export-dataset.google_bigquery_dataset_iam_binding.bindings",
            "module.log-export-dataset.google_bigquery_routine.default",
            "module.log-export-dataset.google_bigquery_table.default",
            "module.log-export-dataset.google_bigquery_table.materialized_view",
            "module.log-export-dataset.google_bigquery_table.views",
            "module.log-export-dataset.google_tags_location_tag_binding.binding",
            "module.log-export-gcs.google_pubsub_topic.topic",
            "module.log-export-gcs.google_pubsub_topic_iam_binding.binding",
            "module.log-export-gcs.google_storage_bucket.bucket",
            "module.log-export-gcs.google_storage_bucket_iam_binding.authoritative",
            "module.log-export-gcs.google_storage_bucket_iam_binding.bindings",
            "module.log-export-gcs.google_storage_bucket_iam_member.bindings",
            "module.log-export-gcs.google_storage_bucket_object.objects",
            "module.log-export-gcs.google_storage_managed_folder.folder",
            "module.log-export-gcs.google_storage_managed_folder_iam_binding.authoritative",
            "module.log-export-gcs.google_storage_managed_folder_iam_binding.bindings",
            "module.log-export-gcs.google_storage_managed_folder_iam_member.members",
            "module.log-export-gcs.google_storage_notification.notification",
            "module.log-export-gcs.google_tags_location_tag_binding.binding",
            "module.log-export-logbucket.google_logging_billing_account_bucket_config.bucket",
            "module.log-export-logbucket.google_logging_folder_bucket_config.bucket",
            "module.log-export-logbucket.google_logging_linked_dataset.dataset",
            "module.log-export-logbucket.google_logging_log_view.views",
            "module.log-export-logbucket.google_logging_log_view_iam_binding.authoritative",
            "module.log-export-logbucket.google_logging_log_view_iam_binding.bindings",
            "module.log-export-logbucket.google_logging_log_view_iam_member.members",
            "module.log-export-logbucket.google_logging_organization_bucket_config.bucket",
            "module.log-export-logbucket.google_logging_project_bucket_config.bucket",
            "module.log-export-logbucket.google_tags_tag_binding.binding",
            "module.log-export-project.data.google_bigquery_default_service_account.bq_sa",
            "module.log-export-project.data.google_project.project",
            "module.log-export-project.data.google_storage_project_service_account.gcs_sa",
            "module.log-export-project.google_access_context_manager_service_perimeter_dry_run_resource.default",
            "module.log-export-project.google_access_context_manager_service_perimeter_resource.default",
            "module.log-export-project.google_compute_shared_vpc_host_project.shared_vpc_host",
            "module.log-export-project.google_compute_shared_vpc_service_project.service_projects",
            "module.log-export-project.google_compute_shared_vpc_service_project.shared_vpc_service",
            "module.log-export-project.google_kms_crypto_key_iam_member.service_agent_cmek",
            "module.log-export-project.google_org_policy_policy.default",
            "module.log-export-project.google_project.project",
            "module.log-export-project.google_project_default_service_accounts.default_service_accounts",
            "module.log-export-project.google_project_iam_member.service_agents",
            "module.log-export-project.google_project_iam_member.shared_vpc_host_robots",
            "module.log-export-project.google_project_service.project_services",
            "module.log-export-project.google_project_service_identity.default",
            "module.log-export-pubsub.google_pubsub_schema.default",
            "module.log-export-pubsub.google_pubsub_subscription.default",
            "module.log-export-pubsub.google_pubsub_subscription_iam_binding.authoritative",
            "module.log-export-pubsub.google_pubsub_subscription_iam_binding.bindings",
            "module.log-export-pubsub.google_pubsub_subscription_iam_member.members",
            "module.log-export-pubsub.google_pubsub_topic.default",
            "module.log-export-pubsub.google_pubsub_topic_iam_binding.authoritative",
            "module.log-export-pubsub.google_pubsub_topic_iam_binding.bindings",
            "module.log-export-pubsub.google_pubsub_topic_iam_member.bindings",
            "module.organization-logging.google_bigquery_dataset_iam_member.bq-sinks-binding",
            "module.organization-logging.google_compute_firewall_policy_association.default",
            "module.organization-logging.google_essential_contacts_contact.contact",
            "module.organization-logging.google_logging_organization_exclusion.logging-exclusion",
            "module.organization-logging.google_logging_organization_settings.default",
            "module.organization-logging.google_logging_organization_sink.sink",
            "module.organization-logging.google_org_policy_custom_constraint.constraint",
            "module.organization-logging.google_org_policy_policy.default",
            "module.organization-logging.google_organization_iam_audit_config.default",
            "module.organization-logging.google_organization_iam_binding.authoritative",
            "module.organization-logging.google_organization_iam_binding.bindings",
            "module.organization-logging.google_organization_iam_custom_role.roles",
            "module.organization-logging.google_organization_iam_member.bindings",
            "module.organization-logging.google_project_iam_member.bucket-sinks-binding",
            "module.organization-logging.google_project_iam_member.project-sinks-binding",
            "module.organization-logging.google_pubsub_topic_iam_member.pubsub-sinks-binding",
            "module.organization-logging.google_storage_bucket_iam_member.storage-sinks-binding",
            "module.organization-logging.google_tags_tag_binding.binding",
            "module.organization-logging.google_tags_tag_key.default",
            "module.organization-logging.google_tags_tag_key_iam_binding.bindings",
            "module.organization-logging.google_tags_tag_key_iam_binding.default",
            "module.organization-logging.google_tags_tag_key_iam_member.bindings",
            "module.organization-logging.google_tags_tag_value.default",
            "module.organization-logging.google_tags_tag_value_iam_binding.bindings",
            "module.organization-logging.google_tags_tag_value_iam_binding.default",
            "module.organization-logging.google_tags_tag_value_iam_member.bindings",
            "module.organization.google_organization_iam_binding.authoritative",
            "module.organization.google_organization_iam_binding.bindings",
            "module.organization.google_organization_iam_custom_role.roles",
            "module.organization.google_organization_iam_member.bindings"
          ]
        },
        {
          "index_key": "workspace-audit-logs",
          "schema_version": 0,
          "attributes": {
            "bigquery_options": [],
            "description": "workspace-audit-logs (Terraform-managed).",
            "destination": "logging.googleapis.com/projects/jp-prod-audit-logs-0/locations/global/buckets/workspace-audit-logs",
            "disabled": false,
            "exclusions": [],
            "filter": "protoPayload.serviceName=\"admin.googleapis.com\" OR\nprotoPayload.serviceName=\"cloudidentity.googleapis.com\" OR\nprotoPayload.serviceName=\"login.googleapis.com\"",
            "id": "organizations/890114964408/sinks/workspace-audit-logs",
            "include_children": true,
            "intercept_children": false,
            "name": "workspace-audit-logs",
            "org_id": "890114964408",
            "writer_identity": "serviceAccount:service-org-890114964408@gcp-sa-logging.iam.gserviceaccount.com"
          },
          "sensitive_attributes": [],
          "private": "bnVsbA==",
          "dependencies": [
            "module.automation-project.data.google_bigquery_default_service_account.bq_sa",
            "module.automation-project.data.google_project.project",
            "module.automation-project.data.google_storage_project_service_account.gcs_sa",
            "module.automation-project.google_access_context_manager_service_perimeter_dry_run_resource.default",
            "module.automation-project.google_access_context_manager_service_perimeter_resource.default",
            "module.automation-project.google_compute_shared_vpc_host_project.shared_vpc_host",
            "module.automation-project.google_compute_shared_vpc_service_project.service_projects",
            "module.automation-project.google_compute_shared_vpc_service_project.shared_vpc_service",
            "module.automation-project.google_kms_crypto_key_iam_member.service_agent_cmek",
            "module.automation-project.google_org_policy_policy.default",
            "module.automation-project.google_project.project",
            "module.automation-project.google_project_default_service_accounts.default_service_accounts",
            "module.automation-project.google_project_iam_member.service_agents",
            "module.automation-project.google_project_iam_member.shared_vpc_host_robots",
            "module.automation-project.google_project_service.project_services",
            "module.automation-project.google_project_service_identity.default",
            "module.automation-tf-bootstrap-r-sa.data.google_service_account.service_account",
            "module.automation-tf-bootstrap-r-sa.google_service_account.service_account",
            "module.automation-tf-bootstrap-sa.data.google_service_account.service_account",
            "module.automation-tf-bootstrap-sa.google_service_account.service_account",
            "module.automation-tf-resman-r-sa.data.google_service_account.service_account",
            "module.automation-tf-resman-r-sa.google_service_account.service_account",
            "module.automation-tf-resman-sa.data.google_service_account.service_account",
            "module.automation-tf-resman-sa.google_service_account.service_account",
            "module.automation-tf-vpcsc-r-sa.data.google_service_account.service_account",
            "module.automation-tf-vpcsc-r-sa.google_service_account.service_account",
            "module.automation-tf-vpcsc-sa.data.google_service_account.service_account",
            "module.automation-tf-vpcsc-sa.google_service_account.service_account",
            "module.log-export-dataset.google_bigquery_dataset.default",
            "module.log-export-dataset.google_bigquery_dataset_access.authorized_datasets",
            "module.log-export-dataset.google_bigquery_dataset_access.authorized_routines",
            "module.log-export-dataset.google_bigquery_dataset_access.authorized_views",
            "module.log-export-dataset.google_bigquery_dataset_access.domain",
            "module.log-export-dataset.google_bigquery_dataset_access.group_by_email",
            "module.log-export-dataset.google_bigquery_dataset_access.special_group",
            "module.log-export-dataset.google_bigquery_dataset_access.user_by_email",
            "module.log-export-dataset.google_bigquery_dataset_iam_binding.bindings",
            "module.log-export-dataset.google_bigquery_routine.default",
            "module.log-export-dataset.google_bigquery_table.default",
            "module.log-export-dataset.google_bigquery_table.materialized_view",
            "module.log-export-dataset.google_bigquery_table.views",
            "module.log-export-dataset.google_tags_location_tag_binding.binding",
            "module.log-export-gcs.google_pubsub_topic.topic",
            "module.log-export-gcs.google_pubsub_topic_iam_binding.binding",
            "module.log-export-gcs.google_storage_bucket.bucket",
            "module.log-export-gcs.google_storage_bucket_iam_binding.authoritative",
            "module.log-export-gcs.google_storage_bucket_iam_binding.bindings",
            "module.log-export-gcs.google_storage_bucket_iam_member.bindings",
            "module.log-export-gcs.google_storage_bucket_object.objects",
            "module.log-export-gcs.google_storage_managed_folder.folder",
            "module.log-export-gcs.google_storage_managed_folder_iam_binding.authoritative",
            "module.log-export-gcs.google_storage_managed_folder_iam_binding.bindings",
            "module.log-export-gcs.google_storage_managed_folder_iam_member.members",
            "module.log-export-gcs.google_storage_notification.notification",
            "module.log-export-gcs.google_tags_location_tag_binding.binding",
            "module.log-export-logbucket.google_logging_billing_account_bucket_config.bucket",
            "module.log-export-logbucket.google_logging_folder_bucket_config.bucket",
            "module.log-export-logbucket.google_logging_linked_dataset.dataset",
            "module.log-export-logbucket.google_logging_log_view.views",
            "module.log-export-logbucket.google_logging_log_view_iam_binding.authoritative",
            "module.log-export-logbucket.google_logging_log_view_iam_binding.bindings",
            "module.log-export-logbucket.google_logging_log_view_iam_member.members",
            "module.log-export-logbucket.google_logging_organization_bucket_config.bucket",
            "module.log-export-logbucket.google_logging_project_bucket_config.bucket",
            "module.log-export-logbucket.google_tags_tag_binding.binding",
            "module.log-export-project.data.google_bigquery_default_service_account.bq_sa",
            "module.log-export-project.data.google_project.project",
            "module.log-export-project.data.google_storage_project_service_account.gcs_sa",
            "module.log-export-project.google_access_context_manager_service_perimeter_dry_run_resource.default",
            "module.log-export-project.google_access_context_manager_service_perimeter_resource.default",
            "module.log-export-project.google_compute_shared_vpc_host_project.shared_vpc_host",
            "module.log-export-project.google_compute_shared_vpc_service_project.service_projects",
            "module.log-export-project.google_compute_shared_vpc_service_project.shared_vpc_service",
            "module.log-export-project.google_kms_crypto_key_iam_member.service_agent_cmek",
            "module.log-export-project.google_org_policy_policy.default",
            "module.log-export-project.google_project.project",
            "module.log-export-project.google_project_default_service_accounts.default_service_accounts",
            "module.log-export-project.google_project_iam_member.service_agents",
            "module.log-export-project.google_project_iam_member.shared_vpc_host_robots",
            "module.log-export-project.google_project_service.project_services",
            "module.log-export-project.google_project_service_identity.default",
            "module.log-export-pubsub.google_pubsub_schema.default",
            "module.log-export-pubsub.google_pubsub_subscription.default",
            "module.log-export-pubsub.google_pubsub_subscription_iam_binding.authoritative",
            "module.log-export-pubsub.google_pubsub_subscription_iam_binding.bindings",
            "module.log-export-pubsub.google_pubsub_subscription_iam_member.members",
            "module.log-export-pubsub.google_pubsub_topic.default",
            "module.log-export-pubsub.google_pubsub_topic_iam_binding.authoritative",
            "module.log-export-pubsub.google_pubsub_topic_iam_binding.bindings",
            "module.log-export-pubsub.google_pubsub_topic_iam_member.bindings",
            "module.organization-logging.google_bigquery_dataset_iam_member.bq-sinks-binding",
            "module.organization-logging.google_compute_firewall_policy_association.default",
            "module.organization-logging.google_essential_contacts_contact.contact",
            "module.organization-logging.google_logging_organization_exclusion.logging-exclusion",
            "module.organization-logging.google_logging_organization_settings.default",
            "module.organization-logging.google_logging_organization_sink.sink",
            "module.organization-logging.google_org_policy_custom_constraint.constraint",
            "module.organization-logging.google_org_policy_policy.default",
            "module.organization-logging.google_organization_iam_audit_config.default",
            "module.organization-logging.google_organization_iam_binding.authoritative",
            "module.organization-logging.google_organization_iam_binding.bindings",
            "module.organization-logging.google_organization_iam_custom_role.roles",
            "module.organization-logging.google_organization_iam_member.bindings",
            "module.organization-logging.google_project_iam_member.bucket-sinks-binding",
            "module.organization-logging.google_project_iam_member.project-sinks-binding",
            "module.organization-logging.google_pubsub_topic_iam_member.pubsub-sinks-binding",
            "module.organization-logging.google_storage_bucket_iam_member.storage-sinks-binding",
            "module.organization-logging.google_tags_tag_binding.binding",
            "module.organization-logging.google_tags_tag_key.default",
            "module.organization-logging.google_tags_tag_key_iam_binding.bindings",
            "module.organization-logging.google_tags_tag_key_iam_binding.default",
            "module.organization-logging.google_tags_tag_key_iam_member.bindings",
            "module.organization-logging.google_tags_tag_value.default",
            "module.organization-logging.google_tags_tag_value_iam_binding.bindings",
            "module.organization-logging.google_tags_tag_value_iam_binding.default",
            "module.organization-logging.google_tags_tag_value_iam_member.bindings",
            "module.organization.google_organization_iam_binding.authoritative",
            "module.organization.google_organization_iam_binding.bindings",
            "module.organization.google_organization_iam_custom_role.roles",
            "module.organization.google_organization_iam_member.bindings"
          ]
        }
      ]
    },
    {
      "module": "module.organization",
      "mode": "managed",
      "type": "google_organization_iam_binding",
      "name": "authoritative",
      "provider": "provider[\"registry.terraform.io/hashicorp/google\"]",
      "instances": [
        {
          "index_key": "roles/billing.creator",
          "schema_version": 0,
          "attributes": {
            "condition": [],
            "etag": null,
            "id": "890114964408/roles/billing.creator",
            "members": [],
            "org_id": "890114964408",
            "role": "roles/billing.creator"
          },
          "sensitive_attributes": [],
          "private": "bnVsbA==",
          "dependencies": [
            "module.automation-project.data.google_bigquery_default_service_account.bq_sa",
            "module.automation-project.data.google_project.project",
            "module.automation-project.data.google_storage_project_service_account.gcs_sa",
            "module.automation-project.google_access_context_manager_service_perimeter_dry_run_resource.default",
            "module.automation-project.google_access_context_manager_service_perimeter_resource.default",
            "module.automation-project.google_compute_shared_vpc_host_project.shared_vpc_host",
            "module.automation-project.google_compute_shared_vpc_service_project.service_projects",
            "module.automation-project.google_compute_shared_vpc_service_project.shared_vpc_service",
            "module.automation-project.google_kms_crypto_key_iam_member.service_agent_cmek",
            "module.automation-project.google_org_policy_policy.default",
            "module.automation-project.google_project.project",
            "module.automation-project.google_project_default_service_accounts.default_service_accounts",
            "module.automation-project.google_project_iam_member.service_agents",
            "module.automation-project.google_project_iam_member.shared_vpc_host_robots",
            "module.automation-project.google_project_service.project_services",
            "module.automation-project.google_project_service_identity.default",
            "module.automation-tf-bootstrap-r-sa.data.google_service_account.service_account",
            "module.automation-tf-bootstrap-r-sa.google_service_account.service_account",
            "module.automation-tf-bootstrap-sa.data.google_service_account.service_account",
            "module.automation-tf-bootstrap-sa.google_service_account.service_account",
            "module.automation-tf-resman-r-sa.data.google_service_account.service_account",
            "module.automation-tf-resman-r-sa.google_service_account.service_account",
            "module.automation-tf-resman-sa.data.google_service_account.service_account",
            "module.automation-tf-resman-sa.google_service_account.service_account",
            "module.automation-tf-vpcsc-r-sa.data.google_service_account.service_account",
            "module.automation-tf-vpcsc-r-sa.google_service_account.service_account",
            "module.automation-tf-vpcsc-sa.data.google_service_account.service_account",
            "module.automation-tf-vpcsc-sa.google_service_account.service_account",
            "module.organization-logging.google_logging_organization_settings.default",
            "module.organization-logging.google_org_policy_custom_constraint.constraint",
            "module.organization-logging.google_org_policy_policy.default",
            "module.organization-logging.google_organization_iam_binding.authoritative",
            "module.organization-logging.google_organization_iam_binding.bindings",
            "module.organization-logging.google_organization_iam_custom_role.roles",
            "module.organization-logging.google_organization_iam_member.bindings",
            "module.organization-logging.google_tags_tag_key.default",
            "module.organization-logging.google_tags_tag_key_iam_binding.default",
            "module.organization-logging.google_tags_tag_value.default",
            "module.organization-logging.google_tags_tag_value_iam_binding.default"
          ]
        },
        {
          "index_key": "roles/browser",
          "schema_version": 0,
          "attributes": {
            "condition": [],
            "etag": "BwYycZe/N3c=",
            "id": "890114964408/roles/browser",
            "members": [
              "domain:jplaudani.joonix.net",
              "group:cloud-gong-hierarchy_management-hm_tool-latchkey-presubmits@twosync-src.google.com",
              "group:cre-cloud-aod@twosync.google.com",
              "mdb:oslo-chp-multiorg-enrichment-clients",
              "serviceAccount:latchkey-multiorg-ephemeral-organization-automation@system.gserviceaccount.com",
              "serviceAccount:latchkey-multiorg-manual-billing-automation@system.gserviceaccount.com",
              "serviceAccount:short-lived-projects-detach@system.gserviceaccount.com",
              "user:investigation-tools-shim-gcp@prod.google.com"
            ],
            "org_id": "890114964408",
            "role": "roles/browser"
          },
          "sensitive_attributes": [],
          "private": "bnVsbA==",
          "dependencies": [
            "module.automation-project.data.google_bigquery_default_service_account.bq_sa",
            "module.automation-project.data.google_project.project",
            "module.automation-project.data.google_storage_project_service_account.gcs_sa",
            "module.automation-project.google_access_context_manager_service_perimeter_dry_run_resource.default",
            "module.automation-project.google_access_context_manager_service_perimeter_resource.default",
            "module.automation-project.google_compute_shared_vpc_host_project.shared_vpc_host",
            "module.automation-project.google_compute_shared_vpc_service_project.service_projects",
            "module.automation-project.google_compute_shared_vpc_service_project.shared_vpc_service",
            "module.automation-project.google_kms_crypto_key_iam_member.service_agent_cmek",
            "module.automation-project.google_org_policy_policy.default",
            "module.automation-project.google_project.project",
            "module.automation-project.google_project_default_service_accounts.default_service_accounts",
            "module.automation-project.google_project_iam_member.service_agents",
            "module.automation-project.google_project_iam_member.shared_vpc_host_robots",
            "module.automation-project.google_project_service.project_services",
            "module.automation-project.google_project_service_identity.default",
            "module.automation-tf-bootstrap-r-sa.data.google_service_account.service_account",
            "module.automation-tf-bootstrap-r-sa.google_service_account.service_account",
            "module.automation-tf-bootstrap-sa.data.google_service_account.service_account",
            "module.automation-tf-bootstrap-sa.google_service_account.service_account",
            "module.automation-tf-resman-r-sa.data.google_service_account.service_account",
            "module.automation-tf-resman-r-sa.google_service_account.service_account",
            "module.automation-tf-resman-sa.data.google_service_account.service_account",
            "module.automation-tf-resman-sa.google_service_account.service_account",
            "module.automation-tf-vpcsc-r-sa.data.google_service_account.service_account",
            "module.automation-tf-vpcsc-r-sa.google_service_account.service_account",
            "module.automation-tf-vpcsc-sa.data.google_service_account.service_account",
            "module.automation-tf-vpcsc-sa.google_service_account.service_account",
            "module.organization-logging.google_logging_organization_settings.default",
            "module.organization-logging.google_org_policy_custom_constraint.constraint",
            "module.organization-logging.google_org_policy_policy.default",
            "module.organization-logging.google_organization_iam_binding.authoritative",
            "module.organization-logging.google_organization_iam_binding.bindings",
            "module.organization-logging.google_organization_iam_custom_role.roles",
            "module.organization-logging.google_organization_iam_member.bindings",
            "module.organization-logging.google_tags_tag_key.default",
            "module.organization-logging.google_tags_tag_key_iam_binding.default",
            "module.organization-logging.google_tags_tag_value.default",
            "module.organization-logging.google_tags_tag_value_iam_binding.default"
          ]
        },
        {
          "index_key": "roles/cloudasset.owner",
          "schema_version": 0,
          "attributes": {
            "condition": [],
            "etag": "BwYycZe/N3c=",
            "id": "890114964408/roles/cloudasset.owner",
            "members": [
              "group:gcp-organization-admins@jplaudani.joonix.net",
              "group:gcp-security-admins@jplaudani.joonix.net",
              "group:gcp-vpc-network-admins@jplaudani.joonix.net"
            ],
            "org_id": "890114964408",
            "role": "roles/cloudasset.owner"
          },
          "sensitive_attributes": [],
          "private": "bnVsbA==",
          "dependencies": [
            "module.automation-project.data.google_bigquery_default_service_account.bq_sa",
            "module.automation-project.data.google_project.project",
            "module.automation-project.data.google_storage_project_service_account.gcs_sa",
            "module.automation-project.google_access_context_manager_service_perimeter_dry_run_resource.default",
            "module.automation-project.google_access_context_manager_service_perimeter_resource.default",
            "module.automation-project.google_compute_shared_vpc_host_project.shared_vpc_host",
            "module.automation-project.google_compute_shared_vpc_service_project.service_projects",
            "module.automation-project.google_compute_shared_vpc_service_project.shared_vpc_service",
            "module.automation-project.google_kms_crypto_key_iam_member.service_agent_cmek",
            "module.automation-project.google_org_policy_policy.default",
            "module.automation-project.google_project.project",
            "module.automation-project.google_project_default_service_accounts.default_service_accounts",
            "module.automation-project.google_project_iam_member.service_agents",
            "module.automation-project.google_project_iam_member.shared_vpc_host_robots",
            "module.automation-project.google_project_service.project_services",
            "module.automation-project.google_project_service_identity.default",
            "module.automation-tf-bootstrap-r-sa.data.google_service_account.service_account",
            "module.automation-tf-bootstrap-r-sa.google_service_account.service_account",
            "module.automation-tf-bootstrap-sa.data.google_service_account.service_account",
            "module.automation-tf-bootstrap-sa.google_service_account.service_account",
            "module.automation-tf-resman-r-sa.data.google_service_account.service_account",
            "module.automation-tf-resman-r-sa.google_service_account.service_account",
            "module.automation-tf-resman-sa.data.google_service_account.service_account",
            "module.automation-tf-resman-sa.google_service_account.service_account",
            "module.automation-tf-vpcsc-r-sa.data.google_service_account.service_account",
            "module.automation-tf-vpcsc-r-sa.google_service_account.service_account",
            "module.automation-tf-vpcsc-sa.data.google_service_account.service_account",
            "module.automation-tf-vpcsc-sa.google_service_account.service_account",
            "module.organization-logging.google_logging_organization_settings.default",
            "module.organization-logging.google_org_policy_custom_constraint.constraint",
            "module.organization-logging.google_org_policy_policy.default",
            "module.organization-logging.google_organization_iam_binding.authoritative",
            "module.organization-logging.google_organization_iam_binding.bindings",
            "module.organization-logging.google_organization_iam_custom_role.roles",
            "module.organization-logging.google_organization_iam_member.bindings",
            "module.organization-logging.google_tags_tag_key.default",
            "module.organization-logging.google_tags_tag_key_iam_binding.default",
            "module.organization-logging.google_tags_tag_value.default",
            "module.organization-logging.google_tags_tag_value_iam_binding.default"
          ]
        },
        {
          "index_key": "roles/cloudsupport.admin",
          "schema_version": 0,
          "attributes": {
            "condition": [],
            "etag": "BwYycZe/N3c=",
            "id": "890114964408/roles/cloudsupport.admin",
            "members": [
              "group:gcp-organization-admins@jplaudani.joonix.net"
            ],
            "org_id": "890114964408",
            "role": "roles/cloudsupport.admin"
          },
          "sensitive_attributes": [],
          "private": "bnVsbA==",
          "dependencies": [
            "module.automation-project.data.google_bigquery_default_service_account.bq_sa",
            "module.automation-project.data.google_project.project",
            "module.automation-project.data.google_storage_project_service_account.gcs_sa",
            "module.automation-project.google_access_context_manager_service_perimeter_dry_run_resource.default",
            "module.automation-project.google_access_context_manager_service_perimeter_resource.default",
            "module.automation-project.google_compute_shared_vpc_host_project.shared_vpc_host",
            "module.automation-project.google_compute_shared_vpc_service_project.service_projects",
            "module.automation-project.google_compute_shared_vpc_service_project.shared_vpc_service",
            "module.automation-project.google_kms_crypto_key_iam_member.service_agent_cmek",
            "module.automation-project.google_org_policy_policy.default",
            "module.automation-project.google_project.project",
            "module.automation-project.google_project_default_service_accounts.default_service_accounts",
            "module.automation-project.google_project_iam_member.service_agents",
            "module.automation-project.google_project_iam_member.shared_vpc_host_robots",
            "module.automation-project.google_project_service.project_services",
            "module.automation-project.google_project_service_identity.default",
            "module.automation-tf-bootstrap-r-sa.data.google_service_account.service_account",
            "module.automation-tf-bootstrap-r-sa.google_service_account.service_account",
            "module.automation-tf-bootstrap-sa.data.google_service_account.service_account",
            "module.automation-tf-bootstrap-sa.google_service_account.service_account",
            "module.automation-tf-resman-r-sa.data.google_service_account.service_account",
            "module.automation-tf-resman-r-sa.google_service_account.service_account",
            "module.automation-tf-resman-sa.data.google_service_account.service_account",
            "module.automation-tf-resman-sa.google_service_account.service_account",
            "module.automation-tf-vpcsc-r-sa.data.google_service_account.service_account",
            "module.automation-tf-vpcsc-r-sa.google_service_account.service_account",
            "module.automation-tf-vpcsc-sa.data.google_service_account.service_account",
            "module.automation-tf-vpcsc-sa.google_service_account.service_account",
            "module.organization-logging.google_logging_organization_settings.default",
            "module.organization-logging.google_org_policy_custom_constraint.constraint",
            "module.organization-logging.google_org_policy_policy.default",
            "module.organization-logging.google_organization_iam_binding.authoritative",
            "module.organization-logging.google_organization_iam_binding.bindings",
            "module.organization-logging.google_organization_iam_custom_role.roles",
            "module.organization-logging.google_organization_iam_member.bindings",
            "module.organization-logging.google_tags_tag_key.default",
            "module.organization-logging.google_tags_tag_key_iam_binding.default",
            "module.organization-logging.google_tags_tag_value.default",
            "module.organization-logging.google_tags_tag_value_iam_binding.default"
          ]
        },
        {
          "index_key": "roles/cloudsupport.techSupportEditor",
          "schema_version": 0,
          "attributes": {
            "condition": [],
            "etag": "BwYycZe/N3c=",
            "id": "890114964408/roles/cloudsupport.techSupportEditor",
            "members": [
              "group:gcp-devops@jplaudani.joonix.net",
              "group:gcp-security-admins@jplaudani.joonix.net",
              "group:gcp-vpc-network-admins@jplaudani.joonix.net"
            ],
            "org_id": "890114964408",
            "role": "roles/cloudsupport.techSupportEditor"
          },
          "sensitive_attributes": [],
          "private": "bnVsbA==",
          "dependencies": [
            "module.automation-project.data.google_bigquery_default_service_account.bq_sa",
            "module.automation-project.data.google_project.project",
            "module.automation-project.data.google_storage_project_service_account.gcs_sa",
            "module.automation-project.google_access_context_manager_service_perimeter_dry_run_resource.default",
            "module.automation-project.google_access_context_manager_service_perimeter_resource.default",
            "module.automation-project.google_compute_shared_vpc_host_project.shared_vpc_host",
            "module.automation-project.google_compute_shared_vpc_service_project.service_projects",
            "module.automation-project.google_compute_shared_vpc_service_project.shared_vpc_service",
            "module.automation-project.google_kms_crypto_key_iam_member.service_agent_cmek",
            "module.automation-project.google_org_policy_policy.default",
            "module.automation-project.google_project.project",
            "module.automation-project.google_project_default_service_accounts.default_service_accounts",
            "module.automation-project.google_project_iam_member.service_agents",
            "module.automation-project.google_project_iam_member.shared_vpc_host_robots",
            "module.automation-project.google_project_service.project_services",
            "module.automation-project.google_project_service_identity.default",
            "module.automation-tf-bootstrap-r-sa.data.google_service_account.service_account",
            "module.automation-tf-bootstrap-r-sa.google_service_account.service_account",
            "module.automation-tf-bootstrap-sa.data.google_service_account.service_account",
            "module.automation-tf-bootstrap-sa.google_service_account.service_account",
            "module.automation-tf-resman-r-sa.data.google_service_account.service_account",
            "module.automation-tf-resman-r-sa.google_service_account.service_account",
            "module.automation-tf-resman-sa.data.google_service_account.service_account",
            "module.automation-tf-resman-sa.google_service_account.service_account",
            "module.automation-tf-vpcsc-r-sa.data.google_service_account.service_account",
            "module.automation-tf-vpcsc-r-sa.google_service_account.service_account",
            "module.automation-tf-vpcsc-sa.data.google_service_account.service_account",
            "module.automation-tf-vpcsc-sa.google_service_account.service_account",
            "module.organization-logging.google_logging_organization_settings.default",
            "module.organization-logging.google_org_policy_custom_constraint.constraint",
            "module.organization-logging.google_org_policy_policy.default",
            "module.organization-logging.google_organization_iam_binding.authoritative",
            "module.organization-logging.google_organization_iam_binding.bindings",
            "module.organization-logging.google_organization_iam_custom_role.roles",
            "module.organization-logging.google_organization_iam_member.bindings",
            "module.organization-logging.google_tags_tag_key.default",
            "module.organization-logging.google_tags_tag_key_iam_binding.default",
            "module.organization-logging.google_tags_tag_value.default",
            "module.organization-logging.google_tags_tag_value_iam_binding.default"
          ]
        },
        {
          "index_key": "roles/compute.osAdminLogin",
          "schema_version": 0,
          "attributes": {
            "condition": [],
            "etag": "BwYycZe/N3c=",
            "id": "890114964408/roles/compute.osAdminLogin",
            "members": [
              "group:gcp-organization-admins@jplaudani.joonix.net"
            ],
            "org_id": "890114964408",
            "role": "roles/compute.osAdminLogin"
          },
          "sensitive_attributes": [],
          "private": "bnVsbA==",
          "dependencies": [
            "module.automation-project.data.google_bigquery_default_service_account.bq_sa",
            "module.automation-project.data.google_project.project",
            "module.automation-project.data.google_storage_project_service_account.gcs_sa",
            "module.automation-project.google_access_context_manager_service_perimeter_dry_run_resource.default",
            "module.automation-project.google_access_context_manager_service_perimeter_resource.default",
            "module.automation-project.google_compute_shared_vpc_host_project.shared_vpc_host",
            "module.automation-project.google_compute_shared_vpc_service_project.service_projects",
            "module.automation-project.google_compute_shared_vpc_service_project.shared_vpc_service",
            "module.automation-project.google_kms_crypto_key_iam_member.service_agent_cmek",
            "module.automation-project.google_org_policy_policy.default",
            "module.automation-project.google_project.project",
            "module.automation-project.google_project_default_service_accounts.default_service_accounts",
            "module.automation-project.google_project_iam_member.service_agents",
            "module.automation-project.google_project_iam_member.shared_vpc_host_robots",
            "module.automation-project.google_project_service.project_services",
            "module.automation-project.google_project_service_identity.default",
            "module.automation-tf-bootstrap-r-sa.data.google_service_account.service_account",
            "module.automation-tf-bootstrap-r-sa.google_service_account.service_account",
            "module.automation-tf-bootstrap-sa.data.google_service_account.service_account",
            "module.automation-tf-bootstrap-sa.google_service_account.service_account",
            "module.automation-tf-resman-r-sa.data.google_service_account.service_account",
            "module.automation-tf-resman-r-sa.google_service_account.service_account",
            "module.automation-tf-resman-sa.data.google_service_account.service_account",
            "module.automation-tf-resman-sa.google_service_account.service_account",
            "module.automation-tf-vpcsc-r-sa.data.google_service_account.service_account",
            "module.automation-tf-vpcsc-r-sa.google_service_account.service_account",
            "module.automation-tf-vpcsc-sa.data.google_service_account.service_account",
            "module.automation-tf-vpcsc-sa.google_service_account.service_account",
            "module.organization-logging.google_logging_organization_settings.default",
            "module.organization-logging.google_org_policy_custom_constraint.constraint",
            "module.organization-logging.google_org_policy_policy.default",
            "module.organization-logging.google_organization_iam_binding.authoritative",
            "module.organization-logging.google_organization_iam_binding.bindings",
            "module.organization-logging.google_organization_iam_custom_role.roles",
            "module.organization-logging.google_organization_iam_member.bindings",
            "module.organization-logging.google_tags_tag_key.default",
            "module.organization-logging.google_tags_tag_key_iam_binding.default",
            "module.organization-logging.google_tags_tag_value.default",
            "module.organization-logging.google_tags_tag_value_iam_binding.default"
          ]
        },
        {
          "index_key": "roles/compute.osLoginExternalUser",
          "schema_version": 0,
          "attributes": {
            "condition": [],
            "etag": "BwYycZe/N3c=",
            "id": "890114964408/roles/compute.osLoginExternalUser",
            "members": [
              "group:gcp-organization-admins@jplaudani.joonix.net"
            ],
            "org_id": "890114964408",
            "role": "roles/compute.osLoginExternalUser"
          },
          "sensitive_attributes": [],
          "private": "bnVsbA==",
          "dependencies": [
            "module.automation-project.data.google_bigquery_default_service_account.bq_sa",
            "module.automation-project.data.google_project.project",
            "module.automation-project.data.google_storage_project_service_account.gcs_sa",
            "module.automation-project.google_access_context_manager_service_perimeter_dry_run_resource.default",
            "module.automation-project.google_access_context_manager_service_perimeter_resource.default",
            "module.automation-project.google_compute_shared_vpc_host_project.shared_vpc_host",
            "module.automation-project.google_compute_shared_vpc_service_project.service_projects",
            "module.automation-project.google_compute_shared_vpc_service_project.shared_vpc_service",
            "module.automation-project.google_kms_crypto_key_iam_member.service_agent_cmek",
            "module.automation-project.google_org_policy_policy.default",
            "module.automation-project.google_project.project",
            "module.automation-project.google_project_default_service_accounts.default_service_accounts",
            "module.automation-project.google_project_iam_member.service_agents",
            "module.automation-project.google_project_iam_member.shared_vpc_host_robots",
            "module.automation-project.google_project_service.project_services",
            "module.automation-project.google_project_service_identity.default",
            "module.automation-tf-bootstrap-r-sa.data.google_service_account.service_account",
            "module.automation-tf-bootstrap-r-sa.google_service_account.service_account",
            "module.automation-tf-bootstrap-sa.data.google_service_account.service_account",
            "module.automation-tf-bootstrap-sa.google_service_account.service_account",
            "module.automation-tf-resman-r-sa.data.google_service_account.service_account",
            "module.automation-tf-resman-r-sa.google_service_account.service_account",
            "module.automation-tf-resman-sa.data.google_service_account.service_account",
            "module.automation-tf-resman-sa.google_service_account.service_account",
            "module.automation-tf-vpcsc-r-sa.data.google_service_account.service_account",
            "module.automation-tf-vpcsc-r-sa.google_service_account.service_account",
            "module.automation-tf-vpcsc-sa.data.google_service_account.service_account",
            "module.automation-tf-vpcsc-sa.google_service_account.service_account",
            "module.organization-logging.google_logging_organization_settings.default",
            "module.organization-logging.google_org_policy_custom_constraint.constraint",
            "module.organization-logging.google_org_policy_policy.default",
            "module.organization-logging.google_organization_iam_binding.authoritative",
            "module.organization-logging.google_organization_iam_binding.bindings",
            "module.organization-logging.google_organization_iam_custom_role.roles",
            "module.organization-logging.google_organization_iam_member.bindings",
            "module.organization-logging.google_tags_tag_key.default",
            "module.organization-logging.google_tags_tag_key_iam_binding.default",
            "module.organization-logging.google_tags_tag_value.default",
            "module.organization-logging.google_tags_tag_value_iam_binding.default"
          ]
        },
        {
          "index_key": "roles/essentialcontacts.admin",
          "schema_version": 0,
          "attributes": {
            "condition": [],
            "etag": "BwYycZe/N3c=",
            "id": "890114964408/roles/essentialcontacts.admin",
            "members": [
              "serviceAccount:jp-prod-bootstrap-0@jp-prod-iac-core-0.iam.gserviceaccount.com",
              "serviceAccount:jp-prod-resman-0@jp-prod-iac-core-0.iam.gserviceaccount.com"
            ],
            "org_id": "890114964408",
            "role": "roles/essentialcontacts.admin"
          },
          "sensitive_attributes": [],
          "private": "bnVsbA==",
          "dependencies": [
            "module.automation-project.data.google_bigquery_default_service_account.bq_sa",
            "module.automation-project.data.google_project.project",
            "module.automation-project.data.google_storage_project_service_account.gcs_sa",
            "module.automation-project.google_access_context_manager_service_perimeter_dry_run_resource.default",
            "module.automation-project.google_access_context_manager_service_perimeter_resource.default",
            "module.automation-project.google_compute_shared_vpc_host_project.shared_vpc_host",
            "module.automation-project.google_compute_shared_vpc_service_project.service_projects",
            "module.automation-project.google_compute_shared_vpc_service_project.shared_vpc_service",
            "module.automation-project.google_kms_crypto_key_iam_member.service_agent_cmek",
            "module.automation-project.google_org_policy_policy.default",
            "module.automation-project.google_project.project",
            "module.automation-project.google_project_default_service_accounts.default_service_accounts",
            "module.automation-project.google_project_iam_member.service_agents",
            "module.automation-project.google_project_iam_member.shared_vpc_host_robots",
            "module.automation-project.google_project_service.project_services",
            "module.automation-project.google_project_service_identity.default",
            "module.automation-tf-bootstrap-r-sa.data.google_service_account.service_account",
            "module.automation-tf-bootstrap-r-sa.google_service_account.service_account",
            "module.automation-tf-bootstrap-sa.data.google_service_account.service_account",
            "module.automation-tf-bootstrap-sa.google_service_account.service_account",
            "module.automation-tf-resman-r-sa.data.google_service_account.service_account",
            "module.automation-tf-resman-r-sa.google_service_account.service_account",
            "module.automation-tf-resman-sa.data.google_service_account.service_account",
            "module.automation-tf-resman-sa.google_service_account.service_account",
            "module.automation-tf-vpcsc-r-sa.data.google_service_account.service_account",
            "module.automation-tf-vpcsc-r-sa.google_service_account.service_account",
            "module.automation-tf-vpcsc-sa.data.google_service_account.service_account",
            "module.automation-tf-vpcsc-sa.google_service_account.service_account",
            "module.organization-logging.google_logging_organization_settings.default",
            "module.organization-logging.google_org_policy_custom_constraint.constraint",
            "module.organization-logging.google_org_policy_policy.default",
            "module.organization-logging.google_organization_iam_binding.authoritative",
            "module.organization-logging.google_organization_iam_binding.bindings",
            "module.organization-logging.google_organization_iam_custom_role.roles",
            "module.organization-logging.google_organization_iam_member.bindings",
            "module.organization-logging.google_tags_tag_key.default",
            "module.organization-logging.google_tags_tag_key_iam_binding.default",
            "module.organization-logging.google_tags_tag_value.default",
            "module.organization-logging.google_tags_tag_value_iam_binding.default"
          ]
        },
        {
          "index_key": "roles/essentialcontacts.viewer",
          "schema_version": 0,
          "attributes": {
            "condition": [],
            "etag": "BwYycZe/N3c=",
            "id": "890114964408/roles/essentialcontacts.viewer",
            "members": [
              "serviceAccount:jp-prod-bootstrap-0r@jp-prod-iac-core-0.iam.gserviceaccount.com",
              "serviceAccount:jp-prod-resman-0r@jp-prod-iac-core-0.iam.gserviceaccount.com"
            ],
            "org_id": "890114964408",
            "role": "roles/essentialcontacts.viewer"
          },
          "sensitive_attributes": [],
          "private": "bnVsbA==",
          "dependencies": [
            "module.automation-project.data.google_bigquery_default_service_account.bq_sa",
            "module.automation-project.data.google_project.project",
            "module.automation-project.data.google_storage_project_service_account.gcs_sa",
            "module.automation-project.google_access_context_manager_service_perimeter_dry_run_resource.default",
            "module.automation-project.google_access_context_manager_service_perimeter_resource.default",
            "module.automation-project.google_compute_shared_vpc_host_project.shared_vpc_host",
            "module.automation-project.google_compute_shared_vpc_service_project.service_projects",
            "module.automation-project.google_compute_shared_vpc_service_project.shared_vpc_service",
            "module.automation-project.google_kms_crypto_key_iam_member.service_agent_cmek",
            "module.automation-project.google_org_policy_policy.default",
            "module.automation-project.google_project.project",
            "module.automation-project.google_project_default_service_accounts.default_service_accounts",
            "module.automation-project.google_project_iam_member.service_agents",
            "module.automation-project.google_project_iam_member.shared_vpc_host_robots",
            "module.automation-project.google_project_service.project_services",
            "module.automation-project.google_project_service_identity.default",
            "module.automation-tf-bootstrap-r-sa.data.google_service_account.service_account",
            "module.automation-tf-bootstrap-r-sa.google_service_account.service_account",
            "module.automation-tf-bootstrap-sa.data.google_service_account.service_account",
            "module.automation-tf-bootstrap-sa.google_service_account.service_account",
            "module.automation-tf-resman-r-sa.data.google_service_account.service_account",
            "module.automation-tf-resman-r-sa.google_service_account.service_account",
            "module.automation-tf-resman-sa.data.google_service_account.service_account",
            "module.automation-tf-resman-sa.google_service_account.service_account",
            "module.automation-tf-vpcsc-r-sa.data.google_service_account.service_account",
            "module.automation-tf-vpcsc-r-sa.google_service_account.service_account",
            "module.automation-tf-vpcsc-sa.data.google_service_account.service_account",
            "module.automation-tf-vpcsc-sa.google_service_account.service_account",
            "module.organization-logging.google_logging_organization_settings.default",
            "module.organization-logging.google_org_policy_custom_constraint.constraint",
            "module.organization-logging.google_org_policy_policy.default",
            "module.organization-logging.google_organization_iam_binding.authoritative",
            "module.organization-logging.google_organization_iam_binding.bindings",
            "module.organization-logging.google_organization_iam_custom_role.roles",
            "module.organization-logging.google_organization_iam_member.bindings",
            "module.organization-logging.google_tags_tag_key.default",
            "module.organization-logging.google_tags_tag_key_iam_binding.default",
            "module.organization-logging.google_tags_tag_value.default",
            "module.organization-logging.google_tags_tag_value_iam_binding.default"
          ]
        },
        {
          "index_key": "roles/iam.securityReviewer",
          "schema_version": 0,
          "attributes": {
            "condition": [],
            "etag": "BwYycZe/N3c=",
            "id": "890114964408/roles/iam.securityReviewer",
            "members": [
              "group:gcp-security-admins@jplaudani.joonix.net",
              "mdb:oslo-chp-multiorg-enrichment-clients",
              "user:investigation-tools-shim-gcp@prod.google.com"
            ],
            "org_id": "890114964408",
            "role": "roles/iam.securityReviewer"
          },
          "sensitive_attributes": [],
          "private": "bnVsbA==",
          "dependencies": [
            "module.automation-project.data.google_bigquery_default_service_account.bq_sa",
            "module.automation-project.data.google_project.project",
            "module.automation-project.data.google_storage_project_service_account.gcs_sa",
            "module.automation-project.google_access_context_manager_service_perimeter_dry_run_resource.default",
            "module.automation-project.google_access_context_manager_service_perimeter_resource.default",
            "module.automation-project.google_compute_shared_vpc_host_project.shared_vpc_host",
            "module.automation-project.google_compute_shared_vpc_service_project.service_projects",
            "module.automation-project.google_compute_shared_vpc_service_project.shared_vpc_service",
            "module.automation-project.google_kms_crypto_key_iam_member.service_agent_cmek",
            "module.automation-project.google_org_policy_policy.default",
            "module.automation-project.google_project.project",
            "module.automation-project.google_project_default_service_accounts.default_service_accounts",
            "module.automation-project.google_project_iam_member.service_agents",
            "module.automation-project.google_project_iam_member.shared_vpc_host_robots",
            "module.automation-project.google_project_service.project_services",
            "module.automation-project.google_project_service_identity.default",
            "module.automation-tf-bootstrap-r-sa.data.google_service_account.service_account",
            "module.automation-tf-bootstrap-r-sa.google_service_account.service_account",
            "module.automation-tf-bootstrap-sa.data.google_service_account.service_account",
            "module.automation-tf-bootstrap-sa.google_service_account.service_account",
            "module.automation-tf-resman-r-sa.data.google_service_account.service_account",
            "module.automation-tf-resman-r-sa.google_service_account.service_account",
            "module.automation-tf-resman-sa.data.google_service_account.service_account",
            "module.automation-tf-resman-sa.google_service_account.service_account",
            "module.automation-tf-vpcsc-r-sa.data.google_service_account.service_account",
            "module.automation-tf-vpcsc-r-sa.google_service_account.service_account",
            "module.automation-tf-vpcsc-sa.data.google_service_account.service_account",
            "module.automation-tf-vpcsc-sa.google_service_account.service_account",
            "module.organization-logging.google_logging_organization_settings.default",
            "module.organization-logging.google_org_policy_custom_constraint.constraint",
            "module.organization-logging.google_org_policy_policy.default",
            "module.organization-logging.google_organization_iam_binding.authoritative",
            "module.organization-logging.google_organization_iam_binding.bindings",
            "module.organization-logging.google_organization_iam_custom_role.roles",
            "module.organization-logging.google_organization_iam_member.bindings",
            "module.organization-logging.google_tags_tag_key.default",
            "module.organization-logging.google_tags_tag_key_iam_binding.default",
            "module.organization-logging.google_tags_tag_value.default",
            "module.organization-logging.google_tags_tag_value_iam_binding.default"
          ]
        },
        {
          "index_key": "roles/iam.workforcePoolAdmin",
          "schema_version": 0,
          "attributes": {
            "condition": [],
            "etag": "BwYycZe/N3c=",
            "id": "890114964408/roles/iam.workforcePoolAdmin",
            "members": [
              "group:gcp-organization-admins@jplaudani.joonix.net",
              "serviceAccount:jp-prod-bootstrap-0@jp-prod-iac-core-0.iam.gserviceaccount.com"
            ],
            "org_id": "890114964408",
            "role": "roles/iam.workforcePoolAdmin"
          },
          "sensitive_attributes": [],
          "private": "bnVsbA==",
          "dependencies": [
            "module.automation-project.data.google_bigquery_default_service_account.bq_sa",
            "module.automation-project.data.google_project.project",
            "module.automation-project.data.google_storage_project_service_account.gcs_sa",
            "module.automation-project.google_access_context_manager_service_perimeter_dry_run_resource.default",
            "module.automation-project.google_access_context_manager_service_perimeter_resource.default",
            "module.automation-project.google_compute_shared_vpc_host_project.shared_vpc_host",
            "module.automation-project.google_compute_shared_vpc_service_project.service_projects",
            "module.automation-project.google_compute_shared_vpc_service_project.shared_vpc_service",
            "module.automation-project.google_kms_crypto_key_iam_member.service_agent_cmek",
            "module.automation-project.google_org_policy_policy.default",
            "module.automation-project.google_project.project",
            "module.automation-project.google_project_default_service_accounts.default_service_accounts",
            "module.automation-project.google_project_iam_member.service_agents",
            "module.automation-project.google_project_iam_member.shared_vpc_host_robots",
            "module.automation-project.google_project_service.project_services",
            "module.automation-project.google_project_service_identity.default",
            "module.automation-tf-bootstrap-r-sa.data.google_service_account.service_account",
            "module.automation-tf-bootstrap-r-sa.google_service_account.service_account",
            "module.automation-tf-bootstrap-sa.data.google_service_account.service_account",
            "module.automation-tf-bootstrap-sa.google_service_account.service_account",
            "module.automation-tf-resman-r-sa.data.google_service_account.service_account",
            "module.automation-tf-resman-r-sa.google_service_account.service_account",
            "module.automation-tf-resman-sa.data.google_service_account.service_account",
            "module.automation-tf-resman-sa.google_service_account.service_account",
            "module.automation-tf-vpcsc-r-sa.data.google_service_account.service_account",
            "module.automation-tf-vpcsc-r-sa.google_service_account.service_account",
            "module.automation-tf-vpcsc-sa.data.google_service_account.service_account",
            "module.automation-tf-vpcsc-sa.google_service_account.service_account",
            "module.organization-logging.google_logging_organization_settings.default",
            "module.organization-logging.google_org_policy_custom_constraint.constraint",
            "module.organization-logging.google_org_policy_policy.default",
            "module.organization-logging.google_organization_iam_binding.authoritative",
            "module.organization-logging.google_organization_iam_binding.bindings",
            "module.organization-logging.google_organization_iam_custom_role.roles",
            "module.organization-logging.google_organization_iam_member.bindings",
            "module.organization-logging.google_tags_tag_key.default",
            "module.organization-logging.google_tags_tag_key_iam_binding.default",
            "module.organization-logging.google_tags_tag_value.default",
            "module.organization-logging.google_tags_tag_value_iam_binding.default"
          ]
        },
        {
          "index_key": "roles/logging.admin",
          "schema_version": 0,
          "attributes": {
            "condition": [],
            "etag": "BwYycZe/N3c=",
            "id": "890114964408/roles/logging.admin",
            "members": [
              "group:gcp-security-admins@jplaudani.joonix.net",
              "serviceAccount:jp-prod-bootstrap-0@jp-prod-iac-core-0.iam.gserviceaccount.com",
              "serviceAccount:jp-prod-resman-0@jp-prod-iac-core-0.iam.gserviceaccount.com",
              "user:jp@jplaudani.joonix.net"
            ],
            "org_id": "890114964408",
            "role": "roles/logging.admin"
          },
          "sensitive_attributes": [],
          "private": "bnVsbA==",
          "dependencies": [
            "module.automation-project.data.google_bigquery_default_service_account.bq_sa",
            "module.automation-project.data.google_project.project",
            "module.automation-project.data.google_storage_project_service_account.gcs_sa",
            "module.automation-project.google_access_context_manager_service_perimeter_dry_run_resource.default",
            "module.automation-project.google_access_context_manager_service_perimeter_resource.default",
            "module.automation-project.google_compute_shared_vpc_host_project.shared_vpc_host",
            "module.automation-project.google_compute_shared_vpc_service_project.service_projects",
            "module.automation-project.google_compute_shared_vpc_service_project.shared_vpc_service",
            "module.automation-project.google_kms_crypto_key_iam_member.service_agent_cmek",
            "module.automation-project.google_org_policy_policy.default",
            "module.automation-project.google_project.project",
            "module.automation-project.google_project_default_service_accounts.default_service_accounts",
            "module.automation-project.google_project_iam_member.service_agents",
            "module.automation-project.google_project_iam_member.shared_vpc_host_robots",
            "module.automation-project.google_project_service.project_services",
            "module.automation-project.google_project_service_identity.default",
            "module.automation-tf-bootstrap-r-sa.data.google_service_account.service_account",
            "module.automation-tf-bootstrap-r-sa.google_service_account.service_account",
            "module.automation-tf-bootstrap-sa.data.google_service_account.service_account",
            "module.automation-tf-bootstrap-sa.google_service_account.service_account",
            "module.automation-tf-resman-r-sa.data.google_service_account.service_account",
            "module.automation-tf-resman-r-sa.google_service_account.service_account",
            "module.automation-tf-resman-sa.data.google_service_account.service_account",
            "module.automation-tf-resman-sa.google_service_account.service_account",
            "module.automation-tf-vpcsc-r-sa.data.google_service_account.service_account",
            "module.automation-tf-vpcsc-r-sa.google_service_account.service_account",
            "module.automation-tf-vpcsc-sa.data.google_service_account.service_account",
            "module.automation-tf-vpcsc-sa.google_service_account.service_account",
            "module.organization-logging.google_logging_organization_settings.default",
            "module.organization-logging.google_org_policy_custom_constraint.constraint",
            "module.organization-logging.google_org_policy_policy.default",
            "module.organization-logging.google_organization_iam_binding.authoritative",
            "module.organization-logging.google_organization_iam_binding.bindings",
            "module.organization-logging.google_organization_iam_custom_role.roles",
            "module.organization-logging.google_organization_iam_member.bindings",
            "module.organization-logging.google_tags_tag_key.default",
            "module.organization-logging.google_tags_tag_key_iam_binding.default",
            "module.organization-logging.google_tags_tag_value.default",
            "module.organization-logging.google_tags_tag_value_iam_binding.default"
          ]
        },
        {
          "index_key": "roles/logging.viewer",
          "schema_version": 0,
          "attributes": {
            "condition": [],
            "etag": "BwYycZe/N3c=",
            "id": "890114964408/roles/logging.viewer",
            "members": [
              "group:gcp-devops@jplaudani.joonix.net",
              "serviceAccount:jp-prod-bootstrap-0r@jp-prod-iac-core-0.iam.gserviceaccount.com",
              "serviceAccount:jp-prod-resman-0r@jp-prod-iac-core-0.iam.gserviceaccount.com"
            ],
            "org_id": "890114964408",
            "role": "roles/logging.viewer"
          },
          "sensitive_attributes": [],
          "private": "bnVsbA==",
          "dependencies": [
            "module.automation-project.data.google_bigquery_default_service_account.bq_sa",
            "module.automation-project.data.google_project.project",
            "module.automation-project.data.google_storage_project_service_account.gcs_sa",
            "module.automation-project.google_access_context_manager_service_perimeter_dry_run_resource.default",
            "module.automation-project.google_access_context_manager_service_perimeter_resource.default",
            "module.automation-project.google_compute_shared_vpc_host_project.shared_vpc_host",
            "module.automation-project.google_compute_shared_vpc_service_project.service_projects",
            "module.automation-project.google_compute_shared_vpc_service_project.shared_vpc_service",
            "module.automation-project.google_kms_crypto_key_iam_member.service_agent_cmek",
            "module.automation-project.google_org_policy_policy.default",
            "module.automation-project.google_project.project",
            "module.automation-project.google_project_default_service_accounts.default_service_accounts",
            "module.automation-project.google_project_iam_member.service_agents",
            "module.automation-project.google_project_iam_member.shared_vpc_host_robots",
            "module.automation-project.google_project_service.project_services",
            "module.automation-project.google_project_service_identity.default",
            "module.automation-tf-bootstrap-r-sa.data.google_service_account.service_account",
            "module.automation-tf-bootstrap-r-sa.google_service_account.service_account",
            "module.automation-tf-bootstrap-sa.data.google_service_account.service_account",
            "module.automation-tf-bootstrap-sa.google_service_account.service_account",
            "module.automation-tf-resman-r-sa.data.google_service_account.service_account",
            "module.automation-tf-resman-r-sa.google_service_account.service_account",
            "module.automation-tf-resman-sa.data.google_service_account.service_account",
            "module.automation-tf-resman-sa.google_service_account.service_account",
            "module.automation-tf-vpcsc-r-sa.data.google_service_account.service_account",
            "module.automation-tf-vpcsc-r-sa.google_service_account.service_account",
            "module.automation-tf-vpcsc-sa.data.google_service_account.service_account",
            "module.automation-tf-vpcsc-sa.google_service_account.service_account",
            "module.organization-logging.google_logging_organization_settings.default",
            "module.organization-logging.google_org_policy_custom_constraint.constraint",
            "module.organization-logging.google_org_policy_policy.default",
            "module.organization-logging.google_organization_iam_binding.authoritative",
            "module.organization-logging.google_organization_iam_binding.bindings",
            "module.organization-logging.google_organization_iam_custom_role.roles",
            "module.organization-logging.google_organization_iam_member.bindings",
            "module.organization-logging.google_tags_tag_key.default",
            "module.organization-logging.google_tags_tag_key_iam_binding.default",
            "module.organization-logging.google_tags_tag_value.default",
            "module.organization-logging.google_tags_tag_value_iam_binding.default"
          ]
        },
        {
          "index_key": "roles/monitoring.viewer",
          "schema_version": 0,
          "attributes": {
            "condition": [],
            "etag": "BwYycZe/N3c=",
            "id": "890114964408/roles/monitoring.viewer",
            "members": [
              "group:gcp-devops@jplaudani.joonix.net"
            ],
            "org_id": "890114964408",
            "role": "roles/monitoring.viewer"
          },
          "sensitive_attributes": [],
          "private": "bnVsbA==",
          "dependencies": [
            "module.automation-project.data.google_bigquery_default_service_account.bq_sa",
            "module.automation-project.data.google_project.project",
            "module.automation-project.data.google_storage_project_service_account.gcs_sa",
            "module.automation-project.google_access_context_manager_service_perimeter_dry_run_resource.default",
            "module.automation-project.google_access_context_manager_service_perimeter_resource.default",
            "module.automation-project.google_compute_shared_vpc_host_project.shared_vpc_host",
            "module.automation-project.google_compute_shared_vpc_service_project.service_projects",
            "module.automation-project.google_compute_shared_vpc_service_project.shared_vpc_service",
            "module.automation-project.google_kms_crypto_key_iam_member.service_agent_cmek",
            "module.automation-project.google_org_policy_policy.default",
            "module.automation-project.google_project.project",
            "module.automation-project.google_project_default_service_accounts.default_service_accounts",
            "module.automation-project.google_project_iam_member.service_agents",
            "module.automation-project.google_project_iam_member.shared_vpc_host_robots",
            "module.automation-project.google_project_service.project_services",
            "module.automation-project.google_project_service_identity.default",
            "module.automation-tf-bootstrap-r-sa.data.google_service_account.service_account",
            "module.automation-tf-bootstrap-r-sa.google_service_account.service_account",
            "module.automation-tf-bootstrap-sa.data.google_service_account.service_account",
            "module.automation-tf-bootstrap-sa.google_service_account.service_account",
            "module.automation-tf-resman-r-sa.data.google_service_account.service_account",
            "module.automation-tf-resman-r-sa.google_service_account.service_account",
            "module.automation-tf-resman-sa.data.google_service_account.service_account",
            "module.automation-tf-resman-sa.google_service_account.service_account",
            "module.automation-tf-vpcsc-r-sa.data.google_service_account.service_account",
            "module.automation-tf-vpcsc-r-sa.google_service_account.service_account",
            "module.automation-tf-vpcsc-sa.data.google_service_account.service_account",
            "module.automation-tf-vpcsc-sa.google_service_account.service_account",
            "module.organization-logging.google_logging_organization_settings.default",
            "module.organization-logging.google_org_policy_custom_constraint.constraint",
            "module.organization-logging.google_org_policy_policy.default",
            "module.organization-logging.google_organization_iam_binding.authoritative",
            "module.organization-logging.google_organization_iam_binding.bindings",
            "module.organization-logging.google_organization_iam_custom_role.roles",
            "module.organization-logging.google_organization_iam_member.bindings",
            "module.organization-logging.google_tags_tag_key.default",
            "module.organization-logging.google_tags_tag_key_iam_binding.default",
            "module.organization-logging.google_tags_tag_value.default",
            "module.organization-logging.google_tags_tag_value_iam_binding.default"
          ]
        },
        {
          "index_key": "roles/owner",
          "schema_version": 0,
          "attributes": {
            "condition": [],
            "etag": "BwYycZe/N3c=",
            "id": "890114964408/roles/owner",
            "members": [
              "group:gcp-organization-admins@jplaudani.joonix.net",
              "user:jp@jplaudani.joonix.net"
            ],
            "org_id": "890114964408",
            "role": "roles/owner"
          },
          "sensitive_attributes": [],
          "private": "bnVsbA==",
          "dependencies": [
            "module.automation-project.data.google_bigquery_default_service_account.bq_sa",
            "module.automation-project.data.google_project.project",
            "module.automation-project.data.google_storage_project_service_account.gcs_sa",
            "module.automation-project.google_access_context_manager_service_perimeter_dry_run_resource.default",
            "module.automation-project.google_access_context_manager_service_perimeter_resource.default",
            "module.automation-project.google_compute_shared_vpc_host_project.shared_vpc_host",
            "module.automation-project.google_compute_shared_vpc_service_project.service_projects",
            "module.automation-project.google_compute_shared_vpc_service_project.shared_vpc_service",
            "module.automation-project.google_kms_crypto_key_iam_member.service_agent_cmek",
            "module.automation-project.google_org_policy_policy.default",
            "module.automation-project.google_project.project",
            "module.automation-project.google_project_default_service_accounts.default_service_accounts",
            "module.automation-project.google_project_iam_member.service_agents",
            "module.automation-project.google_project_iam_member.shared_vpc_host_robots",
            "module.automation-project.google_project_service.project_services",
            "module.automation-project.google_project_service_identity.default",
            "module.automation-tf-bootstrap-r-sa.data.google_service_account.service_account",
            "module.automation-tf-bootstrap-r-sa.google_service_account.service_account",
            "module.automation-tf-bootstrap-sa.data.google_service_account.service_account",
            "module.automation-tf-bootstrap-sa.google_service_account.service_account",
            "module.automation-tf-resman-r-sa.data.google_service_account.service_account",
            "module.automation-tf-resman-r-sa.google_service_account.service_account",
            "module.automation-tf-resman-sa.data.google_service_account.service_account",
            "module.automation-tf-resman-sa.google_service_account.service_account",
            "module.automation-tf-vpcsc-r-sa.data.google_service_account.service_account",
            "module.automation-tf-vpcsc-r-sa.google_service_account.service_account",
            "module.automation-tf-vpcsc-sa.data.google_service_account.service_account",
            "module.automation-tf-vpcsc-sa.google_service_account.service_account",
            "module.organization-logging.google_logging_organization_settings.default",
            "module.organization-logging.google_org_policy_custom_constraint.constraint",
            "module.organization-logging.google_org_policy_policy.default",
            "module.organization-logging.google_organization_iam_binding.authoritative",
            "module.organization-logging.google_organization_iam_binding.bindings",
            "module.organization-logging.google_organization_iam_custom_role.roles",
            "module.organization-logging.google_organization_iam_member.bindings",
            "module.organization-logging.google_tags_tag_key.default",
            "module.organization-logging.google_tags_tag_key_iam_binding.default",
            "module.organization-logging.google_tags_tag_value.default",
            "module.organization-logging.google_tags_tag_value_iam_binding.default"
          ]
        },
        {
          "index_key": "roles/resourcemanager.folderAdmin",
          "schema_version": 0,
          "attributes": {
            "condition": [],
            "etag": "BwYycZe/N3c=",
            "id": "890114964408/roles/resourcemanager.folderAdmin",
            "members": [
              "group:gcp-organization-admins@jplaudani.joonix.net",
              "serviceAccount:jp-prod-resman-0@jp-prod-iac-core-0.iam.gserviceaccount.com"
            ],
            "org_id": "890114964408",
            "role": "roles/resourcemanager.folderAdmin"
          },
          "sensitive_attributes": [],
          "private": "bnVsbA==",
          "dependencies": [
            "module.automation-project.data.google_bigquery_default_service_account.bq_sa",
            "module.automation-project.data.google_project.project",
            "module.automation-project.data.google_storage_project_service_account.gcs_sa",
            "module.automation-project.google_access_context_manager_service_perimeter_dry_run_resource.default",
            "module.automation-project.google_access_context_manager_service_perimeter_resource.default",
            "module.automation-project.google_compute_shared_vpc_host_project.shared_vpc_host",
            "module.automation-project.google_compute_shared_vpc_service_project.service_projects",
            "module.automation-project.google_compute_shared_vpc_service_project.shared_vpc_service",
            "module.automation-project.google_kms_crypto_key_iam_member.service_agent_cmek",
            "module.automation-project.google_org_policy_policy.default",
            "module.automation-project.google_project.project",
            "module.automation-project.google_project_default_service_accounts.default_service_accounts",
            "module.automation-project.google_project_iam_member.service_agents",
            "module.automation-project.google_project_iam_member.shared_vpc_host_robots",
            "module.automation-project.google_project_service.project_services",
            "module.automation-project.google_project_service_identity.default",
            "module.automation-tf-bootstrap-r-sa.data.google_service_account.service_account",
            "module.automation-tf-bootstrap-r-sa.google_service_account.service_account",
            "module.automation-tf-bootstrap-sa.data.google_service_account.service_account",
            "module.automation-tf-bootstrap-sa.google_service_account.service_account",
            "module.automation-tf-resman-r-sa.data.google_service_account.service_account",
            "module.automation-tf-resman-r-sa.google_service_account.service_account",
            "module.automation-tf-resman-sa.data.google_service_account.service_account",
            "module.automation-tf-resman-sa.google_service_account.service_account",
            "module.automation-tf-vpcsc-r-sa.data.google_service_account.service_account",
            "module.automation-tf-vpcsc-r-sa.google_service_account.service_account",
            "module.automation-tf-vpcsc-sa.data.google_service_account.service_account",
            "module.automation-tf-vpcsc-sa.google_service_account.service_account",
            "module.organization-logging.google_logging_organization_settings.default",
            "module.organization-logging.google_org_policy_custom_constraint.constraint",
            "module.organization-logging.google_org_policy_policy.default",
            "module.organization-logging.google_organization_iam_binding.authoritative",
            "module.organization-logging.google_organization_iam_binding.bindings",
            "module.organization-logging.google_organization_iam_custom_role.roles",
            "module.organization-logging.google_organization_iam_member.bindings",
            "module.organization-logging.google_tags_tag_key.default",
            "module.organization-logging.google_tags_tag_key_iam_binding.default",
            "module.organization-logging.google_tags_tag_value.default",
            "module.organization-logging.google_tags_tag_value_iam_binding.default"
          ]
        },
        {
          "index_key": "roles/resourcemanager.folderViewer",
          "schema_version": 0,
          "attributes": {
            "condition": [],
            "etag": "BwYycZe/N3c=",
            "id": "890114964408/roles/resourcemanager.folderViewer",
            "members": [
              "serviceAccount:jp-prod-bootstrap-0r@jp-prod-iac-core-0.iam.gserviceaccount.com",
              "serviceAccount:jp-prod-resman-0r@jp-prod-iac-core-0.iam.gserviceaccount.com"
            ],
            "org_id": "890114964408",
            "role": "roles/resourcemanager.folderViewer"
          },
          "sensitive_attributes": [],
          "private": "bnVsbA==",
          "dependencies": [
            "module.automation-project.data.google_bigquery_default_service_account.bq_sa",
            "module.automation-project.data.google_project.project",
            "module.automation-project.data.google_storage_project_service_account.gcs_sa",
            "module.automation-project.google_access_context_manager_service_perimeter_dry_run_resource.default",
            "module.automation-project.google_access_context_manager_service_perimeter_resource.default",
            "module.automation-project.google_compute_shared_vpc_host_project.shared_vpc_host",
            "module.automation-project.google_compute_shared_vpc_service_project.service_projects",
            "module.automation-project.google_compute_shared_vpc_service_project.shared_vpc_service",
            "module.automation-project.google_kms_crypto_key_iam_member.service_agent_cmek",
            "module.automation-project.google_org_policy_policy.default",
            "module.automation-project.google_project.project",
            "module.automation-project.google_project_default_service_accounts.default_service_accounts",
            "module.automation-project.google_project_iam_member.service_agents",
            "module.automation-project.google_project_iam_member.shared_vpc_host_robots",
            "module.automation-project.google_project_service.project_services",
            "module.automation-project.google_project_service_identity.default",
            "module.automation-tf-bootstrap-r-sa.data.google_service_account.service_account",
            "module.automation-tf-bootstrap-r-sa.google_service_account.service_account",
            "module.automation-tf-bootstrap-sa.data.google_service_account.service_account",
            "module.automation-tf-bootstrap-sa.google_service_account.service_account",
            "module.automation-tf-resman-r-sa.data.google_service_account.service_account",
            "module.automation-tf-resman-r-sa.google_service_account.service_account",
            "module.automation-tf-resman-sa.data.google_service_account.service_account",
            "module.automation-tf-resman-sa.google_service_account.service_account",
            "module.automation-tf-vpcsc-r-sa.data.google_service_account.service_account",
            "module.automation-tf-vpcsc-r-sa.google_service_account.service_account",
            "module.automation-tf-vpcsc-sa.data.google_service_account.service_account",
            "module.automation-tf-vpcsc-sa.google_service_account.service_account",
            "module.organization-logging.google_logging_organization_settings.default",
            "module.organization-logging.google_org_policy_custom_constraint.constraint",
            "module.organization-logging.google_org_policy_policy.default",
            "module.organization-logging.google_organization_iam_binding.authoritative",
            "module.organization-logging.google_organization_iam_binding.bindings",
            "module.organization-logging.google_organization_iam_custom_role.roles",
            "module.organization-logging.google_organization_iam_member.bindings",
            "module.organization-logging.google_tags_tag_key.default",
            "module.organization-logging.google_tags_tag_key_iam_binding.default",
            "module.organization-logging.google_tags_tag_value.default",
            "module.organization-logging.google_tags_tag_value_iam_binding.default"
          ]
        },
        {
          "index_key": "roles/resourcemanager.organizationAdmin",
          "schema_version": 0,
          "attributes": {
            "condition": [],
            "etag": "BwYycZe/N3c=",
            "id": "890114964408/roles/resourcemanager.organizationAdmin",
            "members": [
              "group:gcp-organization-admins@jplaudani.joonix.net",
              "serviceAccount:jp-prod-bootstrap-0@jp-prod-iac-core-0.iam.gserviceaccount.com",
              "user:jp@jplaudani.joonix.net"
            ],
            "org_id": "890114964408",
            "role": "roles/resourcemanager.organizationAdmin"
          },
          "sensitive_attributes": [],
          "private": "bnVsbA==",
          "dependencies": [
            "module.automation-project.data.google_bigquery_default_service_account.bq_sa",
            "module.automation-project.data.google_project.project",
            "module.automation-project.data.google_storage_project_service_account.gcs_sa",
            "module.automation-project.google_access_context_manager_service_perimeter_dry_run_resource.default",
            "module.automation-project.google_access_context_manager_service_perimeter_resource.default",
            "module.automation-project.google_compute_shared_vpc_host_project.shared_vpc_host",
            "module.automation-project.google_compute_shared_vpc_service_project.service_projects",
            "module.automation-project.google_compute_shared_vpc_service_project.shared_vpc_service",
            "module.automation-project.google_kms_crypto_key_iam_member.service_agent_cmek",
            "module.automation-project.google_org_policy_policy.default",
            "module.automation-project.google_project.project",
            "module.automation-project.google_project_default_service_accounts.default_service_accounts",
            "module.automation-project.google_project_iam_member.service_agents",
            "module.automation-project.google_project_iam_member.shared_vpc_host_robots",
            "module.automation-project.google_project_service.project_services",
            "module.automation-project.google_project_service_identity.default",
            "module.automation-tf-bootstrap-r-sa.data.google_service_account.service_account",
            "module.automation-tf-bootstrap-r-sa.google_service_account.service_account",
            "module.automation-tf-bootstrap-sa.data.google_service_account.service_account",
            "module.automation-tf-bootstrap-sa.google_service_account.service_account",
            "module.automation-tf-resman-r-sa.data.google_service_account.service_account",
            "module.automation-tf-resman-r-sa.google_service_account.service_account",
            "module.automation-tf-resman-sa.data.google_service_account.service_account",
            "module.automation-tf-resman-sa.google_service_account.service_account",
            "module.automation-tf-vpcsc-r-sa.data.google_service_account.service_account",
            "module.automation-tf-vpcsc-r-sa.google_service_account.service_account",
            "module.automation-tf-vpcsc-sa.data.google_service_account.service_account",
            "module.automation-tf-vpcsc-sa.google_service_account.service_account",
            "module.organization-logging.google_logging_organization_settings.default",
            "module.organization-logging.google_org_policy_custom_constraint.constraint",
            "module.organization-logging.google_org_policy_policy.default",
            "module.organization-logging.google_organization_iam_binding.authoritative",
            "module.organization-logging.google_organization_iam_binding.bindings",
            "module.organization-logging.google_organization_iam_custom_role.roles",
            "module.organization-logging.google_organization_iam_member.bindings",
            "module.organization-logging.google_tags_tag_key.default",
            "module.organization-logging.google_tags_tag_key_iam_binding.default",
            "module.organization-logging.google_tags_tag_value.default",
            "module.organization-logging.google_tags_tag_value_iam_binding.default"
          ]
        },
        {
          "index_key": "roles/resourcemanager.projectCreator",
          "schema_version": 0,
          "attributes": {
            "condition": [],
            "etag": "BwYycZe/N3c=",
            "id": "890114964408/roles/resourcemanager.projectCreator",
            "members": [
              "group:gcp-organization-admins@jplaudani.joonix.net",
              "serviceAccount:jp-prod-bootstrap-0@jp-prod-iac-core-0.iam.gserviceaccount.com",
              "serviceAccount:jp-prod-resman-0@jp-prod-iac-core-0.iam.gserviceaccount.com",
              "user:jp@jplaudani.joonix.net"
            ],
            "org_id": "890114964408",
            "role": "roles/resourcemanager.projectCreator"
          },
          "sensitive_attributes": [],
          "private": "bnVsbA==",
          "dependencies": [
            "module.automation-project.data.google_bigquery_default_service_account.bq_sa",
            "module.automation-project.data.google_project.project",
            "module.automation-project.data.google_storage_project_service_account.gcs_sa",
            "module.automation-project.google_access_context_manager_service_perimeter_dry_run_resource.default",
            "module.automation-project.google_access_context_manager_service_perimeter_resource.default",
            "module.automation-project.google_compute_shared_vpc_host_project.shared_vpc_host",
            "module.automation-project.google_compute_shared_vpc_service_project.service_projects",
            "module.automation-project.google_compute_shared_vpc_service_project.shared_vpc_service",
            "module.automation-project.google_kms_crypto_key_iam_member.service_agent_cmek",
            "module.automation-project.google_org_policy_policy.default",
            "module.automation-project.google_project.project",
            "module.automation-project.google_project_default_service_accounts.default_service_accounts",
            "module.automation-project.google_project_iam_member.service_agents",
            "module.automation-project.google_project_iam_member.shared_vpc_host_robots",
            "module.automation-project.google_project_service.project_services",
            "module.automation-project.google_project_service_identity.default",
            "module.automation-tf-bootstrap-r-sa.data.google_service_account.service_account",
            "module.automation-tf-bootstrap-r-sa.google_service_account.service_account",
            "module.automation-tf-bootstrap-sa.data.google_service_account.service_account",
            "module.automation-tf-bootstrap-sa.google_service_account.service_account",
            "module.automation-tf-resman-r-sa.data.google_service_account.service_account",
            "module.automation-tf-resman-r-sa.google_service_account.service_account",
            "module.automation-tf-resman-sa.data.google_service_account.service_account",
            "module.automation-tf-resman-sa.google_service_account.service_account",
            "module.automation-tf-vpcsc-r-sa.data.google_service_account.service_account",
            "module.automation-tf-vpcsc-r-sa.google_service_account.service_account",
            "module.automation-tf-vpcsc-sa.data.google_service_account.service_account",
            "module.automation-tf-vpcsc-sa.google_service_account.service_account",
            "module.organization-logging.google_logging_organization_settings.default",
            "module.organization-logging.google_org_policy_custom_constraint.constraint",
            "module.organization-logging.google_org_policy_policy.default",
            "module.organization-logging.google_organization_iam_binding.authoritative",
            "module.organization-logging.google_organization_iam_binding.bindings",
            "module.organization-logging.google_organization_iam_custom_role.roles",
            "module.organization-logging.google_organization_iam_member.bindings",
            "module.organization-logging.google_tags_tag_key.default",
            "module.organization-logging.google_tags_tag_key_iam_binding.default",
            "module.organization-logging.google_tags_tag_value.default",
            "module.organization-logging.google_tags_tag_value_iam_binding.default"
          ]
        },
        {
          "index_key": "roles/resourcemanager.projectMover",
          "schema_version": 0,
          "attributes": {
            "condition": [],
            "etag": "BwYycZe/N3c=",
            "id": "890114964408/roles/resourcemanager.projectMover",
            "members": [
              "serviceAccount:jp-prod-bootstrap-0@jp-prod-iac-core-0.iam.gserviceaccount.com"
            ],
            "org_id": "890114964408",
            "role": "roles/resourcemanager.projectMover"
          },
          "sensitive_attributes": [],
          "private": "bnVsbA==",
          "dependencies": [
            "module.automation-project.data.google_bigquery_default_service_account.bq_sa",
            "module.automation-project.data.google_project.project",
            "module.automation-project.data.google_storage_project_service_account.gcs_sa",
            "module.automation-project.google_access_context_manager_service_perimeter_dry_run_resource.default",
            "module.automation-project.google_access_context_manager_service_perimeter_resource.default",
            "module.automation-project.google_compute_shared_vpc_host_project.shared_vpc_host",
            "module.automation-project.google_compute_shared_vpc_service_project.service_projects",
            "module.automation-project.google_compute_shared_vpc_service_project.shared_vpc_service",
            "module.automation-project.google_kms_crypto_key_iam_member.service_agent_cmek",
            "module.automation-project.google_org_policy_policy.default",
            "module.automation-project.google_project.project",
            "module.automation-project.google_project_default_service_accounts.default_service_accounts",
            "module.automation-project.google_project_iam_member.service_agents",
            "module.automation-project.google_project_iam_member.shared_vpc_host_robots",
            "module.automation-project.google_project_service.project_services",
            "module.automation-project.google_project_service_identity.default",
            "module.automation-tf-bootstrap-r-sa.data.google_service_account.service_account",
            "module.automation-tf-bootstrap-r-sa.google_service_account.service_account",
            "module.automation-tf-bootstrap-sa.data.google_service_account.service_account",
            "module.automation-tf-bootstrap-sa.google_service_account.service_account",
            "module.automation-tf-resman-r-sa.data.google_service_account.service_account",
            "module.automation-tf-resman-r-sa.google_service_account.service_account",
            "module.automation-tf-resman-sa.data.google_service_account.service_account",
            "module.automation-tf-resman-sa.google_service_account.service_account",
            "module.automation-tf-vpcsc-r-sa.data.google_service_account.service_account",
            "module.automation-tf-vpcsc-r-sa.google_service_account.service_account",
            "module.automation-tf-vpcsc-sa.data.google_service_account.service_account",
            "module.automation-tf-vpcsc-sa.google_service_account.service_account",
            "module.organization-logging.google_logging_organization_settings.default",
            "module.organization-logging.google_org_policy_custom_constraint.constraint",
            "module.organization-logging.google_org_policy_policy.default",
            "module.organization-logging.google_organization_iam_binding.authoritative",
            "module.organization-logging.google_organization_iam_binding.bindings",
            "module.organization-logging.google_organization_iam_custom_role.roles",
            "module.organization-logging.google_organization_iam_member.bindings",
            "module.organization-logging.google_tags_tag_key.default",
            "module.organization-logging.google_tags_tag_key_iam_binding.default",
            "module.organization-logging.google_tags_tag_value.default",
            "module.organization-logging.google_tags_tag_value_iam_binding.default"
          ]
        },
        {
          "index_key": "roles/resourcemanager.tagAdmin",
          "schema_version": 0,
          "attributes": {
            "condition": [],
            "etag": "BwYycZe/N3c=",
            "id": "890114964408/roles/resourcemanager.tagAdmin",
            "members": [
              "group:gcp-organization-admins@jplaudani.joonix.net",
              "serviceAccount:jp-prod-bootstrap-0@jp-prod-iac-core-0.iam.gserviceaccount.com",
              "serviceAccount:jp-prod-resman-0@jp-prod-iac-core-0.iam.gserviceaccount.com",
              "user:jp@jplaudani.joonix.net"
            ],
            "org_id": "890114964408",
            "role": "roles/resourcemanager.tagAdmin"
          },
          "sensitive_attributes": [],
          "private": "bnVsbA==",
          "dependencies": [
            "module.automation-project.data.google_bigquery_default_service_account.bq_sa",
            "module.automation-project.data.google_project.project",
            "module.automation-project.data.google_storage_project_service_account.gcs_sa",
            "module.automation-project.google_access_context_manager_service_perimeter_dry_run_resource.default",
            "module.automation-project.google_access_context_manager_service_perimeter_resource.default",
            "module.automation-project.google_compute_shared_vpc_host_project.shared_vpc_host",
            "module.automation-project.google_compute_shared_vpc_service_project.service_projects",
            "module.automation-project.google_compute_shared_vpc_service_project.shared_vpc_service",
            "module.automation-project.google_kms_crypto_key_iam_member.service_agent_cmek",
            "module.automation-project.google_org_policy_policy.default",
            "module.automation-project.google_project.project",
            "module.automation-project.google_project_default_service_accounts.default_service_accounts",
            "module.automation-project.google_project_iam_member.service_agents",
            "module.automation-project.google_project_iam_member.shared_vpc_host_robots",
            "module.automation-project.google_project_service.project_services",
            "module.automation-project.google_project_service_identity.default",
            "module.automation-tf-bootstrap-r-sa.data.google_service_account.service_account",
            "module.automation-tf-bootstrap-r-sa.google_service_account.service_account",
            "module.automation-tf-bootstrap-sa.data.google_service_account.service_account",
            "module.automation-tf-bootstrap-sa.google_service_account.service_account",
            "module.automation-tf-resman-r-sa.data.google_service_account.service_account",
            "module.automation-tf-resman-r-sa.google_service_account.service_account",
            "module.automation-tf-resman-sa.data.google_service_account.service_account",
            "module.automation-tf-resman-sa.google_service_account.service_account",
            "module.automation-tf-vpcsc-r-sa.data.google_service_account.service_account",
            "module.automation-tf-vpcsc-r-sa.google_service_account.service_account",
            "module.automation-tf-vpcsc-sa.data.google_service_account.service_account",
            "module.automation-tf-vpcsc-sa.google_service_account.service_account",
            "module.organization-logging.google_logging_organization_settings.default",
            "module.organization-logging.google_org_policy_custom_constraint.constraint",
            "module.organization-logging.google_org_policy_policy.default",
            "module.organization-logging.google_organization_iam_binding.authoritative",
            "module.organization-logging.google_organization_iam_binding.bindings",
            "module.organization-logging.google_organization_iam_custom_role.roles",
            "module.organization-logging.google_organization_iam_member.bindings",
            "module.organization-logging.google_tags_tag_key.default",
            "module.organization-logging.google_tags_tag_key_iam_binding.default",
            "module.organization-logging.google_tags_tag_value.default",
            "module.organization-logging.google_tags_tag_value_iam_binding.default"
          ]
        },
        {
          "index_key": "roles/resourcemanager.tagUser",
          "schema_version": 0,
          "attributes": {
            "condition": [],
            "etag": "BwYycZe/N3c=",
            "id": "890114964408/roles/resourcemanager.tagUser",
            "members": [
              "serviceAccount:jp-prod-resman-0@jp-prod-iac-core-0.iam.gserviceaccount.com",
              "serviceAccount:latchkey-google-stage4-tag-automation@system.gserviceaccount.com"
            ],
            "org_id": "890114964408",
            "role": "roles/resourcemanager.tagUser"
          },
          "sensitive_attributes": [],
          "private": "bnVsbA==",
          "dependencies": [
            "module.automation-project.data.google_bigquery_default_service_account.bq_sa",
            "module.automation-project.data.google_project.project",
            "module.automation-project.data.google_storage_project_service_account.gcs_sa",
            "module.automation-project.google_access_context_manager_service_perimeter_dry_run_resource.default",
            "module.automation-project.google_access_context_manager_service_perimeter_resource.default",
            "module.automation-project.google_compute_shared_vpc_host_project.shared_vpc_host",
            "module.automation-project.google_compute_shared_vpc_service_project.service_projects",
            "module.automation-project.google_compute_shared_vpc_service_project.shared_vpc_service",
            "module.automation-project.google_kms_crypto_key_iam_member.service_agent_cmek",
            "module.automation-project.google_org_policy_policy.default",
            "module.automation-project.google_project.project",
            "module.automation-project.google_project_default_service_accounts.default_service_accounts",
            "module.automation-project.google_project_iam_member.service_agents",
            "module.automation-project.google_project_iam_member.shared_vpc_host_robots",
            "module.automation-project.google_project_service.project_services",
            "module.automation-project.google_project_service_identity.default",
            "module.automation-tf-bootstrap-r-sa.data.google_service_account.service_account",
            "module.automation-tf-bootstrap-r-sa.google_service_account.service_account",
            "module.automation-tf-bootstrap-sa.data.google_service_account.service_account",
            "module.automation-tf-bootstrap-sa.google_service_account.service_account",
            "module.automation-tf-resman-r-sa.data.google_service_account.service_account",
            "module.automation-tf-resman-r-sa.google_service_account.service_account",
            "module.automation-tf-resman-sa.data.google_service_account.service_account",
            "module.automation-tf-resman-sa.google_service_account.service_account",
            "module.automation-tf-vpcsc-r-sa.data.google_service_account.service_account",
            "module.automation-tf-vpcsc-r-sa.google_service_account.service_account",
            "module.automation-tf-vpcsc-sa.data.google_service_account.service_account",
            "module.automation-tf-vpcsc-sa.google_service_account.service_account",
            "module.organization-logging.google_logging_organization_settings.default",
            "module.organization-logging.google_org_policy_custom_constraint.constraint",
            "module.organization-logging.google_org_policy_policy.default",
            "module.organization-logging.google_organization_iam_binding.authoritative",
            "module.organization-logging.google_organization_iam_binding.bindings",
            "module.organization-logging.google_organization_iam_custom_role.roles",
            "module.organization-logging.google_organization_iam_member.bindings",
            "module.organization-logging.google_tags_tag_key.default",
            "module.organization-logging.google_tags_tag_key_iam_binding.default",
            "module.organization-logging.google_tags_tag_value.default",
            "module.organization-logging.google_tags_tag_value_iam_binding.default"
          ]
        },
        {
          "index_key": "roles/resourcemanager.tagViewer",
          "schema_version": 0,
          "attributes": {
            "condition": [],
            "etag": "BwYycZe/N3c=",
            "id": "890114964408/roles/resourcemanager.tagViewer",
            "members": [
              "serviceAccount:jp-prod-bootstrap-0r@jp-prod-iac-core-0.iam.gserviceaccount.com",
              "serviceAccount:jp-prod-resman-0r@jp-prod-iac-core-0.iam.gserviceaccount.com"
            ],
            "org_id": "890114964408",
            "role": "roles/resourcemanager.tagViewer"
          },
          "sensitive_attributes": [],
          "private": "bnVsbA==",
          "dependencies": [
            "module.automation-project.data.google_bigquery_default_service_account.bq_sa",
            "module.automation-project.data.google_project.project",
            "module.automation-project.data.google_storage_project_service_account.gcs_sa",
            "module.automation-project.google_access_context_manager_service_perimeter_dry_run_resource.default",
            "module.automation-project.google_access_context_manager_service_perimeter_resource.default",
            "module.automation-project.google_compute_shared_vpc_host_project.shared_vpc_host",
            "module.automation-project.google_compute_shared_vpc_service_project.service_projects",
            "module.automation-project.google_compute_shared_vpc_service_project.shared_vpc_service",
            "module.automation-project.google_kms_crypto_key_iam_member.service_agent_cmek",
            "module.automation-project.google_org_policy_policy.default",
            "module.automation-project.google_project.project",
            "module.automation-project.google_project_default_service_accounts.default_service_accounts",
            "module.automation-project.google_project_iam_member.service_agents",
            "module.automation-project.google_project_iam_member.shared_vpc_host_robots",
            "module.automation-project.google_project_service.project_services",
            "module.automation-project.google_project_service_identity.default",
            "module.automation-tf-bootstrap-r-sa.data.google_service_account.service_account",
            "module.automation-tf-bootstrap-r-sa.google_service_account.service_account",
            "module.automation-tf-bootstrap-sa.data.google_service_account.service_account",
            "module.automation-tf-bootstrap-sa.google_service_account.service_account",
            "module.automation-tf-resman-r-sa.data.google_service_account.service_account",
            "module.automation-tf-resman-r-sa.google_service_account.service_account",
            "module.automation-tf-resman-sa.data.google_service_account.service_account",
            "module.automation-tf-resman-sa.google_service_account.service_account",
            "module.automation-tf-vpcsc-r-sa.data.google_service_account.service_account",
            "module.automation-tf-vpcsc-r-sa.google_service_account.service_account",
            "module.automation-tf-vpcsc-sa.data.google_service_account.service_account",
            "module.automation-tf-vpcsc-sa.google_service_account.service_account",
            "module.organization-logging.google_logging_organization_settings.default",
            "module.organization-logging.google_org_policy_custom_constraint.constraint",
            "module.organization-logging.google_org_policy_policy.default",
            "module.organization-logging.google_organization_iam_binding.authoritative",
            "module.organization-logging.google_organization_iam_binding.bindings",
            "module.organization-logging.google_organization_iam_custom_role.roles",
            "module.organization-logging.google_organization_iam_member.bindings",
            "module.organization-logging.google_tags_tag_key.default",
            "module.organization-logging.google_tags_tag_key_iam_binding.default",
            "module.organization-logging.google_tags_tag_value.default",
            "module.organization-logging.google_tags_tag_value_iam_binding.default"
          ]
        },
        {
          "index_key": "roles/securitycenter.admin",
          "schema_version": 0,
          "attributes": {
            "condition": [],
            "etag": "BwYycZe/N3c=",
            "id": "890114964408/roles/securitycenter.admin",
            "members": [
              "group:gcp-security-admins@jplaudani.joonix.net"
            ],
            "org_id": "890114964408",
            "role": "roles/securitycenter.admin"
          },
          "sensitive_attributes": [],
          "private": "bnVsbA==",
          "dependencies": [
            "module.automation-project.data.google_bigquery_default_service_account.bq_sa",
            "module.automation-project.data.google_project.project",
            "module.automation-project.data.google_storage_project_service_account.gcs_sa",
            "module.automation-project.google_access_context_manager_service_perimeter_dry_run_resource.default",
            "module.automation-project.google_access_context_manager_service_perimeter_resource.default",
            "module.automation-project.google_compute_shared_vpc_host_project.shared_vpc_host",
            "module.automation-project.google_compute_shared_vpc_service_project.service_projects",
            "module.automation-project.google_compute_shared_vpc_service_project.shared_vpc_service",
            "module.automation-project.google_kms_crypto_key_iam_member.service_agent_cmek",
            "module.automation-project.google_org_policy_policy.default",
            "module.automation-project.google_project.project",
            "module.automation-project.google_project_default_service_accounts.default_service_accounts",
            "module.automation-project.google_project_iam_member.service_agents",
            "module.automation-project.google_project_iam_member.shared_vpc_host_robots",
            "module.automation-project.google_project_service.project_services",
            "module.automation-project.google_project_service_identity.default",
            "module.automation-tf-bootstrap-r-sa.data.google_service_account.service_account",
            "module.automation-tf-bootstrap-r-sa.google_service_account.service_account",
            "module.automation-tf-bootstrap-sa.data.google_service_account.service_account",
            "module.automation-tf-bootstrap-sa.google_service_account.service_account",
            "module.automation-tf-resman-r-sa.data.google_service_account.service_account",
            "module.automation-tf-resman-r-sa.google_service_account.service_account",
            "module.automation-tf-resman-sa.data.google_service_account.service_account",
            "module.automation-tf-resman-sa.google_service_account.service_account",
            "module.automation-tf-vpcsc-r-sa.data.google_service_account.service_account",
            "module.automation-tf-vpcsc-r-sa.google_service_account.service_account",
            "module.automation-tf-vpcsc-sa.data.google_service_account.service_account",
            "module.automation-tf-vpcsc-sa.google_service_account.service_account",
            "module.organization-logging.google_logging_organization_settings.default",
            "module.organization-logging.google_org_policy_custom_constraint.constraint",
            "module.organization-logging.google_org_policy_policy.default",
            "module.organization-logging.google_organization_iam_binding.authoritative",
            "module.organization-logging.google_organization_iam_binding.bindings",
            "module.organization-logging.google_organization_iam_custom_role.roles",
            "module.organization-logging.google_organization_iam_member.bindings",
            "module.organization-logging.google_tags_tag_key.default",
            "module.organization-logging.google_tags_tag_key_iam_binding.default",
            "module.organization-logging.google_tags_tag_value.default",
            "module.organization-logging.google_tags_tag_value_iam_binding.default"
          ]
        },
        {
          "index_key": "roles/serviceusage.serviceUsageViewer",
          "schema_version": 0,
          "attributes": {
            "condition": [],
            "etag": "BwYycZe/N3c=",
            "id": "890114964408/roles/serviceusage.serviceUsageViewer",
            "members": [
              "serviceAccount:jp-prod-resman-0r@jp-prod-iac-core-0.iam.gserviceaccount.com"
            ],
            "org_id": "890114964408",
            "role": "roles/serviceusage.serviceUsageViewer"
          },
          "sensitive_attributes": [],
          "private": "bnVsbA==",
          "dependencies": [
            "module.automation-project.data.google_bigquery_default_service_account.bq_sa",
            "module.automation-project.data.google_project.project",
            "module.automation-project.data.google_storage_project_service_account.gcs_sa",
            "module.automation-project.google_access_context_manager_service_perimeter_dry_run_resource.default",
            "module.automation-project.google_access_context_manager_service_perimeter_resource.default",
            "module.automation-project.google_compute_shared_vpc_host_project.shared_vpc_host",
            "module.automation-project.google_compute_shared_vpc_service_project.service_projects",
            "module.automation-project.google_compute_shared_vpc_service_project.shared_vpc_service",
            "module.automation-project.google_kms_crypto_key_iam_member.service_agent_cmek",
            "module.automation-project.google_org_policy_policy.default",
            "module.automation-project.google_project.project",
            "module.automation-project.google_project_default_service_accounts.default_service_accounts",
            "module.automation-project.google_project_iam_member.service_agents",
            "module.automation-project.google_project_iam_member.shared_vpc_host_robots",
            "module.automation-project.google_project_service.project_services",
            "module.automation-project.google_project_service_identity.default",
            "module.automation-tf-bootstrap-r-sa.data.google_service_account.service_account",
            "module.automation-tf-bootstrap-r-sa.google_service_account.service_account",
            "module.automation-tf-bootstrap-sa.data.google_service_account.service_account",
            "module.automation-tf-bootstrap-sa.google_service_account.service_account",
            "module.automation-tf-resman-r-sa.data.google_service_account.service_account",
            "module.automation-tf-resman-r-sa.google_service_account.service_account",
            "module.automation-tf-resman-sa.data.google_service_account.service_account",
            "module.automation-tf-resman-sa.google_service_account.service_account",
            "module.automation-tf-vpcsc-r-sa.data.google_service_account.service_account",
            "module.automation-tf-vpcsc-r-sa.google_service_account.service_account",
            "module.automation-tf-vpcsc-sa.data.google_service_account.service_account",
            "module.automation-tf-vpcsc-sa.google_service_account.service_account",
            "module.organization-logging.google_logging_organization_settings.default",
            "module.organization-logging.google_org_policy_custom_constraint.constraint",
            "module.organization-logging.google_org_policy_policy.default",
            "module.organization-logging.google_organization_iam_binding.authoritative",
            "module.organization-logging.google_organization_iam_binding.bindings",
            "module.organization-logging.google_organization_iam_custom_role.roles",
            "module.organization-logging.google_organization_iam_member.bindings",
            "module.organization-logging.google_tags_tag_key.default",
            "module.organization-logging.google_tags_tag_key_iam_binding.default",
            "module.organization-logging.google_tags_tag_value.default",
            "module.organization-logging.google_tags_tag_value_iam_binding.default"
          ]
        }
      ]
    },
    {
      "module": "module.organization",
      "mode": "managed",
      "type": "google_organization_iam_binding",
      "name": "bindings",
      "provider": "provider[\"registry.terraform.io/hashicorp/google\"]",
      "instances": [
        {
          "index_key": "organization_iam_admin_conditional",
          "schema_version": 0,
          "attributes": {
            "condition": [
              {
                "description": "Automation service account delegated grants.",
                "expression": "api.getAttribute('iam.googleapis.com/modifiedGrantsByRole', []).hasOnly(['roles/accesscontextmanager.policyAdmin','roles/cloudasset.viewer','roles/compute.orgFirewallPolicyAdmin','roles/compute.orgFirewallPolicyUser','roles/compute.xpnAdmin','roles/orgpolicy.policyAdmin','roles/orgpolicy.policyViewer','roles/resourcemanager.organizationViewer'])\n|| api.getAttribute('iam.googleapis.com/modifiedGrantsByRole', []).hasOnly(['organizations/890114964408/roles/billingViewer','organizations/890114964408/roles/networkFirewallPoliciesAdmin','organizations/890114964408/roles/ngfwEnterpriseAdmin','organizations/890114964408/roles/ngfwEnterpriseViewer','organizations/890114964408/roles/serviceProjectNetworkAdmin','organizations/890114964408/roles/tenantNetworkAdmin'])\n",
                "title": "automation_sa_delegated_grants"
              }
            ],
            "etag": "BwYycZe/N3c=",
            "id": "890114964408/organizations/890114964408/roles/organizationIamAdmin/automation_sa_delegated_grants/Automation service account delegated grants./api.getAttribute('iam.googleapis.com/modifiedGrantsByRole', []).hasOnly(['roles/accesscontextmanager.policyAdmin','roles/cloudasset.viewer','roles/compute.orgFirewallPolicyAdmin','roles/compute.orgFirewallPolicyUser','roles/compute.xpnAdmin','roles/orgpolicy.policyAdmin','roles/orgpolicy.policyViewer','roles/resourcemanager.organizationViewer'])\n|| api.getAttribute('iam.googleapis.com/modifiedGrantsByRole', []).hasOnly(['organizations/890114964408/roles/billingViewer','organizations/890114964408/roles/networkFirewallPoliciesAdmin','organizations/890114964408/roles/ngfwEnterpriseAdmin','organizations/890114964408/roles/ngfwEnterpriseViewer','organizations/890114964408/roles/serviceProjectNetworkAdmin','organizations/890114964408/roles/tenantNetworkAdmin'])\n",
            "members": [
              "serviceAccount:jp-prod-resman-0@jp-prod-iac-core-0.iam.gserviceaccount.com"
            ],
            "org_id": "890114964408",
            "role": "organizations/890114964408/roles/organizationIamAdmin"
          },
          "sensitive_attributes": [],
          "private": "bnVsbA==",
          "dependencies": [
            "module.automation-project.data.google_bigquery_default_service_account.bq_sa",
            "module.automation-project.data.google_project.project",
            "module.automation-project.data.google_storage_project_service_account.gcs_sa",
            "module.automation-project.google_access_context_manager_service_perimeter_dry_run_resource.default",
            "module.automation-project.google_access_context_manager_service_perimeter_resource.default",
            "module.automation-project.google_compute_shared_vpc_host_project.shared_vpc_host",
            "module.automation-project.google_compute_shared_vpc_service_project.service_projects",
            "module.automation-project.google_compute_shared_vpc_service_project.shared_vpc_service",
            "module.automation-project.google_kms_crypto_key_iam_member.service_agent_cmek",
            "module.automation-project.google_org_policy_policy.default",
            "module.automation-project.google_project.project",
            "module.automation-project.google_project_default_service_accounts.default_service_accounts",
            "module.automation-project.google_project_iam_member.service_agents",
            "module.automation-project.google_project_iam_member.shared_vpc_host_robots",
            "module.automation-project.google_project_service.project_services",
            "module.automation-project.google_project_service_identity.default",
            "module.automation-tf-resman-sa.data.google_service_account.service_account",
            "module.automation-tf-resman-sa.google_service_account.service_account",
            "module.organization-logging.google_logging_organization_settings.default",
            "module.organization-logging.google_org_policy_custom_constraint.constraint",
            "module.organization-logging.google_org_policy_policy.default",
            "module.organization-logging.google_organization_iam_binding.authoritative",
            "module.organization-logging.google_organization_iam_binding.bindings",
            "module.organization-logging.google_organization_iam_custom_role.roles",
            "module.organization-logging.google_organization_iam_member.bindings",
            "module.organization-logging.google_tags_tag_key.default",
            "module.organization-logging.google_tags_tag_key_iam_binding.default",
            "module.organization-logging.google_tags_tag_value.default",
            "module.organization-logging.google_tags_tag_value_iam_binding.default",
            "module.organization.google_organization_iam_custom_role.roles"
          ]
        }
      ]
    },
    {
      "module": "module.organization",
      "mode": "managed",
      "type": "google_organization_iam_custom_role",
      "name": "roles",
      "provider": "provider[\"registry.terraform.io/hashicorp/google\"]",
      "instances": [
        {
          "index_key": "billing_viewer",
          "schema_version": 0,
          "attributes": {
            "deleted": false,
            "description": "Terraform-managed.",
            "id": "organizations/890114964408/roles/billingViewer",
            "name": "organizations/890114964408/roles/billingViewer",
            "org_id": "890114964408",
            "permissions": [
              "billing.accounts.get",
              "billing.accounts.getIamPolicy",
              "billing.accounts.getSpendingInformation",
              "billing.accounts.getUsageExportSpec",
              "billing.accounts.list",
              "billing.budgets.get",
              "billing.budgets.list",
              "billing.budgets.update",
              "billing.credits.list",
              "billing.resourceAssociations.list",
              "recommender.costInsights.get",
              "recommender.costInsights.list"
            ],
            "role_id": "billingViewer",
            "stage": "GA",
            "title": "Custom role billingViewer"
          },
          "sensitive_attributes": [],
          "private": "bnVsbA==",
          "dependencies": [
            "module.organization-logging.google_logging_organization_settings.default",
            "module.organization-logging.google_org_policy_custom_constraint.constraint",
            "module.organization-logging.google_org_policy_policy.default",
            "module.organization-logging.google_organization_iam_binding.authoritative",
            "module.organization-logging.google_organization_iam_binding.bindings",
            "module.organization-logging.google_organization_iam_custom_role.roles",
            "module.organization-logging.google_organization_iam_member.bindings",
            "module.organization-logging.google_tags_tag_key.default",
            "module.organization-logging.google_tags_tag_key_iam_binding.default",
            "module.organization-logging.google_tags_tag_value.default",
            "module.organization-logging.google_tags_tag_value_iam_binding.default"
          ]
        },
        {
          "index_key": "gcve_network_admin",
          "schema_version": 0,
          "attributes": {
            "deleted": false,
            "description": "Terraform-managed.",
            "id": "organizations/890114964408/roles/gcveNetworkAdmin",
            "name": "organizations/890114964408/roles/gcveNetworkAdmin",
            "org_id": "890114964408",
            "permissions": [
              "vmwareengine.networkPeerings.create",
              "vmwareengine.networkPeerings.delete",
              "vmwareengine.networkPeerings.get",
              "vmwareengine.networkPeerings.list",
              "vmwareengine.operations.get"
            ],
            "role_id": "gcveNetworkAdmin",
            "stage": "GA",
            "title": "Custom role gcveNetworkAdmin"
          },
          "sensitive_attributes": [],
          "private": "bnVsbA==",
          "dependencies": [
            "module.organization-logging.google_logging_organization_settings.default",
            "module.organization-logging.google_org_policy_custom_constraint.constraint",
            "module.organization-logging.google_org_policy_policy.default",
            "module.organization-logging.google_organization_iam_binding.authoritative",
            "module.organization-logging.google_organization_iam_binding.bindings",
            "module.organization-logging.google_organization_iam_custom_role.roles",
            "module.organization-logging.google_organization_iam_member.bindings",
            "module.organization-logging.google_tags_tag_key.default",
            "module.organization-logging.google_tags_tag_key_iam_binding.default",
            "module.organization-logging.google_tags_tag_value.default",
            "module.organization-logging.google_tags_tag_value_iam_binding.default"
          ]
        },
        {
          "index_key": "gcve_network_viewer",
          "schema_version": 0,
          "attributes": {
            "deleted": false,
            "description": "Terraform-managed.",
            "id": "organizations/890114964408/roles/gcveNetworkViewer",
            "name": "organizations/890114964408/roles/gcveNetworkViewer",
            "org_id": "890114964408",
            "permissions": [
              "vmwareengine.networkPeerings.get",
              "vmwareengine.networkPeerings.list",
              "vmwareengine.operations.get"
            ],
            "role_id": "gcveNetworkViewer",
            "stage": "GA",
            "title": "Custom role gcveNetworkViewer"
          },
          "sensitive_attributes": [],
          "private": "bnVsbA==",
          "dependencies": [
            "module.organization-logging.google_logging_organization_settings.default",
            "module.organization-logging.google_org_policy_custom_constraint.constraint",
            "module.organization-logging.google_org_policy_policy.default",
            "module.organization-logging.google_organization_iam_binding.authoritative",
            "module.organization-logging.google_organization_iam_binding.bindings",
            "module.organization-logging.google_organization_iam_custom_role.roles",
            "module.organization-logging.google_organization_iam_member.bindings",
            "module.organization-logging.google_tags_tag_key.default",
            "module.organization-logging.google_tags_tag_key_iam_binding.default",
            "module.organization-logging.google_tags_tag_value.default",
            "module.organization-logging.google_tags_tag_value_iam_binding.default"
          ]
        },
        {
          "index_key": "network_firewall_policies_admin",
          "schema_version": 0,
          "attributes": {
            "deleted": false,
            "description": "Terraform-managed.",
            "id": "organizations/890114964408/roles/networkFirewallPoliciesAdmin",
            "name": "organizations/890114964408/roles/networkFirewallPoliciesAdmin",
            "org_id": "890114964408",
            "permissions": [
              "compute.networks.setFirewallPolicy",
              "networksecurity.firewallEndpointAssociations.create",
              "networksecurity.firewallEndpointAssociations.delete",
              "networksecurity.firewallEndpointAssociations.get",
              "networksecurity.firewallEndpointAssociations.list",
              "networksecurity.firewallEndpointAssociations.update"
            ],
            "role_id": "networkFirewallPoliciesAdmin",
            "stage": "GA",
            "title": "Custom role networkFirewallPoliciesAdmin"
          },
          "sensitive_attributes": [],
          "private": "bnVsbA==",
          "dependencies": [
            "module.organization-logging.google_logging_organization_settings.default",
            "module.organization-logging.google_org_policy_custom_constraint.constraint",
            "module.organization-logging.google_org_policy_policy.default",
            "module.organization-logging.google_organization_iam_binding.authoritative",
            "module.organization-logging.google_organization_iam_binding.bindings",
            "module.organization-logging.google_organization_iam_custom_role.roles",
            "module.organization-logging.google_organization_iam_member.bindings",
            "module.organization-logging.google_tags_tag_key.default",
            "module.organization-logging.google_tags_tag_key_iam_binding.default",
            "module.organization-logging.google_tags_tag_value.default",
            "module.organization-logging.google_tags_tag_value_iam_binding.default"
          ]
        },
        {
          "index_key": "ngfw_enterprise_admin",
          "schema_version": 0,
          "attributes": {
            "deleted": false,
            "description": "Terraform-managed.",
            "id": "organizations/890114964408/roles/ngfwEnterpriseAdmin",
            "name": "organizations/890114964408/roles/ngfwEnterpriseAdmin",
            "org_id": "890114964408",
            "permissions": [
              "networksecurity.firewallEndpoints.create",
              "networksecurity.firewallEndpoints.delete",
              "networksecurity.firewallEndpoints.get",
              "networksecurity.firewallEndpoints.list",
              "networksecurity.firewallEndpoints.update",
              "networksecurity.firewallEndpoints.use",
              "networksecurity.locations.get",
              "networksecurity.locations.list",
              "networksecurity.operations.cancel",
              "networksecurity.operations.delete",
              "networksecurity.operations.get",
              "networksecurity.operations.list",
              "networksecurity.securityProfileGroups.create",
              "networksecurity.securityProfileGroups.delete",
              "networksecurity.securityProfileGroups.get",
              "networksecurity.securityProfileGroups.list",
              "networksecurity.securityProfileGroups.update",
              "networksecurity.securityProfileGroups.use",
              "networksecurity.securityProfiles.create",
              "networksecurity.securityProfiles.delete",
              "networksecurity.securityProfiles.get",
              "networksecurity.securityProfiles.list",
              "networksecurity.securityProfiles.update",
              "networksecurity.securityProfiles.use",
              "networksecurity.tlsInspectionPolicies.create",
              "networksecurity.tlsInspectionPolicies.delete",
              "networksecurity.tlsInspectionPolicies.get",
              "networksecurity.tlsInspectionPolicies.list",
              "networksecurity.tlsInspectionPolicies.update",
              "networksecurity.tlsInspectionPolicies.use"
            ],
            "role_id": "ngfwEnterpriseAdmin",
            "stage": "GA",
            "title": "Custom role ngfwEnterpriseAdmin"
          },
          "sensitive_attributes": [],
          "private": "bnVsbA==",
          "dependencies": [
            "module.organization-logging.google_logging_organization_settings.default",
            "module.organization-logging.google_org_policy_custom_constraint.constraint",
            "module.organization-logging.google_org_policy_policy.default",
            "module.organization-logging.google_organization_iam_binding.authoritative",
            "module.organization-logging.google_organization_iam_binding.bindings",
            "module.organization-logging.google_organization_iam_custom_role.roles",
            "module.organization-logging.google_organization_iam_member.bindings",
            "module.organization-logging.google_tags_tag_key.default",
            "module.organization-logging.google_tags_tag_key_iam_binding.default",
            "module.organization-logging.google_tags_tag_value.default",
            "module.organization-logging.google_tags_tag_value_iam_binding.default"
          ]
        },
        {
          "index_key": "ngfw_enterprise_viewer",
          "schema_version": 0,
          "attributes": {
            "deleted": false,
            "description": "Terraform-managed.",
            "id": "organizations/890114964408/roles/ngfwEnterpriseViewer",
            "name": "organizations/890114964408/roles/ngfwEnterpriseViewer",
            "org_id": "890114964408",
            "permissions": [
              "networksecurity.firewallEndpoints.get",
              "networksecurity.firewallEndpoints.list",
              "networksecurity.firewallEndpoints.use",
              "networksecurity.locations.get",
              "networksecurity.locations.list",
              "networksecurity.operations.get",
              "networksecurity.operations.list",
              "networksecurity.securityProfileGroups.get",
              "networksecurity.securityProfileGroups.list",
              "networksecurity.securityProfileGroups.use",
              "networksecurity.securityProfiles.get",
              "networksecurity.securityProfiles.list",
              "networksecurity.securityProfiles.use",
              "networksecurity.tlsInspectionPolicies.get",
              "networksecurity.tlsInspectionPolicies.list",
              "networksecurity.tlsInspectionPolicies.use"
            ],
            "role_id": "ngfwEnterpriseViewer",
            "stage": "GA",
            "title": "Custom role ngfwEnterpriseViewer"
          },
          "sensitive_attributes": [],
          "private": "bnVsbA==",
          "dependencies": [
            "module.organization-logging.google_logging_organization_settings.default",
            "module.organization-logging.google_org_policy_custom_constraint.constraint",
            "module.organization-logging.google_org_policy_policy.default",
            "module.organization-logging.google_organization_iam_binding.authoritative",
            "module.organization-logging.google_organization_iam_binding.bindings",
            "module.organization-logging.google_organization_iam_custom_role.roles",
            "module.organization-logging.google_organization_iam_member.bindings",
            "module.organization-logging.google_tags_tag_key.default",
            "module.organization-logging.google_tags_tag_key_iam_binding.default",
            "module.organization-logging.google_tags_tag_value.default",
            "module.organization-logging.google_tags_tag_value_iam_binding.default"
          ]
        },
        {
          "index_key": "organization_admin_viewer",
          "schema_version": 0,
          "attributes": {
            "deleted": false,
            "description": "Terraform-managed.",
            "id": "organizations/890114964408/roles/organizationAdminViewer",
            "name": "organizations/890114964408/roles/organizationAdminViewer",
            "org_id": "890114964408",
            "permissions": [
              "essentialcontacts.contacts.get",
              "essentialcontacts.contacts.list",
              "logging.settings.get",
              "orgpolicy.constraints.list",
              "orgpolicy.policies.list",
              "orgpolicy.policy.get",
              "resourcemanager.folders.get",
              "resourcemanager.folders.getIamPolicy",
              "resourcemanager.folders.list",
              "resourcemanager.organizations.get",
              "resourcemanager.organizations.getIamPolicy",
              "resourcemanager.projects.get",
              "resourcemanager.projects.getIamPolicy",
              "resourcemanager.projects.list",
              "storage.buckets.getIamPolicy"
            ],
            "role_id": "organizationAdminViewer",
            "stage": "GA",
            "title": "Custom role organizationAdminViewer"
          },
          "sensitive_attributes": [],
          "private": "bnVsbA==",
          "dependencies": [
            "module.organization-logging.google_logging_organization_settings.default",
            "module.organization-logging.google_org_policy_custom_constraint.constraint",
            "module.organization-logging.google_org_policy_policy.default",
            "module.organization-logging.google_organization_iam_binding.authoritative",
            "module.organization-logging.google_organization_iam_binding.bindings",
            "module.organization-logging.google_organization_iam_custom_role.roles",
            "module.organization-logging.google_organization_iam_member.bindings",
            "module.organization-logging.google_tags_tag_key.default",
            "module.organization-logging.google_tags_tag_key_iam_binding.default",
            "module.organization-logging.google_tags_tag_value.default",
            "module.organization-logging.google_tags_tag_value_iam_binding.default"
          ]
        },
        {
          "index_key": "organization_iam_admin",
          "schema_version": 0,
          "attributes": {
            "deleted": false,
            "description": "Terraform-managed.",
            "id": "organizations/890114964408/roles/organizationIamAdmin",
            "name": "organizations/890114964408/roles/organizationIamAdmin",
            "org_id": "890114964408",
            "permissions": [
              "resourcemanager.organizations.get",
              "resourcemanager.organizations.getIamPolicy",
              "resourcemanager.organizations.setIamPolicy"
            ],
            "role_id": "organizationIamAdmin",
            "stage": "GA",
            "title": "Custom role organizationIamAdmin"
          },
          "sensitive_attributes": [],
          "private": "bnVsbA==",
          "dependencies": [
            "module.organization-logging.google_logging_organization_settings.default",
            "module.organization-logging.google_org_policy_custom_constraint.constraint",
            "module.organization-logging.google_org_policy_policy.default",
            "module.organization-logging.google_organization_iam_binding.authoritative",
            "module.organization-logging.google_organization_iam_binding.bindings",
            "module.organization-logging.google_organization_iam_custom_role.roles",
            "module.organization-logging.google_organization_iam_member.bindings",
            "module.organization-logging.google_tags_tag_key.default",
            "module.organization-logging.google_tags_tag_key_iam_binding.default",
            "module.organization-logging.google_tags_tag_value.default",
            "module.organization-logging.google_tags_tag_value_iam_binding.default"
          ]
        },
        {
          "index_key": "project_iam_viewer",
          "schema_version": 0,
          "attributes": {
            "deleted": false,
            "description": "Terraform-managed.",
            "id": "organizations/890114964408/roles/projectIamViewer",
            "name": "organizations/890114964408/roles/projectIamViewer",
            "org_id": "890114964408",
            "permissions": [
              "iam.policybindings.get",
              "iam.policybindings.list",
              "resourcemanager.projects.get",
              "resourcemanager.projects.getIamPolicy",
              "resourcemanager.projects.searchPolicyBindings"
            ],
            "role_id": "projectIamViewer",
            "stage": "GA",
            "title": "Custom role projectIamViewer"
          },
          "sensitive_attributes": [],
          "private": "bnVsbA==",
          "dependencies": [
            "module.organization-logging.google_logging_organization_settings.default",
            "module.organization-logging.google_org_policy_custom_constraint.constraint",
            "module.organization-logging.google_org_policy_policy.default",
            "module.organization-logging.google_organization_iam_binding.authoritative",
            "module.organization-logging.google_organization_iam_binding.bindings",
            "module.organization-logging.google_organization_iam_custom_role.roles",
            "module.organization-logging.google_organization_iam_member.bindings",
            "module.organization-logging.google_tags_tag_key.default",
            "module.organization-logging.google_tags_tag_key_iam_binding.default",
            "module.organization-logging.google_tags_tag_value.default",
            "module.organization-logging.google_tags_tag_value_iam_binding.default"
          ]
        },
        {
          "index_key": "service_project_network_admin",
          "schema_version": 0,
          "attributes": {
            "deleted": false,
            "description": "Terraform-managed.",
            "id": "organizations/890114964408/roles/serviceProjectNetworkAdmin",
            "name": "organizations/890114964408/roles/serviceProjectNetworkAdmin",
            "org_id": "890114964408",
            "permissions": [
              "compute.globalOperations.get",
              "compute.networks.get",
              "compute.networks.updatePeering",
              "compute.organizations.disableXpnResource",
              "compute.organizations.enableXpnResource",
              "compute.projects.get",
              "compute.subnetworks.getIamPolicy",
              "compute.subnetworks.setIamPolicy",
              "dns.networks.bindPrivateDNSZone",
              "resourcemanager.projects.get"
            ],
            "role_id": "serviceProjectNetworkAdmin",
            "stage": "GA",
            "title": "Custom role serviceProjectNetworkAdmin"
          },
          "sensitive_attributes": [],
          "private": "bnVsbA==",
          "dependencies": [
            "module.organization-logging.google_logging_organization_settings.default",
            "module.organization-logging.google_org_policy_custom_constraint.constraint",
            "module.organization-logging.google_org_policy_policy.default",
            "module.organization-logging.google_organization_iam_binding.authoritative",
            "module.organization-logging.google_organization_iam_binding.bindings",
            "module.organization-logging.google_organization_iam_custom_role.roles",
            "module.organization-logging.google_organization_iam_member.bindings",
            "module.organization-logging.google_tags_tag_key.default",
            "module.organization-logging.google_tags_tag_key_iam_binding.default",
            "module.organization-logging.google_tags_tag_value.default",
            "module.organization-logging.google_tags_tag_value_iam_binding.default"
          ]
        },
        {
          "index_key": "storage_viewer",
          "schema_version": 0,
          "attributes": {
            "deleted": false,
            "description": "Terraform-managed.",
            "id": "organizations/890114964408/roles/storageViewer",
            "name": "organizations/890114964408/roles/storageViewer",
            "org_id": "890114964408",
            "permissions": [
              "storage.buckets.get",
              "storage.buckets.getIamPolicy",
              "storage.buckets.getObjectInsights",
              "storage.buckets.list",
              "storage.buckets.listEffectiveTags",
              "storage.buckets.listTagBindings",
              "storage.managedFolders.get",
              "storage.managedFolders.getIamPolicy",
              "storage.managedFolders.list",
              "storage.multipartUploads.list",
              "storage.multipartUploads.listParts",
              "storage.objects.get",
              "storage.objects.getIamPolicy",
              "storage.objects.list"
            ],
            "role_id": "storageViewer",
            "stage": "GA",
            "title": "Custom role storageViewer"
          },
          "sensitive_attributes": [],
          "private": "bnVsbA==",
          "dependencies": [
            "module.organization-logging.google_logging_organization_settings.default",
            "module.organization-logging.google_org_policy_custom_constraint.constraint",
            "module.organization-logging.google_org_policy_policy.default",
            "module.organization-logging.google_organization_iam_binding.authoritative",
            "module.organization-logging.google_organization_iam_binding.bindings",
            "module.organization-logging.google_organization_iam_custom_role.roles",
            "module.organization-logging.google_organization_iam_member.bindings",
            "module.organization-logging.google_tags_tag_key.default",
            "module.organization-logging.google_tags_tag_key_iam_binding.default",
            "module.organization-logging.google_tags_tag_value.default",
            "module.organization-logging.google_tags_tag_value_iam_binding.default"
          ]
        },
        {
          "index_key": "tag_viewer",
          "schema_version": 0,
          "attributes": {
            "deleted": false,
            "description": "Terraform-managed.",
            "id": "organizations/890114964408/roles/tagViewer",
            "name": "organizations/890114964408/roles/tagViewer",
            "org_id": "890114964408",
            "permissions": [
              "resourcemanager.tagHolds.list",
              "resourcemanager.tagKeys.get",
              "resourcemanager.tagKeys.getIamPolicy",
              "resourcemanager.tagKeys.list",
              "resourcemanager.tagValues.get",
              "resourcemanager.tagValues.getIamPolicy",
              "resourcemanager.tagValues.list"
            ],
            "role_id": "tagViewer",
            "stage": "GA",
            "title": "Custom role tagViewer"
          },
          "sensitive_attributes": [],
          "private": "bnVsbA==",
          "dependencies": [
            "module.organization-logging.google_logging_organization_settings.default",
            "module.organization-logging.google_org_policy_custom_constraint.constraint",
            "module.organization-logging.google_org_policy_policy.default",
            "module.organization-logging.google_organization_iam_binding.authoritative",
            "module.organization-logging.google_organization_iam_binding.bindings",
            "module.organization-logging.google_organization_iam_custom_role.roles",
            "module.organization-logging.google_organization_iam_member.bindings",
            "module.organization-logging.google_tags_tag_key.default",
            "module.organization-logging.google_tags_tag_key_iam_binding.default",
            "module.organization-logging.google_tags_tag_value.default",
            "module.organization-logging.google_tags_tag_value_iam_binding.default"
          ]
        },
        {
          "index_key": "tenant_network_admin",
          "schema_version": 0,
          "attributes": {
            "deleted": false,
            "description": "Terraform-managed.",
            "id": "organizations/890114964408/roles/tenantNetworkAdmin",
            "name": "organizations/890114964408/roles/tenantNetworkAdmin",
            "org_id": "890114964408",
            "permissions": [
              "compute.globalOperations.get"
            ],
            "role_id": "tenantNetworkAdmin",
            "stage": "GA",
            "title": "Custom role tenantNetworkAdmin"
          },
          "sensitive_attributes": [],
          "private": "bnVsbA==",
          "dependencies": [
            "module.organization-logging.google_logging_organization_settings.default",
            "module.organization-logging.google_org_policy_custom_constraint.constraint",
            "module.organization-logging.google_org_policy_policy.default",
            "module.organization-logging.google_organization_iam_binding.authoritative",
            "module.organization-logging.google_organization_iam_binding.bindings",
            "module.organization-logging.google_organization_iam_custom_role.roles",
            "module.organization-logging.google_organization_iam_member.bindings",
            "module.organization-logging.google_tags_tag_key.default",
            "module.organization-logging.google_tags_tag_key_iam_binding.default",
            "module.organization-logging.google_tags_tag_value.default",
            "module.organization-logging.google_tags_tag_value_iam_binding.default"
          ]
        }
      ]
    },
    {
      "module": "module.organization",
      "mode": "managed",
      "type": "google_organization_iam_member",
      "name": "bindings",
      "provider": "provider[\"registry.terraform.io/hashicorp/google\"]",
      "instances": [
        {
          "index_key": "roles/accesscontextmanager.policyAdmin-group:gcp-security-admins@jplaudani.joonix.net",
          "schema_version": 0,
          "attributes": {
            "condition": [],
            "etag": "BwYycZe/N3c=",
            "id": "890114964408/roles/accesscontextmanager.policyAdmin/group:gcp-security-admins@jplaudani.joonix.net",
            "member": "group:gcp-security-admins@jplaudani.joonix.net",
            "org_id": "890114964408",
            "role": "roles/accesscontextmanager.policyAdmin"
          },
          "sensitive_attributes": [],
          "private": "bnVsbA==",
          "dependencies": [
            "module.automation-project.data.google_bigquery_default_service_account.bq_sa",
            "module.automation-project.data.google_project.project",
            "module.automation-project.data.google_storage_project_service_account.gcs_sa",
            "module.automation-project.google_access_context_manager_service_perimeter_dry_run_resource.default",
            "module.automation-project.google_access_context_manager_service_perimeter_resource.default",
            "module.automation-project.google_compute_shared_vpc_host_project.shared_vpc_host",
            "module.automation-project.google_compute_shared_vpc_service_project.service_projects",
            "module.automation-project.google_compute_shared_vpc_service_project.shared_vpc_service",
            "module.automation-project.google_kms_crypto_key_iam_member.service_agent_cmek",
            "module.automation-project.google_org_policy_policy.default",
            "module.automation-project.google_project.project",
            "module.automation-project.google_project_default_service_accounts.default_service_accounts",
            "module.automation-project.google_project_iam_member.service_agents",
            "module.automation-project.google_project_iam_member.shared_vpc_host_robots",
            "module.automation-project.google_project_service.project_services",
            "module.automation-project.google_project_service_identity.default",
            "module.automation-tf-bootstrap-r-sa.data.google_service_account.service_account",
            "module.automation-tf-bootstrap-r-sa.google_service_account.service_account",
            "module.automation-tf-bootstrap-sa.data.google_service_account.service_account",
            "module.automation-tf-bootstrap-sa.google_service_account.service_account",
            "module.automation-tf-resman-r-sa.data.google_service_account.service_account",
            "module.automation-tf-resman-r-sa.google_service_account.service_account",
            "module.automation-tf-resman-sa.data.google_service_account.service_account",
            "module.automation-tf-resman-sa.google_service_account.service_account",
            "module.automation-tf-vpcsc-r-sa.data.google_service_account.service_account",
            "module.automation-tf-vpcsc-r-sa.google_service_account.service_account",
            "module.automation-tf-vpcsc-sa.data.google_service_account.service_account",
            "module.automation-tf-vpcsc-sa.google_service_account.service_account",
            "module.organization-logging.google_logging_organization_settings.default",
            "module.organization-logging.google_org_policy_custom_constraint.constraint",
            "module.organization-logging.google_org_policy_policy.default",
            "module.organization-logging.google_organization_iam_binding.authoritative",
            "module.organization-logging.google_organization_iam_binding.bindings",
            "module.organization-logging.google_organization_iam_custom_role.roles",
            "module.organization-logging.google_organization_iam_member.bindings",
            "module.organization-logging.google_tags_tag_key.default",
            "module.organization-logging.google_tags_tag_key_iam_binding.default",
            "module.organization-logging.google_tags_tag_value.default",
            "module.organization-logging.google_tags_tag_value_iam_binding.default"
          ]
        },
        {
          "index_key": "roles/accesscontextmanager.policyAdmin-serviceAccount:jp-prod-resman-0@jp-prod-iac-core-0.iam.gserviceaccount.com",
          "schema_version": 0,
          "attributes": {
            "condition": [],
            "etag": "BwYycZe/N3c=",
            "id": "890114964408/roles/accesscontextmanager.policyAdmin/serviceAccount:jp-prod-resman-0@jp-prod-iac-core-0.iam.gserviceaccount.com",
            "member": "serviceAccount:jp-prod-resman-0@jp-prod-iac-core-0.iam.gserviceaccount.com",
            "org_id": "890114964408",
            "role": "roles/accesscontextmanager.policyAdmin"
          },
          "sensitive_attributes": [],
          "private": "bnVsbA==",
          "dependencies": [
            "module.automation-project.data.google_bigquery_default_service_account.bq_sa",
            "module.automation-project.data.google_project.project",
            "module.automation-project.data.google_storage_project_service_account.gcs_sa",
            "module.automation-project.google_access_context_manager_service_perimeter_dry_run_resource.default",
            "module.automation-project.google_access_context_manager_service_perimeter_resource.default",
            "module.automation-project.google_compute_shared_vpc_host_project.shared_vpc_host",
            "module.automation-project.google_compute_shared_vpc_service_project.service_projects",
            "module.automation-project.google_compute_shared_vpc_service_project.shared_vpc_service",
            "module.automation-project.google_kms_crypto_key_iam_member.service_agent_cmek",
            "module.automation-project.google_org_policy_policy.default",
            "module.automation-project.google_project.project",
            "module.automation-project.google_project_default_service_accounts.default_service_accounts",
            "module.automation-project.google_project_iam_member.service_agents",
            "module.automation-project.google_project_iam_member.shared_vpc_host_robots",
            "module.automation-project.google_project_service.project_services",
            "module.automation-project.google_project_service_identity.default",
            "module.automation-tf-bootstrap-r-sa.data.google_service_account.service_account",
            "module.automation-tf-bootstrap-r-sa.google_service_account.service_account",
            "module.automation-tf-bootstrap-sa.data.google_service_account.service_account",
            "module.automation-tf-bootstrap-sa.google_service_account.service_account",
            "module.automation-tf-resman-r-sa.data.google_service_account.service_account",
            "module.automation-tf-resman-r-sa.google_service_account.service_account",
            "module.automation-tf-resman-sa.data.google_service_account.service_account",
            "module.automation-tf-resman-sa.google_service_account.service_account",
            "module.automation-tf-vpcsc-r-sa.data.google_service_account.service_account",
            "module.automation-tf-vpcsc-r-sa.google_service_account.service_account",
            "module.automation-tf-vpcsc-sa.data.google_service_account.service_account",
            "module.automation-tf-vpcsc-sa.google_service_account.service_account",
            "module.organization-logging.google_logging_organization_settings.default",
            "module.organization-logging.google_org_policy_custom_constraint.constraint",
            "module.organization-logging.google_org_policy_policy.default",
            "module.organization-logging.google_organization_iam_binding.authoritative",
            "module.organization-logging.google_organization_iam_binding.bindings",
            "module.organization-logging.google_organization_iam_custom_role.roles",
            "module.organization-logging.google_organization_iam_member.bindings",
            "module.organization-logging.google_tags_tag_key.default",
            "module.organization-logging.google_tags_tag_key_iam_binding.default",
            "module.organization-logging.google_tags_tag_value.default",
            "module.organization-logging.google_tags_tag_value_iam_binding.default"
          ]
        },
        {
          "index_key": "roles/accesscontextmanager.policyAdmin-serviceAccount:jp-prod-vpcsc-0@jp-prod-iac-core-0.iam.gserviceaccount.com",
          "schema_version": 0,
          "attributes": {
            "condition": [],
            "etag": "BwYycZe/N3c=",
            "id": "890114964408/roles/accesscontextmanager.policyAdmin/serviceAccount:jp-prod-vpcsc-0@jp-prod-iac-core-0.iam.gserviceaccount.com",
            "member": "serviceAccount:jp-prod-vpcsc-0@jp-prod-iac-core-0.iam.gserviceaccount.com",
            "org_id": "890114964408",
            "role": "roles/accesscontextmanager.policyAdmin"
          },
          "sensitive_attributes": [],
          "private": "bnVsbA==",
          "dependencies": [
            "module.automation-project.data.google_bigquery_default_service_account.bq_sa",
            "module.automation-project.data.google_project.project",
            "module.automation-project.data.google_storage_project_service_account.gcs_sa",
            "module.automation-project.google_access_context_manager_service_perimeter_dry_run_resource.default",
            "module.automation-project.google_access_context_manager_service_perimeter_resource.default",
            "module.automation-project.google_compute_shared_vpc_host_project.shared_vpc_host",
            "module.automation-project.google_compute_shared_vpc_service_project.service_projects",
            "module.automation-project.google_compute_shared_vpc_service_project.shared_vpc_service",
            "module.automation-project.google_kms_crypto_key_iam_member.service_agent_cmek",
            "module.automation-project.google_org_policy_policy.default",
            "module.automation-project.google_project.project",
            "module.automation-project.google_project_default_service_accounts.default_service_accounts",
            "module.automation-project.google_project_iam_member.service_agents",
            "module.automation-project.google_project_iam_member.shared_vpc_host_robots",
            "module.automation-project.google_project_service.project_services",
            "module.automation-project.google_project_service_identity.default",
            "module.automation-tf-bootstrap-r-sa.data.google_service_account.service_account",
            "module.automation-tf-bootstrap-r-sa.google_service_account.service_account",
            "module.automation-tf-bootstrap-sa.data.google_service_account.service_account",
            "module.automation-tf-bootstrap-sa.google_service_account.service_account",
            "module.automation-tf-resman-r-sa.data.google_service_account.service_account",
            "module.automation-tf-resman-r-sa.google_service_account.service_account",
            "module.automation-tf-resman-sa.data.google_service_account.service_account",
            "module.automation-tf-resman-sa.google_service_account.service_account",
            "module.automation-tf-vpcsc-r-sa.data.google_service_account.service_account",
            "module.automation-tf-vpcsc-r-sa.google_service_account.service_account",
            "module.automation-tf-vpcsc-sa.data.google_service_account.service_account",
            "module.automation-tf-vpcsc-sa.google_service_account.service_account",
            "module.organization-logging.google_logging_organization_settings.default",
            "module.organization-logging.google_org_policy_custom_constraint.constraint",
            "module.organization-logging.google_org_policy_policy.default",
            "module.organization-logging.google_organization_iam_binding.authoritative",
            "module.organization-logging.google_organization_iam_binding.bindings",
            "module.organization-logging.google_organization_iam_custom_role.roles",
            "module.organization-logging.google_organization_iam_member.bindings",
            "module.organization-logging.google_tags_tag_key.default",
            "module.organization-logging.google_tags_tag_key_iam_binding.default",
            "module.organization-logging.google_tags_tag_value.default",
            "module.organization-logging.google_tags_tag_value_iam_binding.default"
          ]
        },
        {
          "index_key": "roles/accesscontextmanager.policyReader-serviceAccount:jp-prod-resman-0r@jp-prod-iac-core-0.iam.gserviceaccount.com",
          "schema_version": 0,
          "attributes": {
            "condition": [],
            "etag": "BwYycZe/N3c=",
            "id": "890114964408/roles/accesscontextmanager.policyReader/serviceAccount:jp-prod-resman-0r@jp-prod-iac-core-0.iam.gserviceaccount.com",
            "member": "serviceAccount:jp-prod-resman-0r@jp-prod-iac-core-0.iam.gserviceaccount.com",
            "org_id": "890114964408",
            "role": "roles/accesscontextmanager.policyReader"
          },
          "sensitive_attributes": [],
          "private": "bnVsbA==",
          "dependencies": [
            "module.automation-project.data.google_bigquery_default_service_account.bq_sa",
            "module.automation-project.data.google_project.project",
            "module.automation-project.data.google_storage_project_service_account.gcs_sa",
            "module.automation-project.google_access_context_manager_service_perimeter_dry_run_resource.default",
            "module.automation-project.google_access_context_manager_service_perimeter_resource.default",
            "module.automation-project.google_compute_shared_vpc_host_project.shared_vpc_host",
            "module.automation-project.google_compute_shared_vpc_service_project.service_projects",
            "module.automation-project.google_compute_shared_vpc_service_project.shared_vpc_service",
            "module.automation-project.google_kms_crypto_key_iam_member.service_agent_cmek",
            "module.automation-project.google_org_policy_policy.default",
            "module.automation-project.google_project.project",
            "module.automation-project.google_project_default_service_accounts.default_service_accounts",
            "module.automation-project.google_project_iam_member.service_agents",
            "module.automation-project.google_project_iam_member.shared_vpc_host_robots",
            "module.automation-project.google_project_service.project_services",
            "module.automation-project.google_project_service_identity.default",
            "module.automation-tf-bootstrap-r-sa.data.google_service_account.service_account",
            "module.automation-tf-bootstrap-r-sa.google_service_account.service_account",
            "module.automation-tf-bootstrap-sa.data.google_service_account.service_account",
            "module.automation-tf-bootstrap-sa.google_service_account.service_account",
            "module.automation-tf-resman-r-sa.data.google_service_account.service_account",
            "module.automation-tf-resman-r-sa.google_service_account.service_account",
            "module.automation-tf-resman-sa.data.google_service_account.service_account",
            "module.automation-tf-resman-sa.google_service_account.service_account",
            "module.automation-tf-vpcsc-r-sa.data.google_service_account.service_account",
            "module.automation-tf-vpcsc-r-sa.google_service_account.service_account",
            "module.automation-tf-vpcsc-sa.data.google_service_account.service_account",
            "module.automation-tf-vpcsc-sa.google_service_account.service_account",
            "module.organization-logging.google_logging_organization_settings.default",
            "module.organization-logging.google_org_policy_custom_constraint.constraint",
            "module.organization-logging.google_org_policy_policy.default",
            "module.organization-logging.google_organization_iam_binding.authoritative",
            "module.organization-logging.google_organization_iam_binding.bindings",
            "module.organization-logging.google_organization_iam_custom_role.roles",
            "module.organization-logging.google_organization_iam_member.bindings",
            "module.organization-logging.google_tags_tag_key.default",
            "module.organization-logging.google_tags_tag_key_iam_binding.default",
            "module.organization-logging.google_tags_tag_value.default",
            "module.organization-logging.google_tags_tag_value_iam_binding.default"
          ]
        },
        {
          "index_key": "roles/accesscontextmanager.policyReader-serviceAccount:jp-prod-vpcsc-0r@jp-prod-iac-core-0.iam.gserviceaccount.com",
          "schema_version": 0,
          "attributes": {
            "condition": [],
            "etag": "BwYycZe/N3c=",
            "id": "890114964408/roles/accesscontextmanager.policyReader/serviceAccount:jp-prod-vpcsc-0r@jp-prod-iac-core-0.iam.gserviceaccount.com",
            "member": "serviceAccount:jp-prod-vpcsc-0r@jp-prod-iac-core-0.iam.gserviceaccount.com",
            "org_id": "890114964408",
            "role": "roles/accesscontextmanager.policyReader"
          },
          "sensitive_attributes": [],
          "private": "bnVsbA==",
          "dependencies": [
            "module.automation-project.data.google_bigquery_default_service_account.bq_sa",
            "module.automation-project.data.google_project.project",
            "module.automation-project.data.google_storage_project_service_account.gcs_sa",
            "module.automation-project.google_access_context_manager_service_perimeter_dry_run_resource.default",
            "module.automation-project.google_access_context_manager_service_perimeter_resource.default",
            "module.automation-project.google_compute_shared_vpc_host_project.shared_vpc_host",
            "module.automation-project.google_compute_shared_vpc_service_project.service_projects",
            "module.automation-project.google_compute_shared_vpc_service_project.shared_vpc_service",
            "module.automation-project.google_kms_crypto_key_iam_member.service_agent_cmek",
            "module.automation-project.google_org_policy_policy.default",
            "module.automation-project.google_project.project",
            "module.automation-project.google_project_default_service_accounts.default_service_accounts",
            "module.automation-project.google_project_iam_member.service_agents",
            "module.automation-project.google_project_iam_member.shared_vpc_host_robots",
            "module.automation-project.google_project_service.project_services",
            "module.automation-project.google_project_service_identity.default",
            "module.automation-tf-bootstrap-r-sa.data.google_service_account.service_account",
            "module.automation-tf-bootstrap-r-sa.google_service_account.service_account",
            "module.automation-tf-bootstrap-sa.data.google_service_account.service_account",
            "module.automation-tf-bootstrap-sa.google_service_account.service_account",
            "module.automation-tf-resman-r-sa.data.google_service_account.service_account",
            "module.automation-tf-resman-r-sa.google_service_account.service_account",
            "module.automation-tf-resman-sa.data.google_service_account.service_account",
            "module.automation-tf-resman-sa.google_service_account.service_account",
            "module.automation-tf-vpcsc-r-sa.data.google_service_account.service_account",
            "module.automation-tf-vpcsc-r-sa.google_service_account.service_account",
            "module.automation-tf-vpcsc-sa.data.google_service_account.service_account",
            "module.automation-tf-vpcsc-sa.google_service_account.service_account",
            "module.organization-logging.google_logging_organization_settings.default",
            "module.organization-logging.google_org_policy_custom_constraint.constraint",
            "module.organization-logging.google_org_policy_policy.default",
            "module.organization-logging.google_organization_iam_binding.authoritative",
            "module.organization-logging.google_organization_iam_binding.bindings",
            "module.organization-logging.google_organization_iam_custom_role.roles",
            "module.organization-logging.google_organization_iam_member.bindings",
            "module.organization-logging.google_tags_tag_key.default",
            "module.organization-logging.google_tags_tag_key_iam_binding.default",
            "module.organization-logging.google_tags_tag_value.default",
            "module.organization-logging.google_tags_tag_value_iam_binding.default"
          ]
        },
        {
          "index_key": "roles/cloudasset.viewer-serviceAccount:jp-prod-vpcsc-0@jp-prod-iac-core-0.iam.gserviceaccount.com",
          "schema_version": 0,
          "attributes": {
            "condition": [],
            "etag": "BwYycZe/N3c=",
            "id": "890114964408/roles/cloudasset.viewer/serviceAccount:jp-prod-vpcsc-0@jp-prod-iac-core-0.iam.gserviceaccount.com",
            "member": "serviceAccount:jp-prod-vpcsc-0@jp-prod-iac-core-0.iam.gserviceaccount.com",
            "org_id": "890114964408",
            "role": "roles/cloudasset.viewer"
          },
          "sensitive_attributes": [],
          "private": "bnVsbA==",
          "dependencies": [
            "module.automation-project.data.google_bigquery_default_service_account.bq_sa",
            "module.automation-project.data.google_project.project",
            "module.automation-project.data.google_storage_project_service_account.gcs_sa",
            "module.automation-project.google_access_context_manager_service_perimeter_dry_run_resource.default",
            "module.automation-project.google_access_context_manager_service_perimeter_resource.default",
            "module.automation-project.google_compute_shared_vpc_host_project.shared_vpc_host",
            "module.automation-project.google_compute_shared_vpc_service_project.service_projects",
            "module.automation-project.google_compute_shared_vpc_service_project.shared_vpc_service",
            "module.automation-project.google_kms_crypto_key_iam_member.service_agent_cmek",
            "module.automation-project.google_org_policy_policy.default",
            "module.automation-project.google_project.project",
            "module.automation-project.google_project_default_service_accounts.default_service_accounts",
            "module.automation-project.google_project_iam_member.service_agents",
            "module.automation-project.google_project_iam_member.shared_vpc_host_robots",
            "module.automation-project.google_project_service.project_services",
            "module.automation-project.google_project_service_identity.default",
            "module.automation-tf-bootstrap-r-sa.data.google_service_account.service_account",
            "module.automation-tf-bootstrap-r-sa.google_service_account.service_account",
            "module.automation-tf-bootstrap-sa.data.google_service_account.service_account",
            "module.automation-tf-bootstrap-sa.google_service_account.service_account",
            "module.automation-tf-resman-r-sa.data.google_service_account.service_account",
            "module.automation-tf-resman-r-sa.google_service_account.service_account",
            "module.automation-tf-resman-sa.data.google_service_account.service_account",
            "module.automation-tf-resman-sa.google_service_account.service_account",
            "module.automation-tf-vpcsc-r-sa.data.google_service_account.service_account",
            "module.automation-tf-vpcsc-r-sa.google_service_account.service_account",
            "module.automation-tf-vpcsc-sa.data.google_service_account.service_account",
            "module.automation-tf-vpcsc-sa.google_service_account.service_account",
            "module.organization-logging.google_logging_organization_settings.default",
            "module.organization-logging.google_org_policy_custom_constraint.constraint",
            "module.organization-logging.google_org_policy_policy.default",
            "module.organization-logging.google_organization_iam_binding.authoritative",
            "module.organization-logging.google_organization_iam_binding.bindings",
            "module.organization-logging.google_organization_iam_custom_role.roles",
            "module.organization-logging.google_organization_iam_member.bindings",
            "module.organization-logging.google_tags_tag_key.default",
            "module.organization-logging.google_tags_tag_key_iam_binding.default",
            "module.organization-logging.google_tags_tag_value.default",
            "module.organization-logging.google_tags_tag_value_iam_binding.default"
          ]
        },
        {
          "index_key": "roles/cloudasset.viewer-serviceAccount:jp-prod-vpcsc-0r@jp-prod-iac-core-0.iam.gserviceaccount.com",
          "schema_version": 0,
          "attributes": {
            "condition": [],
            "etag": "BwYycZe/N3c=",
            "id": "890114964408/roles/cloudasset.viewer/serviceAccount:jp-prod-vpcsc-0r@jp-prod-iac-core-0.iam.gserviceaccount.com",
            "member": "serviceAccount:jp-prod-vpcsc-0r@jp-prod-iac-core-0.iam.gserviceaccount.com",
            "org_id": "890114964408",
            "role": "roles/cloudasset.viewer"
          },
          "sensitive_attributes": [],
          "private": "bnVsbA==",
          "dependencies": [
            "module.automation-project.data.google_bigquery_default_service_account.bq_sa",
            "module.automation-project.data.google_project.project",
            "module.automation-project.data.google_storage_project_service_account.gcs_sa",
            "module.automation-project.google_access_context_manager_service_perimeter_dry_run_resource.default",
            "module.automation-project.google_access_context_manager_service_perimeter_resource.default",
            "module.automation-project.google_compute_shared_vpc_host_project.shared_vpc_host",
            "module.automation-project.google_compute_shared_vpc_service_project.service_projects",
            "module.automation-project.google_compute_shared_vpc_service_project.shared_vpc_service",
            "module.automation-project.google_kms_crypto_key_iam_member.service_agent_cmek",
            "module.automation-project.google_org_policy_policy.default",
            "module.automation-project.google_project.project",
            "module.automation-project.google_project_default_service_accounts.default_service_accounts",
            "module.automation-project.google_project_iam_member.service_agents",
            "module.automation-project.google_project_iam_member.shared_vpc_host_robots",
            "module.automation-project.google_project_service.project_services",
            "module.automation-project.google_project_service_identity.default",
            "module.automation-tf-bootstrap-r-sa.data.google_service_account.service_account",
            "module.automation-tf-bootstrap-r-sa.google_service_account.service_account",
            "module.automation-tf-bootstrap-sa.data.google_service_account.service_account",
            "module.automation-tf-bootstrap-sa.google_service_account.service_account",
            "module.automation-tf-resman-r-sa.data.google_service_account.service_account",
            "module.automation-tf-resman-r-sa.google_service_account.service_account",
            "module.automation-tf-resman-sa.data.google_service_account.service_account",
            "module.automation-tf-resman-sa.google_service_account.service_account",
            "module.automation-tf-vpcsc-r-sa.data.google_service_account.service_account",
            "module.automation-tf-vpcsc-r-sa.google_service_account.service_account",
            "module.automation-tf-vpcsc-sa.data.google_service_account.service_account",
            "module.automation-tf-vpcsc-sa.google_service_account.service_account",
            "module.organization-logging.google_logging_organization_settings.default",
            "module.organization-logging.google_org_policy_custom_constraint.constraint",
            "module.organization-logging.google_org_policy_policy.default",
            "module.organization-logging.google_organization_iam_binding.authoritative",
            "module.organization-logging.google_organization_iam_binding.bindings",
            "module.organization-logging.google_organization_iam_custom_role.roles",
            "module.organization-logging.google_organization_iam_member.bindings",
            "module.organization-logging.google_tags_tag_key.default",
            "module.organization-logging.google_tags_tag_key_iam_binding.default",
            "module.organization-logging.google_tags_tag_value.default",
            "module.organization-logging.google_tags_tag_value_iam_binding.default"
          ]
        },
        {
          "index_key": "roles/compute.orgFirewallPolicyAdmin-group:gcp-vpc-network-admins@jplaudani.joonix.net",
          "schema_version": 0,
          "attributes": {
            "condition": [],
            "etag": "BwYycZe/N3c=",
            "id": "890114964408/roles/compute.orgFirewallPolicyAdmin/group:gcp-vpc-network-admins@jplaudani.joonix.net",
            "member": "group:gcp-vpc-network-admins@jplaudani.joonix.net",
            "org_id": "890114964408",
            "role": "roles/compute.orgFirewallPolicyAdmin"
          },
          "sensitive_attributes": [],
          "private": "bnVsbA==",
          "dependencies": [
            "module.automation-project.data.google_bigquery_default_service_account.bq_sa",
            "module.automation-project.data.google_project.project",
            "module.automation-project.data.google_storage_project_service_account.gcs_sa",
            "module.automation-project.google_access_context_manager_service_perimeter_dry_run_resource.default",
            "module.automation-project.google_access_context_manager_service_perimeter_resource.default",
            "module.automation-project.google_compute_shared_vpc_host_project.shared_vpc_host",
            "module.automation-project.google_compute_shared_vpc_service_project.service_projects",
            "module.automation-project.google_compute_shared_vpc_service_project.shared_vpc_service",
            "module.automation-project.google_kms_crypto_key_iam_member.service_agent_cmek",
            "module.automation-project.google_org_policy_policy.default",
            "module.automation-project.google_project.project",
            "module.automation-project.google_project_default_service_accounts.default_service_accounts",
            "module.automation-project.google_project_iam_member.service_agents",
            "module.automation-project.google_project_iam_member.shared_vpc_host_robots",
            "module.automation-project.google_project_service.project_services",
            "module.automation-project.google_project_service_identity.default",
            "module.automation-tf-bootstrap-r-sa.data.google_service_account.service_account",
            "module.automation-tf-bootstrap-r-sa.google_service_account.service_account",
            "module.automation-tf-bootstrap-sa.data.google_service_account.service_account",
            "module.automation-tf-bootstrap-sa.google_service_account.service_account",
            "module.automation-tf-resman-r-sa.data.google_service_account.service_account",
            "module.automation-tf-resman-r-sa.google_service_account.service_account",
            "module.automation-tf-resman-sa.data.google_service_account.service_account",
            "module.automation-tf-resman-sa.google_service_account.service_account",
            "module.automation-tf-vpcsc-r-sa.data.google_service_account.service_account",
            "module.automation-tf-vpcsc-r-sa.google_service_account.service_account",
            "module.automation-tf-vpcsc-sa.data.google_service_account.service_account",
            "module.automation-tf-vpcsc-sa.google_service_account.service_account",
            "module.organization-logging.google_logging_organization_settings.default",
            "module.organization-logging.google_org_policy_custom_constraint.constraint",
            "module.organization-logging.google_org_policy_policy.default",
            "module.organization-logging.google_organization_iam_binding.authoritative",
            "module.organization-logging.google_organization_iam_binding.bindings",
            "module.organization-logging.google_organization_iam_custom_role.roles",
            "module.organization-logging.google_organization_iam_member.bindings",
            "module.organization-logging.google_tags_tag_key.default",
            "module.organization-logging.google_tags_tag_key_iam_binding.default",
            "module.organization-logging.google_tags_tag_value.default",
            "module.organization-logging.google_tags_tag_value_iam_binding.default"
          ]
        },
        {
          "index_key": "roles/compute.xpnAdmin-group:gcp-vpc-network-admins@jplaudani.joonix.net",
          "schema_version": 0,
          "attributes": {
            "condition": [],
            "etag": "BwYycZe/N3c=",
            "id": "890114964408/roles/compute.xpnAdmin/group:gcp-vpc-network-admins@jplaudani.joonix.net",
            "member": "group:gcp-vpc-network-admins@jplaudani.joonix.net",
            "org_id": "890114964408",
            "role": "roles/compute.xpnAdmin"
          },
          "sensitive_attributes": [],
          "private": "bnVsbA==",
          "dependencies": [
            "module.automation-project.data.google_bigquery_default_service_account.bq_sa",
            "module.automation-project.data.google_project.project",
            "module.automation-project.data.google_storage_project_service_account.gcs_sa",
            "module.automation-project.google_access_context_manager_service_perimeter_dry_run_resource.default",
            "module.automation-project.google_access_context_manager_service_perimeter_resource.default",
            "module.automation-project.google_compute_shared_vpc_host_project.shared_vpc_host",
            "module.automation-project.google_compute_shared_vpc_service_project.service_projects",
            "module.automation-project.google_compute_shared_vpc_service_project.shared_vpc_service",
            "module.automation-project.google_kms_crypto_key_iam_member.service_agent_cmek",
            "module.automation-project.google_org_policy_policy.default",
            "module.automation-project.google_project.project",
            "module.automation-project.google_project_default_service_accounts.default_service_accounts",
            "module.automation-project.google_project_iam_member.service_agents",
            "module.automation-project.google_project_iam_member.shared_vpc_host_robots",
            "module.automation-project.google_project_service.project_services",
            "module.automation-project.google_project_service_identity.default",
            "module.automation-tf-bootstrap-r-sa.data.google_service_account.service_account",
            "module.automation-tf-bootstrap-r-sa.google_service_account.service_account",
            "module.automation-tf-bootstrap-sa.data.google_service_account.service_account",
            "module.automation-tf-bootstrap-sa.google_service_account.service_account",
            "module.automation-tf-resman-r-sa.data.google_service_account.service_account",
            "module.automation-tf-resman-r-sa.google_service_account.service_account",
            "module.automation-tf-resman-sa.data.google_service_account.service_account",
            "module.automation-tf-resman-sa.google_service_account.service_account",
            "module.automation-tf-vpcsc-r-sa.data.google_service_account.service_account",
            "module.automation-tf-vpcsc-r-sa.google_service_account.service_account",
            "module.automation-tf-vpcsc-sa.data.google_service_account.service_account",
            "module.automation-tf-vpcsc-sa.google_service_account.service_account",
            "module.organization-logging.google_logging_organization_settings.default",
            "module.organization-logging.google_org_policy_custom_constraint.constraint",
            "module.organization-logging.google_org_policy_policy.default",
            "module.organization-logging.google_organization_iam_binding.authoritative",
            "module.organization-logging.google_organization_iam_binding.bindings",
            "module.organization-logging.google_organization_iam_custom_role.roles",
            "module.organization-logging.google_organization_iam_member.bindings",
            "module.organization-logging.google_tags_tag_key.default",
            "module.organization-logging.google_tags_tag_key_iam_binding.default",
            "module.organization-logging.google_tags_tag_value.default",
            "module.organization-logging.google_tags_tag_value_iam_binding.default"
          ]
        },
        {
          "index_key": "roles/iam.organizationRoleAdmin-group:gcp-security-admins@jplaudani.joonix.net",
          "schema_version": 0,
          "attributes": {
            "condition": [],
            "etag": "BwYycZe/N3c=",
            "id": "890114964408/roles/iam.organizationRoleAdmin/group:gcp-security-admins@jplaudani.joonix.net",
            "member": "group:gcp-security-admins@jplaudani.joonix.net",
            "org_id": "890114964408",
            "role": "roles/iam.organizationRoleAdmin"
          },
          "sensitive_attributes": [],
          "private": "bnVsbA==",
          "dependencies": [
            "module.automation-project.data.google_bigquery_default_service_account.bq_sa",
            "module.automation-project.data.google_project.project",
            "module.automation-project.data.google_storage_project_service_account.gcs_sa",
            "module.automation-project.google_access_context_manager_service_perimeter_dry_run_resource.default",
            "module.automation-project.google_access_context_manager_service_perimeter_resource.default",
            "module.automation-project.google_compute_shared_vpc_host_project.shared_vpc_host",
            "module.automation-project.google_compute_shared_vpc_service_project.service_projects",
            "module.automation-project.google_compute_shared_vpc_service_project.shared_vpc_service",
            "module.automation-project.google_kms_crypto_key_iam_member.service_agent_cmek",
            "module.automation-project.google_org_policy_policy.default",
            "module.automation-project.google_project.project",
            "module.automation-project.google_project_default_service_accounts.default_service_accounts",
            "module.automation-project.google_project_iam_member.service_agents",
            "module.automation-project.google_project_iam_member.shared_vpc_host_robots",
            "module.automation-project.google_project_service.project_services",
            "module.automation-project.google_project_service_identity.default",
            "module.automation-tf-bootstrap-r-sa.data.google_service_account.service_account",
            "module.automation-tf-bootstrap-r-sa.google_service_account.service_account",
            "module.automation-tf-bootstrap-sa.data.google_service_account.service_account",
            "module.automation-tf-bootstrap-sa.google_service_account.service_account",
            "module.automation-tf-resman-r-sa.data.google_service_account.service_account",
            "module.automation-tf-resman-r-sa.google_service_account.service_account",
            "module.automation-tf-resman-sa.data.google_service_account.service_account",
            "module.automation-tf-resman-sa.google_service_account.service_account",
            "module.automation-tf-vpcsc-r-sa.data.google_service_account.service_account",
            "module.automation-tf-vpcsc-r-sa.google_service_account.service_account",
            "module.automation-tf-vpcsc-sa.data.google_service_account.service_account",
            "module.automation-tf-vpcsc-sa.google_service_account.service_account",
            "module.organization-logging.google_logging_organization_settings.default",
            "module.organization-logging.google_org_policy_custom_constraint.constraint",
            "module.organization-logging.google_org_policy_policy.default",
            "module.organization-logging.google_organization_iam_binding.authoritative",
            "module.organization-logging.google_organization_iam_binding.bindings",
            "module.organization-logging.google_organization_iam_custom_role.roles",
            "module.organization-logging.google_organization_iam_member.bindings",
            "module.organization-logging.google_tags_tag_key.default",
            "module.organization-logging.google_tags_tag_key_iam_binding.default",
            "module.organization-logging.google_tags_tag_value.default",
            "module.organization-logging.google_tags_tag_value_iam_binding.default"
          ]
        },
        {
          "index_key": "roles/iam.organizationRoleAdmin-serviceAccount:jp-prod-bootstrap-0@jp-prod-iac-core-0.iam.gserviceaccount.com",
          "schema_version": 0,
          "attributes": {
            "condition": [],
            "etag": "BwYycZe/N3c=",
            "id": "890114964408/roles/iam.organizationRoleAdmin/serviceAccount:jp-prod-bootstrap-0@jp-prod-iac-core-0.iam.gserviceaccount.com",
            "member": "serviceAccount:jp-prod-bootstrap-0@jp-prod-iac-core-0.iam.gserviceaccount.com",
            "org_id": "890114964408",
            "role": "roles/iam.organizationRoleAdmin"
          },
          "sensitive_attributes": [],
          "private": "bnVsbA==",
          "dependencies": [
            "module.automation-project.data.google_bigquery_default_service_account.bq_sa",
            "module.automation-project.data.google_project.project",
            "module.automation-project.data.google_storage_project_service_account.gcs_sa",
            "module.automation-project.google_access_context_manager_service_perimeter_dry_run_resource.default",
            "module.automation-project.google_access_context_manager_service_perimeter_resource.default",
            "module.automation-project.google_compute_shared_vpc_host_project.shared_vpc_host",
            "module.automation-project.google_compute_shared_vpc_service_project.service_projects",
            "module.automation-project.google_compute_shared_vpc_service_project.shared_vpc_service",
            "module.automation-project.google_kms_crypto_key_iam_member.service_agent_cmek",
            "module.automation-project.google_org_policy_policy.default",
            "module.automation-project.google_project.project",
            "module.automation-project.google_project_default_service_accounts.default_service_accounts",
            "module.automation-project.google_project_iam_member.service_agents",
            "module.automation-project.google_project_iam_member.shared_vpc_host_robots",
            "module.automation-project.google_project_service.project_services",
            "module.automation-project.google_project_service_identity.default",
            "module.automation-tf-bootstrap-r-sa.data.google_service_account.service_account",
            "module.automation-tf-bootstrap-r-sa.google_service_account.service_account",
            "module.automation-tf-bootstrap-sa.data.google_service_account.service_account",
            "module.automation-tf-bootstrap-sa.google_service_account.service_account",
            "module.automation-tf-resman-r-sa.data.google_service_account.service_account",
            "module.automation-tf-resman-r-sa.google_service_account.service_account",
            "module.automation-tf-resman-sa.data.google_service_account.service_account",
            "module.automation-tf-resman-sa.google_service_account.service_account",
            "module.automation-tf-vpcsc-r-sa.data.google_service_account.service_account",
            "module.automation-tf-vpcsc-r-sa.google_service_account.service_account",
            "module.automation-tf-vpcsc-sa.data.google_service_account.service_account",
            "module.automation-tf-vpcsc-sa.google_service_account.service_account",
            "module.organization-logging.google_logging_organization_settings.default",
            "module.organization-logging.google_org_policy_custom_constraint.constraint",
            "module.organization-logging.google_org_policy_policy.default",
            "module.organization-logging.google_organization_iam_binding.authoritative",
            "module.organization-logging.google_organization_iam_binding.bindings",
            "module.organization-logging.google_organization_iam_custom_role.roles",
            "module.organization-logging.google_organization_iam_member.bindings",
            "module.organization-logging.google_tags_tag_key.default",
            "module.organization-logging.google_tags_tag_key_iam_binding.default",
            "module.organization-logging.google_tags_tag_value.default",
            "module.organization-logging.google_tags_tag_value_iam_binding.default"
          ]
        },
        {
          "index_key": "roles/iam.organizationRoleViewer-serviceAccount:jp-prod-bootstrap-0r@jp-prod-iac-core-0.iam.gserviceaccount.com",
          "schema_version": 0,
          "attributes": {
            "condition": [],
            "etag": "BwYycZe/N3c=",
            "id": "890114964408/roles/iam.organizationRoleViewer/serviceAccount:jp-prod-bootstrap-0r@jp-prod-iac-core-0.iam.gserviceaccount.com",
            "member": "serviceAccount:jp-prod-bootstrap-0r@jp-prod-iac-core-0.iam.gserviceaccount.com",
            "org_id": "890114964408",
            "role": "roles/iam.organizationRoleViewer"
          },
          "sensitive_attributes": [],
          "private": "bnVsbA==",
          "dependencies": [
            "module.automation-project.data.google_bigquery_default_service_account.bq_sa",
            "module.automation-project.data.google_project.project",
            "module.automation-project.data.google_storage_project_service_account.gcs_sa",
            "module.automation-project.google_access_context_manager_service_perimeter_dry_run_resource.default",
            "module.automation-project.google_access_context_manager_service_perimeter_resource.default",
            "module.automation-project.google_compute_shared_vpc_host_project.shared_vpc_host",
            "module.automation-project.google_compute_shared_vpc_service_project.service_projects",
            "module.automation-project.google_compute_shared_vpc_service_project.shared_vpc_service",
            "module.automation-project.google_kms_crypto_key_iam_member.service_agent_cmek",
            "module.automation-project.google_org_policy_policy.default",
            "module.automation-project.google_project.project",
            "module.automation-project.google_project_default_service_accounts.default_service_accounts",
            "module.automation-project.google_project_iam_member.service_agents",
            "module.automation-project.google_project_iam_member.shared_vpc_host_robots",
            "module.automation-project.google_project_service.project_services",
            "module.automation-project.google_project_service_identity.default",
            "module.automation-tf-bootstrap-r-sa.data.google_service_account.service_account",
            "module.automation-tf-bootstrap-r-sa.google_service_account.service_account",
            "module.automation-tf-bootstrap-sa.data.google_service_account.service_account",
            "module.automation-tf-bootstrap-sa.google_service_account.service_account",
            "module.automation-tf-resman-r-sa.data.google_service_account.service_account",
            "module.automation-tf-resman-r-sa.google_service_account.service_account",
            "module.automation-tf-resman-sa.data.google_service_account.service_account",
            "module.automation-tf-resman-sa.google_service_account.service_account",
            "module.automation-tf-vpcsc-r-sa.data.google_service_account.service_account",
            "module.automation-tf-vpcsc-r-sa.google_service_account.service_account",
            "module.automation-tf-vpcsc-sa.data.google_service_account.service_account",
            "module.automation-tf-vpcsc-sa.google_service_account.service_account",
            "module.organization-logging.google_logging_organization_settings.default",
            "module.organization-logging.google_org_policy_custom_constraint.constraint",
            "module.organization-logging.google_org_policy_policy.default",
            "module.organization-logging.google_organization_iam_binding.authoritative",
            "module.organization-logging.google_organization_iam_binding.bindings",
            "module.organization-logging.google_organization_iam_custom_role.roles",
            "module.organization-logging.google_organization_iam_member.bindings",
            "module.organization-logging.google_tags_tag_key.default",
            "module.organization-logging.google_tags_tag_key_iam_binding.default",
            "module.organization-logging.google_tags_tag_value.default",
            "module.organization-logging.google_tags_tag_value_iam_binding.default"
          ]
        },
        {
          "index_key": "roles/iam.workforcePoolViewer-serviceAccount:jp-prod-bootstrap-0r@jp-prod-iac-core-0.iam.gserviceaccount.com",
          "schema_version": 0,
          "attributes": {
            "condition": [],
            "etag": "BwYycZe/N3c=",
            "id": "890114964408/roles/iam.workforcePoolViewer/serviceAccount:jp-prod-bootstrap-0r@jp-prod-iac-core-0.iam.gserviceaccount.com",
            "member": "serviceAccount:jp-prod-bootstrap-0r@jp-prod-iac-core-0.iam.gserviceaccount.com",
            "org_id": "890114964408",
            "role": "roles/iam.workforcePoolViewer"
          },
          "sensitive_attributes": [],
          "private": "bnVsbA==",
          "dependencies": [
            "module.automation-project.data.google_bigquery_default_service_account.bq_sa",
            "module.automation-project.data.google_project.project",
            "module.automation-project.data.google_storage_project_service_account.gcs_sa",
            "module.automation-project.google_access_context_manager_service_perimeter_dry_run_resource.default",
            "module.automation-project.google_access_context_manager_service_perimeter_resource.default",
            "module.automation-project.google_compute_shared_vpc_host_project.shared_vpc_host",
            "module.automation-project.google_compute_shared_vpc_service_project.service_projects",
            "module.automation-project.google_compute_shared_vpc_service_project.shared_vpc_service",
            "module.automation-project.google_kms_crypto_key_iam_member.service_agent_cmek",
            "module.automation-project.google_org_policy_policy.default",
            "module.automation-project.google_project.project",
            "module.automation-project.google_project_default_service_accounts.default_service_accounts",
            "module.automation-project.google_project_iam_member.service_agents",
            "module.automation-project.google_project_iam_member.shared_vpc_host_robots",
            "module.automation-project.google_project_service.project_services",
            "module.automation-project.google_project_service_identity.default",
            "module.automation-tf-bootstrap-r-sa.data.google_service_account.service_account",
            "module.automation-tf-bootstrap-r-sa.google_service_account.service_account",
            "module.automation-tf-bootstrap-sa.data.google_service_account.service_account",
            "module.automation-tf-bootstrap-sa.google_service_account.service_account",
            "module.automation-tf-resman-r-sa.data.google_service_account.service_account",
            "module.automation-tf-resman-r-sa.google_service_account.service_account",
            "module.automation-tf-resman-sa.data.google_service_account.service_account",
            "module.automation-tf-resman-sa.google_service_account.service_account",
            "module.automation-tf-vpcsc-r-sa.data.google_service_account.service_account",
            "module.automation-tf-vpcsc-r-sa.google_service_account.service_account",
            "module.automation-tf-vpcsc-sa.data.google_service_account.service_account",
            "module.automation-tf-vpcsc-sa.google_service_account.service_account",
            "module.organization-logging.google_logging_organization_settings.default",
            "module.organization-logging.google_org_policy_custom_constraint.constraint",
            "module.organization-logging.google_org_policy_policy.default",
            "module.organization-logging.google_organization_iam_binding.authoritative",
            "module.organization-logging.google_organization_iam_binding.bindings",
            "module.organization-logging.google_organization_iam_custom_role.roles",
            "module.organization-logging.google_organization_iam_member.bindings",
            "module.organization-logging.google_tags_tag_key.default",
            "module.organization-logging.google_tags_tag_key_iam_binding.default",
            "module.organization-logging.google_tags_tag_value.default",
            "module.organization-logging.google_tags_tag_value_iam_binding.default"
          ]
        },
        {
          "index_key": "roles/orgpolicy.policyAdmin-group:gcp-organization-admins@jplaudani.joonix.net",
          "schema_version": 0,
          "attributes": {
            "condition": [],
            "etag": "BwYycZe/N3c=",
            "id": "890114964408/roles/orgpolicy.policyAdmin/group:gcp-organization-admins@jplaudani.joonix.net",
            "member": "group:gcp-organization-admins@jplaudani.joonix.net",
            "org_id": "890114964408",
            "role": "roles/orgpolicy.policyAdmin"
          },
          "sensitive_attributes": [],
          "private": "bnVsbA==",
          "dependencies": [
            "module.automation-project.data.google_bigquery_default_service_account.bq_sa",
            "module.automation-project.data.google_project.project",
            "module.automation-project.data.google_storage_project_service_account.gcs_sa",
            "module.automation-project.google_access_context_manager_service_perimeter_dry_run_resource.default",
            "module.automation-project.google_access_context_manager_service_perimeter_resource.default",
            "module.automation-project.google_compute_shared_vpc_host_project.shared_vpc_host",
            "module.automation-project.google_compute_shared_vpc_service_project.service_projects",
            "module.automation-project.google_compute_shared_vpc_service_project.shared_vpc_service",
            "module.automation-project.google_kms_crypto_key_iam_member.service_agent_cmek",
            "module.automation-project.google_org_policy_policy.default",
            "module.automation-project.google_project.project",
            "module.automation-project.google_project_default_service_accounts.default_service_accounts",
            "module.automation-project.google_project_iam_member.service_agents",
            "module.automation-project.google_project_iam_member.shared_vpc_host_robots",
            "module.automation-project.google_project_service.project_services",
            "module.automation-project.google_project_service_identity.default",
            "module.automation-tf-bootstrap-r-sa.data.google_service_account.service_account",
            "module.automation-tf-bootstrap-r-sa.google_service_account.service_account",
            "module.automation-tf-bootstrap-sa.data.google_service_account.service_account",
            "module.automation-tf-bootstrap-sa.google_service_account.service_account",
            "module.automation-tf-resman-r-sa.data.google_service_account.service_account",
            "module.automation-tf-resman-r-sa.google_service_account.service_account",
            "module.automation-tf-resman-sa.data.google_service_account.service_account",
            "module.automation-tf-resman-sa.google_service_account.service_account",
            "module.automation-tf-vpcsc-r-sa.data.google_service_account.service_account",
            "module.automation-tf-vpcsc-r-sa.google_service_account.service_account",
            "module.automation-tf-vpcsc-sa.data.google_service_account.service_account",
            "module.automation-tf-vpcsc-sa.google_service_account.service_account",
            "module.organization-logging.google_logging_organization_settings.default",
            "module.organization-logging.google_org_policy_custom_constraint.constraint",
            "module.organization-logging.google_org_policy_policy.default",
            "module.organization-logging.google_organization_iam_binding.authoritative",
            "module.organization-logging.google_organization_iam_binding.bindings",
            "module.organization-logging.google_organization_iam_custom_role.roles",
            "module.organization-logging.google_organization_iam_member.bindings",
            "module.organization-logging.google_tags_tag_key.default",
            "module.organization-logging.google_tags_tag_key_iam_binding.default",
            "module.organization-logging.google_tags_tag_value.default",
            "module.organization-logging.google_tags_tag_value_iam_binding.default"
          ]
        },
        {
          "index_key": "roles/orgpolicy.policyAdmin-group:gcp-security-admins@jplaudani.joonix.net",
          "schema_version": 0,
          "attributes": {
            "condition": [],
            "etag": "BwYycZe/N3c=",
            "id": "890114964408/roles/orgpolicy.policyAdmin/group:gcp-security-admins@jplaudani.joonix.net",
            "member": "group:gcp-security-admins@jplaudani.joonix.net",
            "org_id": "890114964408",
            "role": "roles/orgpolicy.policyAdmin"
          },
          "sensitive_attributes": [],
          "private": "bnVsbA==",
          "dependencies": [
            "module.automation-project.data.google_bigquery_default_service_account.bq_sa",
            "module.automation-project.data.google_project.project",
            "module.automation-project.data.google_storage_project_service_account.gcs_sa",
            "module.automation-project.google_access_context_manager_service_perimeter_dry_run_resource.default",
            "module.automation-project.google_access_context_manager_service_perimeter_resource.default",
            "module.automation-project.google_compute_shared_vpc_host_project.shared_vpc_host",
            "module.automation-project.google_compute_shared_vpc_service_project.service_projects",
            "module.automation-project.google_compute_shared_vpc_service_project.shared_vpc_service",
            "module.automation-project.google_kms_crypto_key_iam_member.service_agent_cmek",
            "module.automation-project.google_org_policy_policy.default",
            "module.automation-project.google_project.project",
            "module.automation-project.google_project_default_service_accounts.default_service_accounts",
            "module.automation-project.google_project_iam_member.service_agents",
            "module.automation-project.google_project_iam_member.shared_vpc_host_robots",
            "module.automation-project.google_project_service.project_services",
            "module.automation-project.google_project_service_identity.default",
            "module.automation-tf-bootstrap-r-sa.data.google_service_account.service_account",
            "module.automation-tf-bootstrap-r-sa.google_service_account.service_account",
            "module.automation-tf-bootstrap-sa.data.google_service_account.service_account",
            "module.automation-tf-bootstrap-sa.google_service_account.service_account",
            "module.automation-tf-resman-r-sa.data.google_service_account.service_account",
            "module.automation-tf-resman-r-sa.google_service_account.service_account",
            "module.automation-tf-resman-sa.data.google_service_account.service_account",
            "module.automation-tf-resman-sa.google_service_account.service_account",
            "module.automation-tf-vpcsc-r-sa.data.google_service_account.service_account",
            "module.automation-tf-vpcsc-r-sa.google_service_account.service_account",
            "module.automation-tf-vpcsc-sa.data.google_service_account.service_account",
            "module.automation-tf-vpcsc-sa.google_service_account.service_account",
            "module.organization-logging.google_logging_organization_settings.default",
            "module.organization-logging.google_org_policy_custom_constraint.constraint",
            "module.organization-logging.google_org_policy_policy.default",
            "module.organization-logging.google_organization_iam_binding.authoritative",
            "module.organization-logging.google_organization_iam_binding.bindings",
            "module.organization-logging.google_organization_iam_custom_role.roles",
            "module.organization-logging.google_organization_iam_member.bindings",
            "module.organization-logging.google_tags_tag_key.default",
            "module.organization-logging.google_tags_tag_key_iam_binding.default",
            "module.organization-logging.google_tags_tag_value.default",
            "module.organization-logging.google_tags_tag_value_iam_binding.default"
          ]
        },
        {
          "index_key": "roles/orgpolicy.policyAdmin-serviceAccount:jp-prod-bootstrap-0@jp-prod-iac-core-0.iam.gserviceaccount.com",
          "schema_version": 0,
          "attributes": {
            "condition": [],
            "etag": "BwYycZe/N3c=",
            "id": "890114964408/roles/orgpolicy.policyAdmin/serviceAccount:jp-prod-bootstrap-0@jp-prod-iac-core-0.iam.gserviceaccount.com",
            "member": "serviceAccount:jp-prod-bootstrap-0@jp-prod-iac-core-0.iam.gserviceaccount.com",
            "org_id": "890114964408",
            "role": "roles/orgpolicy.policyAdmin"
          },
          "sensitive_attributes": [],
          "private": "bnVsbA==",
          "dependencies": [
            "module.automation-project.data.google_bigquery_default_service_account.bq_sa",
            "module.automation-project.data.google_project.project",
            "module.automation-project.data.google_storage_project_service_account.gcs_sa",
            "module.automation-project.google_access_context_manager_service_perimeter_dry_run_resource.default",
            "module.automation-project.google_access_context_manager_service_perimeter_resource.default",
            "module.automation-project.google_compute_shared_vpc_host_project.shared_vpc_host",
            "module.automation-project.google_compute_shared_vpc_service_project.service_projects",
            "module.automation-project.google_compute_shared_vpc_service_project.shared_vpc_service",
            "module.automation-project.google_kms_crypto_key_iam_member.service_agent_cmek",
            "module.automation-project.google_org_policy_policy.default",
            "module.automation-project.google_project.project",
            "module.automation-project.google_project_default_service_accounts.default_service_accounts",
            "module.automation-project.google_project_iam_member.service_agents",
            "module.automation-project.google_project_iam_member.shared_vpc_host_robots",
            "module.automation-project.google_project_service.project_services",
            "module.automation-project.google_project_service_identity.default",
            "module.automation-tf-bootstrap-r-sa.data.google_service_account.service_account",
            "module.automation-tf-bootstrap-r-sa.google_service_account.service_account",
            "module.automation-tf-bootstrap-sa.data.google_service_account.service_account",
            "module.automation-tf-bootstrap-sa.google_service_account.service_account",
            "module.automation-tf-resman-r-sa.data.google_service_account.service_account",
            "module.automation-tf-resman-r-sa.google_service_account.service_account",
            "module.automation-tf-resman-sa.data.google_service_account.service_account",
            "module.automation-tf-resman-sa.google_service_account.service_account",
            "module.automation-tf-vpcsc-r-sa.data.google_service_account.service_account",
            "module.automation-tf-vpcsc-r-sa.google_service_account.service_account",
            "module.automation-tf-vpcsc-sa.data.google_service_account.service_account",
            "module.automation-tf-vpcsc-sa.google_service_account.service_account",
            "module.organization-logging.google_logging_organization_settings.default",
            "module.organization-logging.google_org_policy_custom_constraint.constraint",
            "module.organization-logging.google_org_policy_policy.default",
            "module.organization-logging.google_organization_iam_binding.authoritative",
            "module.organization-logging.google_organization_iam_binding.bindings",
            "module.organization-logging.google_organization_iam_custom_role.roles",
            "module.organization-logging.google_organization_iam_member.bindings",
            "module.organization-logging.google_tags_tag_key.default",
            "module.organization-logging.google_tags_tag_key_iam_binding.default",
            "module.organization-logging.google_tags_tag_value.default",
            "module.organization-logging.google_tags_tag_value_iam_binding.default"
          ]
        },
        {
          "index_key": "roles/orgpolicy.policyAdmin-serviceAccount:jp-prod-resman-0@jp-prod-iac-core-0.iam.gserviceaccount.com",
          "schema_version": 0,
          "attributes": {
            "condition": [],
            "etag": "BwYycZe/N3c=",
            "id": "890114964408/roles/orgpolicy.policyAdmin/serviceAccount:jp-prod-resman-0@jp-prod-iac-core-0.iam.gserviceaccount.com",
            "member": "serviceAccount:jp-prod-resman-0@jp-prod-iac-core-0.iam.gserviceaccount.com",
            "org_id": "890114964408",
            "role": "roles/orgpolicy.policyAdmin"
          },
          "sensitive_attributes": [],
          "private": "bnVsbA==",
          "dependencies": [
            "module.automation-project.data.google_bigquery_default_service_account.bq_sa",
            "module.automation-project.data.google_project.project",
            "module.automation-project.data.google_storage_project_service_account.gcs_sa",
            "module.automation-project.google_access_context_manager_service_perimeter_dry_run_resource.default",
            "module.automation-project.google_access_context_manager_service_perimeter_resource.default",
            "module.automation-project.google_compute_shared_vpc_host_project.shared_vpc_host",
            "module.automation-project.google_compute_shared_vpc_service_project.service_projects",
            "module.automation-project.google_compute_shared_vpc_service_project.shared_vpc_service",
            "module.automation-project.google_kms_crypto_key_iam_member.service_agent_cmek",
            "module.automation-project.google_org_policy_policy.default",
            "module.automation-project.google_project.project",
            "module.automation-project.google_project_default_service_accounts.default_service_accounts",
            "module.automation-project.google_project_iam_member.service_agents",
            "module.automation-project.google_project_iam_member.shared_vpc_host_robots",
            "module.automation-project.google_project_service.project_services",
            "module.automation-project.google_project_service_identity.default",
            "module.automation-tf-bootstrap-r-sa.data.google_service_account.service_account",
            "module.automation-tf-bootstrap-r-sa.google_service_account.service_account",
            "module.automation-tf-bootstrap-sa.data.google_service_account.service_account",
            "module.automation-tf-bootstrap-sa.google_service_account.service_account",
            "module.automation-tf-resman-r-sa.data.google_service_account.service_account",
            "module.automation-tf-resman-r-sa.google_service_account.service_account",
            "module.automation-tf-resman-sa.data.google_service_account.service_account",
            "module.automation-tf-resman-sa.google_service_account.service_account",
            "module.automation-tf-vpcsc-r-sa.data.google_service_account.service_account",
            "module.automation-tf-vpcsc-r-sa.google_service_account.service_account",
            "module.automation-tf-vpcsc-sa.data.google_service_account.service_account",
            "module.automation-tf-vpcsc-sa.google_service_account.service_account",
            "module.organization-logging.google_logging_organization_settings.default",
            "module.organization-logging.google_org_policy_custom_constraint.constraint",
            "module.organization-logging.google_org_policy_policy.default",
            "module.organization-logging.google_organization_iam_binding.authoritative",
            "module.organization-logging.google_organization_iam_binding.bindings",
            "module.organization-logging.google_organization_iam_custom_role.roles",
            "module.organization-logging.google_organization_iam_member.bindings",
            "module.organization-logging.google_tags_tag_key.default",
            "module.organization-logging.google_tags_tag_key_iam_binding.default",
            "module.organization-logging.google_tags_tag_value.default",
            "module.organization-logging.google_tags_tag_value_iam_binding.default"
          ]
        },
        {
          "index_key": "roles/orgpolicy.policyViewer-serviceAccount:jp-prod-bootstrap-0r@jp-prod-iac-core-0.iam.gserviceaccount.com",
          "schema_version": 0,
          "attributes": {
            "condition": [],
            "etag": "BwYycZe/N3c=",
            "id": "890114964408/roles/orgpolicy.policyViewer/serviceAccount:jp-prod-bootstrap-0r@jp-prod-iac-core-0.iam.gserviceaccount.com",
            "member": "serviceAccount:jp-prod-bootstrap-0r@jp-prod-iac-core-0.iam.gserviceaccount.com",
            "org_id": "890114964408",
            "role": "roles/orgpolicy.policyViewer"
          },
          "sensitive_attributes": [],
          "private": "bnVsbA==",
          "dependencies": [
            "module.automation-project.data.google_bigquery_default_service_account.bq_sa",
            "module.automation-project.data.google_project.project",
            "module.automation-project.data.google_storage_project_service_account.gcs_sa",
            "module.automation-project.google_access_context_manager_service_perimeter_dry_run_resource.default",
            "module.automation-project.google_access_context_manager_service_perimeter_resource.default",
            "module.automation-project.google_compute_shared_vpc_host_project.shared_vpc_host",
            "module.automation-project.google_compute_shared_vpc_service_project.service_projects",
            "module.automation-project.google_compute_shared_vpc_service_project.shared_vpc_service",
            "module.automation-project.google_kms_crypto_key_iam_member.service_agent_cmek",
            "module.automation-project.google_org_policy_policy.default",
            "module.automation-project.google_project.project",
            "module.automation-project.google_project_default_service_accounts.default_service_accounts",
            "module.automation-project.google_project_iam_member.service_agents",
            "module.automation-project.google_project_iam_member.shared_vpc_host_robots",
            "module.automation-project.google_project_service.project_services",
            "module.automation-project.google_project_service_identity.default",
            "module.automation-tf-bootstrap-r-sa.data.google_service_account.service_account",
            "module.automation-tf-bootstrap-r-sa.google_service_account.service_account",
            "module.automation-tf-bootstrap-sa.data.google_service_account.service_account",
            "module.automation-tf-bootstrap-sa.google_service_account.service_account",
            "module.automation-tf-resman-r-sa.data.google_service_account.service_account",
            "module.automation-tf-resman-r-sa.google_service_account.service_account",
            "module.automation-tf-resman-sa.data.google_service_account.service_account",
            "module.automation-tf-resman-sa.google_service_account.service_account",
            "module.automation-tf-vpcsc-r-sa.data.google_service_account.service_account",
            "module.automation-tf-vpcsc-r-sa.google_service_account.service_account",
            "module.automation-tf-vpcsc-sa.data.google_service_account.service_account",
            "module.automation-tf-vpcsc-sa.google_service_account.service_account",
            "module.organization-logging.google_logging_organization_settings.default",
            "module.organization-logging.google_org_policy_custom_constraint.constraint",
            "module.organization-logging.google_org_policy_policy.default",
            "module.organization-logging.google_organization_iam_binding.authoritative",
            "module.organization-logging.google_organization_iam_binding.bindings",
            "module.organization-logging.google_organization_iam_custom_role.roles",
            "module.organization-logging.google_organization_iam_member.bindings",
            "module.organization-logging.google_tags_tag_key.default",
            "module.organization-logging.google_tags_tag_key_iam_binding.default",
            "module.organization-logging.google_tags_tag_value.default",
            "module.organization-logging.google_tags_tag_value_iam_binding.default"
          ]
        },
        {
          "index_key": "roles/orgpolicy.policyViewer-serviceAccount:jp-prod-resman-0r@jp-prod-iac-core-0.iam.gserviceaccount.com",
          "schema_version": 0,
          "attributes": {
            "condition": [],
            "etag": "BwYycZe/N3c=",
            "id": "890114964408/roles/orgpolicy.policyViewer/serviceAccount:jp-prod-resman-0r@jp-prod-iac-core-0.iam.gserviceaccount.com",
            "member": "serviceAccount:jp-prod-resman-0r@jp-prod-iac-core-0.iam.gserviceaccount.com",
            "org_id": "890114964408",
            "role": "roles/orgpolicy.policyViewer"
          },
          "sensitive_attributes": [],
          "private": "bnVsbA==",
          "dependencies": [
            "module.automation-project.data.google_bigquery_default_service_account.bq_sa",
            "module.automation-project.data.google_project.project",
            "module.automation-project.data.google_storage_project_service_account.gcs_sa",
            "module.automation-project.google_access_context_manager_service_perimeter_dry_run_resource.default",
            "module.automation-project.google_access_context_manager_service_perimeter_resource.default",
            "module.automation-project.google_compute_shared_vpc_host_project.shared_vpc_host",
            "module.automation-project.google_compute_shared_vpc_service_project.service_projects",
            "module.automation-project.google_compute_shared_vpc_service_project.shared_vpc_service",
            "module.automation-project.google_kms_crypto_key_iam_member.service_agent_cmek",
            "module.automation-project.google_org_policy_policy.default",
            "module.automation-project.google_project.project",
            "module.automation-project.google_project_default_service_accounts.default_service_accounts",
            "module.automation-project.google_project_iam_member.service_agents",
            "module.automation-project.google_project_iam_member.shared_vpc_host_robots",
            "module.automation-project.google_project_service.project_services",
            "module.automation-project.google_project_service_identity.default",
            "module.automation-tf-bootstrap-r-sa.data.google_service_account.service_account",
            "module.automation-tf-bootstrap-r-sa.google_service_account.service_account",
            "module.automation-tf-bootstrap-sa.data.google_service_account.service_account",
            "module.automation-tf-bootstrap-sa.google_service_account.service_account",
            "module.automation-tf-resman-r-sa.data.google_service_account.service_account",
            "module.automation-tf-resman-r-sa.google_service_account.service_account",
            "module.automation-tf-resman-sa.data.google_service_account.service_account",
            "module.automation-tf-resman-sa.google_service_account.service_account",
            "module.automation-tf-vpcsc-r-sa.data.google_service_account.service_account",
            "module.automation-tf-vpcsc-r-sa.google_service_account.service_account",
            "module.automation-tf-vpcsc-sa.data.google_service_account.service_account",
            "module.automation-tf-vpcsc-sa.google_service_account.service_account",
            "module.organization-logging.google_logging_organization_settings.default",
            "module.organization-logging.google_org_policy_custom_constraint.constraint",
            "module.organization-logging.google_org_policy_policy.default",
            "module.organization-logging.google_organization_iam_binding.authoritative",
            "module.organization-logging.google_organization_iam_binding.bindings",
            "module.organization-logging.google_organization_iam_custom_role.roles",
            "module.organization-logging.google_organization_iam_member.bindings",
            "module.organization-logging.google_tags_tag_key.default",
            "module.organization-logging.google_tags_tag_key_iam_binding.default",
            "module.organization-logging.google_tags_tag_value.default",
            "module.organization-logging.google_tags_tag_value_iam_binding.default"
          ]
        }
      ]
    },
    {
      "module": "module.organization",
      "mode": "managed",
      "type": "google_project_iam_member",
      "name": "bucket-sinks-binding",
      "provider": "provider[\"registry.terraform.io/hashicorp/google\"]",
      "instances": [
        {
          "index_key": "audit-logs",
          "schema_version": 0,
          "attributes": {
            "condition": [
              {
                "description": "Grants bucketWriter to serviceAccount:service-org-890114964408@gcp-sa-logging.iam.gserviceaccount.com used by log sink audit-logs on organizations/890114964408",
                "expression": "resource.name.endsWith('projects/jp-prod-audit-logs-0/locations/global/buckets/audit-logs')",
                "title": "audit-logs bucket writer"
              }
            ],
            "etag": "BwYycSHNmmQ=",
            "id": "jp-prod-audit-logs-0/roles/logging.bucketWriter/serviceAccount:service-org-890114964408@gcp-sa-logging.iam.gserviceaccount.com/audit-logs bucket writer/Grants bucketWriter to serviceAccount:service-org-890114964408@gcp-sa-logging.iam.gserviceaccount.com used by log sink audit-logs on organizations/890114964408/resource.name.endsWith('projects/jp-prod-audit-logs-0/locations/global/buckets/audit-logs')",
            "member": "serviceAccount:service-org-890114964408@gcp-sa-logging.iam.gserviceaccount.com",
            "project": "jp-prod-audit-logs-0",
            "role": "roles/logging.bucketWriter"
          },
          "sensitive_attributes": [],
          "private": "bnVsbA==",
          "dependencies": [
            "module.automation-project.data.google_bigquery_default_service_account.bq_sa",
            "module.automation-project.data.google_project.project",
            "module.automation-project.data.google_storage_project_service_account.gcs_sa",
            "module.automation-project.google_access_context_manager_service_perimeter_dry_run_resource.default",
            "module.automation-project.google_access_context_manager_service_perimeter_resource.default",
            "module.automation-project.google_compute_shared_vpc_host_project.shared_vpc_host",
            "module.automation-project.google_compute_shared_vpc_service_project.service_projects",
            "module.automation-project.google_compute_shared_vpc_service_project.shared_vpc_service",
            "module.automation-project.google_kms_crypto_key_iam_member.service_agent_cmek",
            "module.automation-project.google_org_policy_policy.default",
            "module.automation-project.google_project.project",
            "module.automation-project.google_project_default_service_accounts.default_service_accounts",
            "module.automation-project.google_project_iam_member.service_agents",
            "module.automation-project.google_project_iam_member.shared_vpc_host_robots",
            "module.automation-project.google_project_service.project_services",
            "module.automation-project.google_project_service_identity.default",
            "module.automation-tf-bootstrap-r-sa.data.google_service_account.service_account",
            "module.automation-tf-bootstrap-r-sa.google_service_account.service_account",
            "module.automation-tf-bootstrap-sa.data.google_service_account.service_account",
            "module.automation-tf-bootstrap-sa.google_service_account.service_account",
            "module.automation-tf-resman-r-sa.data.google_service_account.service_account",
            "module.automation-tf-resman-r-sa.google_service_account.service_account",
            "module.automation-tf-resman-sa.data.google_service_account.service_account",
            "module.automation-tf-resman-sa.google_service_account.service_account",
            "module.automation-tf-vpcsc-r-sa.data.google_service_account.service_account",
            "module.automation-tf-vpcsc-r-sa.google_service_account.service_account",
            "module.automation-tf-vpcsc-sa.data.google_service_account.service_account",
            "module.automation-tf-vpcsc-sa.google_service_account.service_account",
            "module.log-export-dataset.google_bigquery_dataset.default",
            "module.log-export-dataset.google_bigquery_dataset_access.authorized_datasets",
            "module.log-export-dataset.google_bigquery_dataset_access.authorized_routines",
            "module.log-export-dataset.google_bigquery_dataset_access.authorized_views",
            "module.log-export-dataset.google_bigquery_dataset_access.domain",
            "module.log-export-dataset.google_bigquery_dataset_access.group_by_email",
            "module.log-export-dataset.google_bigquery_dataset_access.special_group",
            "module.log-export-dataset.google_bigquery_dataset_access.user_by_email",
            "module.log-export-dataset.google_bigquery_dataset_iam_binding.bindings",
            "module.log-export-dataset.google_bigquery_routine.default",
            "module.log-export-dataset.google_bigquery_table.default",
            "module.log-export-dataset.google_bigquery_table.materialized_view",
            "module.log-export-dataset.google_bigquery_table.views",
            "module.log-export-dataset.google_tags_location_tag_binding.binding",
            "module.log-export-gcs.google_pubsub_topic.topic",
            "module.log-export-gcs.google_pubsub_topic_iam_binding.binding",
            "module.log-export-gcs.google_storage_bucket.bucket",
            "module.log-export-gcs.google_storage_bucket_iam_binding.authoritative",
            "module.log-export-gcs.google_storage_bucket_iam_binding.bindings",
            "module.log-export-gcs.google_storage_bucket_iam_member.bindings",
            "module.log-export-gcs.google_storage_bucket_object.objects",
            "module.log-export-gcs.google_storage_managed_folder.folder",
            "module.log-export-gcs.google_storage_managed_folder_iam_binding.authoritative",
            "module.log-export-gcs.google_storage_managed_folder_iam_binding.bindings",
            "module.log-export-gcs.google_storage_managed_folder_iam_member.members",
            "module.log-export-gcs.google_storage_notification.notification",
            "module.log-export-gcs.google_tags_location_tag_binding.binding",
            "module.log-export-logbucket.google_logging_billing_account_bucket_config.bucket",
            "module.log-export-logbucket.google_logging_folder_bucket_config.bucket",
            "module.log-export-logbucket.google_logging_linked_dataset.dataset",
            "module.log-export-logbucket.google_logging_log_view.views",
            "module.log-export-logbucket.google_logging_log_view_iam_binding.authoritative",
            "module.log-export-logbucket.google_logging_log_view_iam_binding.bindings",
            "module.log-export-logbucket.google_logging_log_view_iam_member.members",
            "module.log-export-logbucket.google_logging_organization_bucket_config.bucket",
            "module.log-export-logbucket.google_logging_project_bucket_config.bucket",
            "module.log-export-logbucket.google_tags_tag_binding.binding",
            "module.log-export-project.data.google_bigquery_default_service_account.bq_sa",
            "module.log-export-project.data.google_project.project",
            "module.log-export-project.data.google_storage_project_service_account.gcs_sa",
            "module.log-export-project.google_access_context_manager_service_perimeter_dry_run_resource.default",
            "module.log-export-project.google_access_context_manager_service_perimeter_resource.default",
            "module.log-export-project.google_compute_shared_vpc_host_project.shared_vpc_host",
            "module.log-export-project.google_compute_shared_vpc_service_project.service_projects",
            "module.log-export-project.google_compute_shared_vpc_service_project.shared_vpc_service",
            "module.log-export-project.google_kms_crypto_key_iam_member.service_agent_cmek",
            "module.log-export-project.google_org_policy_policy.default",
            "module.log-export-project.google_project.project",
            "module.log-export-project.google_project_default_service_accounts.default_service_accounts",
            "module.log-export-project.google_project_iam_member.service_agents",
            "module.log-export-project.google_project_iam_member.shared_vpc_host_robots",
            "module.log-export-project.google_project_service.project_services",
            "module.log-export-project.google_project_service_identity.default",
            "module.log-export-pubsub.google_pubsub_schema.default",
            "module.log-export-pubsub.google_pubsub_subscription.default",
            "module.log-export-pubsub.google_pubsub_subscription_iam_binding.authoritative",
            "module.log-export-pubsub.google_pubsub_subscription_iam_binding.bindings",
            "module.log-export-pubsub.google_pubsub_subscription_iam_member.members",
            "module.log-export-pubsub.google_pubsub_topic.default",
            "module.log-export-pubsub.google_pubsub_topic_iam_binding.authoritative",
            "module.log-export-pubsub.google_pubsub_topic_iam_binding.bindings",
            "module.log-export-pubsub.google_pubsub_topic_iam_member.bindings",
            "module.organization-logging.google_bigquery_dataset_iam_member.bq-sinks-binding",
            "module.organization-logging.google_compute_firewall_policy_association.default",
            "module.organization-logging.google_essential_contacts_contact.contact",
            "module.organization-logging.google_logging_organization_exclusion.logging-exclusion",
            "module.organization-logging.google_logging_organization_settings.default",
            "module.organization-logging.google_logging_organization_sink.sink",
            "module.organization-logging.google_org_policy_custom_constraint.constraint",
            "module.organization-logging.google_org_policy_policy.default",
            "module.organization-logging.google_organization_iam_audit_config.default",
            "module.organization-logging.google_organization_iam_binding.authoritative",
            "module.organization-logging.google_organization_iam_binding.bindings",
            "module.organization-logging.google_organization_iam_custom_role.roles",
            "module.organization-logging.google_organization_iam_member.bindings",
            "module.organization-logging.google_project_iam_member.bucket-sinks-binding",
            "module.organization-logging.google_project_iam_member.project-sinks-binding",
            "module.organization-logging.google_pubsub_topic_iam_member.pubsub-sinks-binding",
            "module.organization-logging.google_storage_bucket_iam_member.storage-sinks-binding",
            "module.organization-logging.google_tags_tag_binding.binding",
            "module.organization-logging.google_tags_tag_key.default",
            "module.organization-logging.google_tags_tag_key_iam_binding.bindings",
            "module.organization-logging.google_tags_tag_key_iam_binding.default",
            "module.organization-logging.google_tags_tag_key_iam_member.bindings",
            "module.organization-logging.google_tags_tag_value.default",
            "module.organization-logging.google_tags_tag_value_iam_binding.bindings",
            "module.organization-logging.google_tags_tag_value_iam_binding.default",
            "module.organization-logging.google_tags_tag_value_iam_member.bindings",
            "module.organization.google_logging_organization_sink.sink",
            "module.organization.google_organization_iam_binding.authoritative",
            "module.organization.google_organization_iam_binding.bindings",
            "module.organization.google_organization_iam_custom_role.roles",
            "module.organization.google_organization_iam_member.bindings"
          ]
        },
        {
          "index_key": "iam",
          "schema_version": 0,
          "attributes": {
            "condition": [
              {
                "description": "Grants bucketWriter to serviceAccount:service-org-890114964408@gcp-sa-logging.iam.gserviceaccount.com used by log sink iam on organizations/890114964408",
                "expression": "resource.name.endsWith('projects/jp-prod-audit-logs-0/locations/global/buckets/iam')",
                "title": "iam bucket writer"
              }
            ],
            "etag": "BwYycSHNmmQ=",
            "id": "jp-prod-audit-logs-0/roles/logging.bucketWriter/serviceAccount:service-org-890114964408@gcp-sa-logging.iam.gserviceaccount.com/iam bucket writer/Grants bucketWriter to serviceAccount:service-org-890114964408@gcp-sa-logging.iam.gserviceaccount.com used by log sink iam on organizations/890114964408/resource.name.endsWith('projects/jp-prod-audit-logs-0/locations/global/buckets/iam')",
            "member": "serviceAccount:service-org-890114964408@gcp-sa-logging.iam.gserviceaccount.com",
            "project": "jp-prod-audit-logs-0",
            "role": "roles/logging.bucketWriter"
          },
          "sensitive_attributes": [],
          "private": "bnVsbA==",
          "dependencies": [
            "module.automation-project.data.google_bigquery_default_service_account.bq_sa",
            "module.automation-project.data.google_project.project",
            "module.automation-project.data.google_storage_project_service_account.gcs_sa",
            "module.automation-project.google_access_context_manager_service_perimeter_dry_run_resource.default",
            "module.automation-project.google_access_context_manager_service_perimeter_resource.default",
            "module.automation-project.google_compute_shared_vpc_host_project.shared_vpc_host",
            "module.automation-project.google_compute_shared_vpc_service_project.service_projects",
            "module.automation-project.google_compute_shared_vpc_service_project.shared_vpc_service",
            "module.automation-project.google_kms_crypto_key_iam_member.service_agent_cmek",
            "module.automation-project.google_org_policy_policy.default",
            "module.automation-project.google_project.project",
            "module.automation-project.google_project_default_service_accounts.default_service_accounts",
            "module.automation-project.google_project_iam_member.service_agents",
            "module.automation-project.google_project_iam_member.shared_vpc_host_robots",
            "module.automation-project.google_project_service.project_services",
            "module.automation-project.google_project_service_identity.default",
            "module.automation-tf-bootstrap-r-sa.data.google_service_account.service_account",
            "module.automation-tf-bootstrap-r-sa.google_service_account.service_account",
            "module.automation-tf-bootstrap-sa.data.google_service_account.service_account",
            "module.automation-tf-bootstrap-sa.google_service_account.service_account",
            "module.automation-tf-resman-r-sa.data.google_service_account.service_account",
            "module.automation-tf-resman-r-sa.google_service_account.service_account",
            "module.automation-tf-resman-sa.data.google_service_account.service_account",
            "module.automation-tf-resman-sa.google_service_account.service_account",
            "module.automation-tf-vpcsc-r-sa.data.google_service_account.service_account",
            "module.automation-tf-vpcsc-r-sa.google_service_account.service_account",
            "module.automation-tf-vpcsc-sa.data.google_service_account.service_account",
            "module.automation-tf-vpcsc-sa.google_service_account.service_account",
            "module.log-export-dataset.google_bigquery_dataset.default",
            "module.log-export-dataset.google_bigquery_dataset_access.authorized_datasets",
            "module.log-export-dataset.google_bigquery_dataset_access.authorized_routines",
            "module.log-export-dataset.google_bigquery_dataset_access.authorized_views",
            "module.log-export-dataset.google_bigquery_dataset_access.domain",
            "module.log-export-dataset.google_bigquery_dataset_access.group_by_email",
            "module.log-export-dataset.google_bigquery_dataset_access.special_group",
            "module.log-export-dataset.google_bigquery_dataset_access.user_by_email",
            "module.log-export-dataset.google_bigquery_dataset_iam_binding.bindings",
            "module.log-export-dataset.google_bigquery_routine.default",
            "module.log-export-dataset.google_bigquery_table.default",
            "module.log-export-dataset.google_bigquery_table.materialized_view",
            "module.log-export-dataset.google_bigquery_table.views",
            "module.log-export-dataset.google_tags_location_tag_binding.binding",
            "module.log-export-gcs.google_pubsub_topic.topic",
            "module.log-export-gcs.google_pubsub_topic_iam_binding.binding",
            "module.log-export-gcs.google_storage_bucket.bucket",
            "module.log-export-gcs.google_storage_bucket_iam_binding.authoritative",
            "module.log-export-gcs.google_storage_bucket_iam_binding.bindings",
            "module.log-export-gcs.google_storage_bucket_iam_member.bindings",
            "module.log-export-gcs.google_storage_bucket_object.objects",
            "module.log-export-gcs.google_storage_managed_folder.folder",
            "module.log-export-gcs.google_storage_managed_folder_iam_binding.authoritative",
            "module.log-export-gcs.google_storage_managed_folder_iam_binding.bindings",
            "module.log-export-gcs.google_storage_managed_folder_iam_member.members",
            "module.log-export-gcs.google_storage_notification.notification",
            "module.log-export-gcs.google_tags_location_tag_binding.binding",
            "module.log-export-logbucket.google_logging_billing_account_bucket_config.bucket",
            "module.log-export-logbucket.google_logging_folder_bucket_config.bucket",
            "module.log-export-logbucket.google_logging_linked_dataset.dataset",
            "module.log-export-logbucket.google_logging_log_view.views",
            "module.log-export-logbucket.google_logging_log_view_iam_binding.authoritative",
            "module.log-export-logbucket.google_logging_log_view_iam_binding.bindings",
            "module.log-export-logbucket.google_logging_log_view_iam_member.members",
            "module.log-export-logbucket.google_logging_organization_bucket_config.bucket",
            "module.log-export-logbucket.google_logging_project_bucket_config.bucket",
            "module.log-export-logbucket.google_tags_tag_binding.binding",
            "module.log-export-project.data.google_bigquery_default_service_account.bq_sa",
            "module.log-export-project.data.google_project.project",
            "module.log-export-project.data.google_storage_project_service_account.gcs_sa",
            "module.log-export-project.google_access_context_manager_service_perimeter_dry_run_resource.default",
            "module.log-export-project.google_access_context_manager_service_perimeter_resource.default",
            "module.log-export-project.google_compute_shared_vpc_host_project.shared_vpc_host",
            "module.log-export-project.google_compute_shared_vpc_service_project.service_projects",
            "module.log-export-project.google_compute_shared_vpc_service_project.shared_vpc_service",
            "module.log-export-project.google_kms_crypto_key_iam_member.service_agent_cmek",
            "module.log-export-project.google_org_policy_policy.default",
            "module.log-export-project.google_project.project",
            "module.log-export-project.google_project_default_service_accounts.default_service_accounts",
            "module.log-export-project.google_project_iam_member.service_agents",
            "module.log-export-project.google_project_iam_member.shared_vpc_host_robots",
            "module.log-export-project.google_project_service.project_services",
            "module.log-export-project.google_project_service_identity.default",
            "module.log-export-pubsub.google_pubsub_schema.default",
            "module.log-export-pubsub.google_pubsub_subscription.default",
            "module.log-export-pubsub.google_pubsub_subscription_iam_binding.authoritative",
            "module.log-export-pubsub.google_pubsub_subscription_iam_binding.bindings",
            "module.log-export-pubsub.google_pubsub_subscription_iam_member.members",
            "module.log-export-pubsub.google_pubsub_topic.default",
            "module.log-export-pubsub.google_pubsub_topic_iam_binding.authoritative",
            "module.log-export-pubsub.google_pubsub_topic_iam_binding.bindings",
            "module.log-export-pubsub.google_pubsub_topic_iam_member.bindings",
            "module.organization-logging.google_bigquery_dataset_iam_member.bq-sinks-binding",
            "module.organization-logging.google_compute_firewall_policy_association.default",
            "module.organization-logging.google_essential_contacts_contact.contact",
            "module.organization-logging.google_logging_organization_exclusion.logging-exclusion",
            "module.organization-logging.google_logging_organization_settings.default",
            "module.organization-logging.google_logging_organization_sink.sink",
            "module.organization-logging.google_org_policy_custom_constraint.constraint",
            "module.organization-logging.google_org_policy_policy.default",
            "module.organization-logging.google_organization_iam_audit_config.default",
            "module.organization-logging.google_organization_iam_binding.authoritative",
            "module.organization-logging.google_organization_iam_binding.bindings",
            "module.organization-logging.google_organization_iam_custom_role.roles",
            "module.organization-logging.google_organization_iam_member.bindings",
            "module.organization-logging.google_project_iam_member.bucket-sinks-binding",
            "module.organization-logging.google_project_iam_member.project-sinks-binding",
            "module.organization-logging.google_pubsub_topic_iam_member.pubsub-sinks-binding",
            "module.organization-logging.google_storage_bucket_iam_member.storage-sinks-binding",
            "module.organization-logging.google_tags_tag_binding.binding",
            "module.organization-logging.google_tags_tag_key.default",
            "module.organization-logging.google_tags_tag_key_iam_binding.bindings",
            "module.organization-logging.google_tags_tag_key_iam_binding.default",
            "module.organization-logging.google_tags_tag_key_iam_member.bindings",
            "module.organization-logging.google_tags_tag_value.default",
            "module.organization-logging.google_tags_tag_value_iam_binding.bindings",
            "module.organization-logging.google_tags_tag_value_iam_binding.default",
            "module.organization-logging.google_tags_tag_value_iam_member.bindings",
            "module.organization.google_logging_organization_sink.sink",
            "module.organization.google_organization_iam_binding.authoritative",
            "module.organization.google_organization_iam_binding.bindings",
            "module.organization.google_organization_iam_custom_role.roles",
            "module.organization.google_organization_iam_member.bindings"
          ]
        },
        {
          "index_key": "vpc-sc",
          "schema_version": 0,
          "attributes": {
            "condition": [
              {
                "description": "Grants bucketWriter to serviceAccount:service-org-890114964408@gcp-sa-logging.iam.gserviceaccount.com used by log sink vpc-sc on organizations/890114964408",
                "expression": "resource.name.endsWith('projects/jp-prod-audit-logs-0/locations/global/buckets/vpc-sc')",
                "title": "vpc-sc bucket writer"
              }
            ],
            "etag": "BwYycSHNmmQ=",
            "id": "jp-prod-audit-logs-0/roles/logging.bucketWriter/serviceAccount:service-org-890114964408@gcp-sa-logging.iam.gserviceaccount.com/vpc-sc bucket writer/Grants bucketWriter to serviceAccount:service-org-890114964408@gcp-sa-logging.iam.gserviceaccount.com used by log sink vpc-sc on organizations/890114964408/resource.name.endsWith('projects/jp-prod-audit-logs-0/locations/global/buckets/vpc-sc')",
            "member": "serviceAccount:service-org-890114964408@gcp-sa-logging.iam.gserviceaccount.com",
            "project": "jp-prod-audit-logs-0",
            "role": "roles/logging.bucketWriter"
          },
          "sensitive_attributes": [],
          "private": "bnVsbA==",
          "dependencies": [
            "module.automation-project.data.google_bigquery_default_service_account.bq_sa",
            "module.automation-project.data.google_project.project",
            "module.automation-project.data.google_storage_project_service_account.gcs_sa",
            "module.automation-project.google_access_context_manager_service_perimeter_dry_run_resource.default",
            "module.automation-project.google_access_context_manager_service_perimeter_resource.default",
            "module.automation-project.google_compute_shared_vpc_host_project.shared_vpc_host",
            "module.automation-project.google_compute_shared_vpc_service_project.service_projects",
            "module.automation-project.google_compute_shared_vpc_service_project.shared_vpc_service",
            "module.automation-project.google_kms_crypto_key_iam_member.service_agent_cmek",
            "module.automation-project.google_org_policy_policy.default",
            "module.automation-project.google_project.project",
            "module.automation-project.google_project_default_service_accounts.default_service_accounts",
            "module.automation-project.google_project_iam_member.service_agents",
            "module.automation-project.google_project_iam_member.shared_vpc_host_robots",
            "module.automation-project.google_project_service.project_services",
            "module.automation-project.google_project_service_identity.default",
            "module.automation-tf-bootstrap-r-sa.data.google_service_account.service_account",
            "module.automation-tf-bootstrap-r-sa.google_service_account.service_account",
            "module.automation-tf-bootstrap-sa.data.google_service_account.service_account",
            "module.automation-tf-bootstrap-sa.google_service_account.service_account",
            "module.automation-tf-resman-r-sa.data.google_service_account.service_account",
            "module.automation-tf-resman-r-sa.google_service_account.service_account",
            "module.automation-tf-resman-sa.data.google_service_account.service_account",
            "module.automation-tf-resman-sa.google_service_account.service_account",
            "module.automation-tf-vpcsc-r-sa.data.google_service_account.service_account",
            "module.automation-tf-vpcsc-r-sa.google_service_account.service_account",
            "module.automation-tf-vpcsc-sa.data.google_service_account.service_account",
            "module.automation-tf-vpcsc-sa.google_service_account.service_account",
            "module.log-export-dataset.google_bigquery_dataset.default",
            "module.log-export-dataset.google_bigquery_dataset_access.authorized_datasets",
            "module.log-export-dataset.google_bigquery_dataset_access.authorized_routines",
            "module.log-export-dataset.google_bigquery_dataset_access.authorized_views",
            "module.log-export-dataset.google_bigquery_dataset_access.domain",
            "module.log-export-dataset.google_bigquery_dataset_access.group_by_email",
            "module.log-export-dataset.google_bigquery_dataset_access.special_group",
            "module.log-export-dataset.google_bigquery_dataset_access.user_by_email",
            "module.log-export-dataset.google_bigquery_dataset_iam_binding.bindings",
            "module.log-export-dataset.google_bigquery_routine.default",
            "module.log-export-dataset.google_bigquery_table.default",
            "module.log-export-dataset.google_bigquery_table.materialized_view",
            "module.log-export-dataset.google_bigquery_table.views",
            "module.log-export-dataset.google_tags_location_tag_binding.binding",
            "module.log-export-gcs.google_pubsub_topic.topic",
            "module.log-export-gcs.google_pubsub_topic_iam_binding.binding",
            "module.log-export-gcs.google_storage_bucket.bucket",
            "module.log-export-gcs.google_storage_bucket_iam_binding.authoritative",
            "module.log-export-gcs.google_storage_bucket_iam_binding.bindings",
            "module.log-export-gcs.google_storage_bucket_iam_member.bindings",
            "module.log-export-gcs.google_storage_bucket_object.objects",
            "module.log-export-gcs.google_storage_managed_folder.folder",
            "module.log-export-gcs.google_storage_managed_folder_iam_binding.authoritative",
            "module.log-export-gcs.google_storage_managed_folder_iam_binding.bindings",
            "module.log-export-gcs.google_storage_managed_folder_iam_member.members",
            "module.log-export-gcs.google_storage_notification.notification",
            "module.log-export-gcs.google_tags_location_tag_binding.binding",
            "module.log-export-logbucket.google_logging_billing_account_bucket_config.bucket",
            "module.log-export-logbucket.google_logging_folder_bucket_config.bucket",
            "module.log-export-logbucket.google_logging_linked_dataset.dataset",
            "module.log-export-logbucket.google_logging_log_view.views",
            "module.log-export-logbucket.google_logging_log_view_iam_binding.authoritative",
            "module.log-export-logbucket.google_logging_log_view_iam_binding.bindings",
            "module.log-export-logbucket.google_logging_log_view_iam_member.members",
            "module.log-export-logbucket.google_logging_organization_bucket_config.bucket",
            "module.log-export-logbucket.google_logging_project_bucket_config.bucket",
            "module.log-export-logbucket.google_tags_tag_binding.binding",
            "module.log-export-project.data.google_bigquery_default_service_account.bq_sa",
            "module.log-export-project.data.google_project.project",
            "module.log-export-project.data.google_storage_project_service_account.gcs_sa",
            "module.log-export-project.google_access_context_manager_service_perimeter_dry_run_resource.default",
            "module.log-export-project.google_access_context_manager_service_perimeter_resource.default",
            "module.log-export-project.google_compute_shared_vpc_host_project.shared_vpc_host",
            "module.log-export-project.google_compute_shared_vpc_service_project.service_projects",
            "module.log-export-project.google_compute_shared_vpc_service_project.shared_vpc_service",
            "module.log-export-project.google_kms_crypto_key_iam_member.service_agent_cmek",
            "module.log-export-project.google_org_policy_policy.default",
            "module.log-export-project.google_project.project",
            "module.log-export-project.google_project_default_service_accounts.default_service_accounts",
            "module.log-export-project.google_project_iam_member.service_agents",
            "module.log-export-project.google_project_iam_member.shared_vpc_host_robots",
            "module.log-export-project.google_project_service.project_services",
            "module.log-export-project.google_project_service_identity.default",
            "module.log-export-pubsub.google_pubsub_schema.default",
            "module.log-export-pubsub.google_pubsub_subscription.default",
            "module.log-export-pubsub.google_pubsub_subscription_iam_binding.authoritative",
            "module.log-export-pubsub.google_pubsub_subscription_iam_binding.bindings",
            "module.log-export-pubsub.google_pubsub_subscription_iam_member.members",
            "module.log-export-pubsub.google_pubsub_topic.default",
            "module.log-export-pubsub.google_pubsub_topic_iam_binding.authoritative",
            "module.log-export-pubsub.google_pubsub_topic_iam_binding.bindings",
            "module.log-export-pubsub.google_pubsub_topic_iam_member.bindings",
            "module.organization-logging.google_bigquery_dataset_iam_member.bq-sinks-binding",
            "module.organization-logging.google_compute_firewall_policy_association.default",
            "module.organization-logging.google_essential_contacts_contact.contact",
            "module.organization-logging.google_logging_organization_exclusion.logging-exclusion",
            "module.organization-logging.google_logging_organization_settings.default",
            "module.organization-logging.google_logging_organization_sink.sink",
            "module.organization-logging.google_org_policy_custom_constraint.constraint",
            "module.organization-logging.google_org_policy_policy.default",
            "module.organization-logging.google_organization_iam_audit_config.default",
            "module.organization-logging.google_organization_iam_binding.authoritative",
            "module.organization-logging.google_organization_iam_binding.bindings",
            "module.organization-logging.google_organization_iam_custom_role.roles",
            "module.organization-logging.google_organization_iam_member.bindings",
            "module.organization-logging.google_project_iam_member.bucket-sinks-binding",
            "module.organization-logging.google_project_iam_member.project-sinks-binding",
            "module.organization-logging.google_pubsub_topic_iam_member.pubsub-sinks-binding",
            "module.organization-logging.google_storage_bucket_iam_member.storage-sinks-binding",
            "module.organization-logging.google_tags_tag_binding.binding",
            "module.organization-logging.google_tags_tag_key.default",
            "module.organization-logging.google_tags_tag_key_iam_binding.bindings",
            "module.organization-logging.google_tags_tag_key_iam_binding.default",
            "module.organization-logging.google_tags_tag_key_iam_member.bindings",
            "module.organization-logging.google_tags_tag_value.default",
            "module.organization-logging.google_tags_tag_value_iam_binding.bindings",
            "module.organization-logging.google_tags_tag_value_iam_binding.default",
            "module.organization-logging.google_tags_tag_value_iam_member.bindings",
            "module.organization.google_logging_organization_sink.sink",
            "module.organization.google_organization_iam_binding.authoritative",
            "module.organization.google_organization_iam_binding.bindings",
            "module.organization.google_organization_iam_custom_role.roles",
            "module.organization.google_organization_iam_member.bindings"
          ]
        },
        {
          "index_key": "workspace-audit-logs",
          "schema_version": 0,
          "attributes": {
            "condition": [
              {
                "description": "Grants bucketWriter to serviceAccount:service-org-890114964408@gcp-sa-logging.iam.gserviceaccount.com used by log sink workspace-audit-logs on organizations/890114964408",
                "expression": "resource.name.endsWith('projects/jp-prod-audit-logs-0/locations/global/buckets/workspace-audit-logs')",
                "title": "workspace-audit-logs bucket writer"
              }
            ],
            "etag": "BwYycSHNmmQ=",
            "id": "jp-prod-audit-logs-0/roles/logging.bucketWriter/serviceAccount:service-org-890114964408@gcp-sa-logging.iam.gserviceaccount.com/workspace-audit-logs bucket writer/Grants bucketWriter to serviceAccount:service-org-890114964408@gcp-sa-logging.iam.gserviceaccount.com used by log sink workspace-audit-logs on organizations/890114964408/resource.name.endsWith('projects/jp-prod-audit-logs-0/locations/global/buckets/workspace-audit-logs')",
            "member": "serviceAccount:service-org-890114964408@gcp-sa-logging.iam.gserviceaccount.com",
            "project": "jp-prod-audit-logs-0",
            "role": "roles/logging.bucketWriter"
          },
          "sensitive_attributes": [],
          "private": "bnVsbA==",
          "dependencies": [
            "module.automation-project.data.google_bigquery_default_service_account.bq_sa",
            "module.automation-project.data.google_project.project",
            "module.automation-project.data.google_storage_project_service_account.gcs_sa",
            "module.automation-project.google_access_context_manager_service_perimeter_dry_run_resource.default",
            "module.automation-project.google_access_context_manager_service_perimeter_resource.default",
            "module.automation-project.google_compute_shared_vpc_host_project.shared_vpc_host",
            "module.automation-project.google_compute_shared_vpc_service_project.service_projects",
            "module.automation-project.google_compute_shared_vpc_service_project.shared_vpc_service",
            "module.automation-project.google_kms_crypto_key_iam_member.service_agent_cmek",
            "module.automation-project.google_org_policy_policy.default",
            "module.automation-project.google_project.project",
            "module.automation-project.google_project_default_service_accounts.default_service_accounts",
            "module.automation-project.google_project_iam_member.service_agents",
            "module.automation-project.google_project_iam_member.shared_vpc_host_robots",
            "module.automation-project.google_project_service.project_services",
            "module.automation-project.google_project_service_identity.default",
            "module.automation-tf-bootstrap-r-sa.data.google_service_account.service_account",
            "module.automation-tf-bootstrap-r-sa.google_service_account.service_account",
            "module.automation-tf-bootstrap-sa.data.google_service_account.service_account",
            "module.automation-tf-bootstrap-sa.google_service_account.service_account",
            "module.automation-tf-resman-r-sa.data.google_service_account.service_account",
            "module.automation-tf-resman-r-sa.google_service_account.service_account",
            "module.automation-tf-resman-sa.data.google_service_account.service_account",
            "module.automation-tf-resman-sa.google_service_account.service_account",
            "module.automation-tf-vpcsc-r-sa.data.google_service_account.service_account",
            "module.automation-tf-vpcsc-r-sa.google_service_account.service_account",
            "module.automation-tf-vpcsc-sa.data.google_service_account.service_account",
            "module.automation-tf-vpcsc-sa.google_service_account.service_account",
            "module.log-export-dataset.google_bigquery_dataset.default",
            "module.log-export-dataset.google_bigquery_dataset_access.authorized_datasets",
            "module.log-export-dataset.google_bigquery_dataset_access.authorized_routines",
            "module.log-export-dataset.google_bigquery_dataset_access.authorized_views",
            "module.log-export-dataset.google_bigquery_dataset_access.domain",
            "module.log-export-dataset.google_bigquery_dataset_access.group_by_email",
            "module.log-export-dataset.google_bigquery_dataset_access.special_group",
            "module.log-export-dataset.google_bigquery_dataset_access.user_by_email",
            "module.log-export-dataset.google_bigquery_dataset_iam_binding.bindings",
            "module.log-export-dataset.google_bigquery_routine.default",
            "module.log-export-dataset.google_bigquery_table.default",
            "module.log-export-dataset.google_bigquery_table.materialized_view",
            "module.log-export-dataset.google_bigquery_table.views",
            "module.log-export-dataset.google_tags_location_tag_binding.binding",
            "module.log-export-gcs.google_pubsub_topic.topic",
            "module.log-export-gcs.google_pubsub_topic_iam_binding.binding",
            "module.log-export-gcs.google_storage_bucket.bucket",
            "module.log-export-gcs.google_storage_bucket_iam_binding.authoritative",
            "module.log-export-gcs.google_storage_bucket_iam_binding.bindings",
            "module.log-export-gcs.google_storage_bucket_iam_member.bindings",
            "module.log-export-gcs.google_storage_bucket_object.objects",
            "module.log-export-gcs.google_storage_managed_folder.folder",
            "module.log-export-gcs.google_storage_managed_folder_iam_binding.authoritative",
            "module.log-export-gcs.google_storage_managed_folder_iam_binding.bindings",
            "module.log-export-gcs.google_storage_managed_folder_iam_member.members",
            "module.log-export-gcs.google_storage_notification.notification",
            "module.log-export-gcs.google_tags_location_tag_binding.binding",
            "module.log-export-logbucket.google_logging_billing_account_bucket_config.bucket",
            "module.log-export-logbucket.google_logging_folder_bucket_config.bucket",
            "module.log-export-logbucket.google_logging_linked_dataset.dataset",
            "module.log-export-logbucket.google_logging_log_view.views",
            "module.log-export-logbucket.google_logging_log_view_iam_binding.authoritative",
            "module.log-export-logbucket.google_logging_log_view_iam_binding.bindings",
            "module.log-export-logbucket.google_logging_log_view_iam_member.members",
            "module.log-export-logbucket.google_logging_organization_bucket_config.bucket",
            "module.log-export-logbucket.google_logging_project_bucket_config.bucket",
            "module.log-export-logbucket.google_tags_tag_binding.binding",
            "module.log-export-project.data.google_bigquery_default_service_account.bq_sa",
            "module.log-export-project.data.google_project.project",
            "module.log-export-project.data.google_storage_project_service_account.gcs_sa",
            "module.log-export-project.google_access_context_manager_service_perimeter_dry_run_resource.default",
            "module.log-export-project.google_access_context_manager_service_perimeter_resource.default",
            "module.log-export-project.google_compute_shared_vpc_host_project.shared_vpc_host",
            "module.log-export-project.google_compute_shared_vpc_service_project.service_projects",
            "module.log-export-project.google_compute_shared_vpc_service_project.shared_vpc_service",
            "module.log-export-project.google_kms_crypto_key_iam_member.service_agent_cmek",
            "module.log-export-project.google_org_policy_policy.default",
            "module.log-export-project.google_project.project",
            "module.log-export-project.google_project_default_service_accounts.default_service_accounts",
            "module.log-export-project.google_project_iam_member.service_agents",
            "module.log-export-project.google_project_iam_member.shared_vpc_host_robots",
            "module.log-export-project.google_project_service.project_services",
            "module.log-export-project.google_project_service_identity.default",
            "module.log-export-pubsub.google_pubsub_schema.default",
            "module.log-export-pubsub.google_pubsub_subscription.default",
            "module.log-export-pubsub.google_pubsub_subscription_iam_binding.authoritative",
            "module.log-export-pubsub.google_pubsub_subscription_iam_binding.bindings",
            "module.log-export-pubsub.google_pubsub_subscription_iam_member.members",
            "module.log-export-pubsub.google_pubsub_topic.default",
            "module.log-export-pubsub.google_pubsub_topic_iam_binding.authoritative",
            "module.log-export-pubsub.google_pubsub_topic_iam_binding.bindings",
            "module.log-export-pubsub.google_pubsub_topic_iam_member.bindings",
            "module.organization-logging.google_bigquery_dataset_iam_member.bq-sinks-binding",
            "module.organization-logging.google_compute_firewall_policy_association.default",
            "module.organization-logging.google_essential_contacts_contact.contact",
            "module.organization-logging.google_logging_organization_exclusion.logging-exclusion",
            "module.organization-logging.google_logging_organization_settings.default",
            "module.organization-logging.google_logging_organization_sink.sink",
            "module.organization-logging.google_org_policy_custom_constraint.constraint",
            "module.organization-logging.google_org_policy_policy.default",
            "module.organization-logging.google_organization_iam_audit_config.default",
            "module.organization-logging.google_organization_iam_binding.authoritative",
            "module.organization-logging.google_organization_iam_binding.bindings",
            "module.organization-logging.google_organization_iam_custom_role.roles",
            "module.organization-logging.google_organization_iam_member.bindings",
            "module.organization-logging.google_project_iam_member.bucket-sinks-binding",
            "module.organization-logging.google_project_iam_member.project-sinks-binding",
            "module.organization-logging.google_pubsub_topic_iam_member.pubsub-sinks-binding",
            "module.organization-logging.google_storage_bucket_iam_member.storage-sinks-binding",
            "module.organization-logging.google_tags_tag_binding.binding",
            "module.organization-logging.google_tags_tag_key.default",
            "module.organization-logging.google_tags_tag_key_iam_binding.bindings",
            "module.organization-logging.google_tags_tag_key_iam_binding.default",
            "module.organization-logging.google_tags_tag_key_iam_member.bindings",
            "module.organization-logging.google_tags_tag_value.default",
            "module.organization-logging.google_tags_tag_value_iam_binding.bindings",
            "module.organization-logging.google_tags_tag_value_iam_binding.default",
            "module.organization-logging.google_tags_tag_value_iam_member.bindings",
            "module.organization.google_logging_organization_sink.sink",
            "module.organization.google_organization_iam_binding.authoritative",
            "module.organization.google_organization_iam_binding.bindings",
            "module.organization.google_organization_iam_custom_role.roles",
            "module.organization.google_organization_iam_member.bindings"
          ]
        }
      ]
    },
    {
      "module": "module.organization",
      "mode": "managed",
      "type": "google_tags_tag_key",
      "name": "default",
      "provider": "provider[\"registry.terraform.io/hashicorp/google\"]",
      "instances": [
        {
          "index_key": "org-policies",
          "schema_version": 0,
          "attributes": {
            "create_time": "2025-04-10T19:07:58.820349Z",
            "description": "Organization policy conditions.",
            "id": "tagKeys/281476992081628",
            "name": "281476992081628",
            "namespaced_name": "890114964408/org-policies",
            "parent": "organizations/890114964408",
            "purpose": "",
            "purpose_data": null,
            "short_name": "org-policies",
            "timeouts": null,
            "update_time": "2025-04-10T19:07:58.820349Z"
          },
          "sensitive_attributes": [],
          "private": "eyJlMmJmYjczMC1lY2FhLTExZTYtOGY4OC0zNDM2M2JjN2M0YzAiOnsiY3JlYXRlIjoxMjAwMDAwMDAwMDAwLCJkZWxldGUiOjEyMDAwMDAwMDAwMDAsInVwZGF0ZSI6MTIwMDAwMDAwMDAwMH19",
          "dependencies": [
            "module.automation-project.data.google_bigquery_default_service_account.bq_sa",
            "module.automation-project.data.google_project.project",
            "module.automation-project.data.google_storage_project_service_account.gcs_sa",
            "module.automation-project.google_access_context_manager_service_perimeter_dry_run_resource.default",
            "module.automation-project.google_access_context_manager_service_perimeter_resource.default",
            "module.automation-project.google_compute_shared_vpc_host_project.shared_vpc_host",
            "module.automation-project.google_compute_shared_vpc_service_project.service_projects",
            "module.automation-project.google_compute_shared_vpc_service_project.shared_vpc_service",
            "module.automation-project.google_kms_crypto_key_iam_member.service_agent_cmek",
            "module.automation-project.google_org_policy_policy.default",
            "module.automation-project.google_project.project",
            "module.automation-project.google_project_default_service_accounts.default_service_accounts",
            "module.automation-project.google_project_iam_member.service_agents",
            "module.automation-project.google_project_iam_member.shared_vpc_host_robots",
            "module.automation-project.google_project_service.project_services",
            "module.automation-project.google_project_service_identity.default",
            "module.automation-tf-bootstrap-r-sa.data.google_service_account.service_account",
            "module.automation-tf-bootstrap-r-sa.google_service_account.service_account",
            "module.automation-tf-bootstrap-sa.data.google_service_account.service_account",
            "module.automation-tf-bootstrap-sa.google_service_account.service_account",
            "module.automation-tf-resman-r-sa.data.google_service_account.service_account",
            "module.automation-tf-resman-r-sa.google_service_account.service_account",
            "module.automation-tf-resman-sa.data.google_service_account.service_account",
            "module.automation-tf-resman-sa.google_service_account.service_account",
            "module.automation-tf-vpcsc-r-sa.data.google_service_account.service_account",
            "module.automation-tf-vpcsc-r-sa.google_service_account.service_account",
            "module.automation-tf-vpcsc-sa.data.google_service_account.service_account",
            "module.automation-tf-vpcsc-sa.google_service_account.service_account",
            "module.organization-logging.google_logging_organization_settings.default",
            "module.organization-logging.google_org_policy_custom_constraint.constraint",
            "module.organization-logging.google_org_policy_policy.default",
            "module.organization-logging.google_organization_iam_binding.authoritative",
            "module.organization-logging.google_organization_iam_binding.bindings",
            "module.organization-logging.google_organization_iam_custom_role.roles",
            "module.organization-logging.google_organization_iam_member.bindings",
            "module.organization-logging.google_tags_tag_key.default",
            "module.organization-logging.google_tags_tag_key_iam_binding.default",
            "module.organization-logging.google_tags_tag_value.default",
            "module.organization-logging.google_tags_tag_value_iam_binding.default",
            "module.organization.google_organization_iam_binding.authoritative",
            "module.organization.google_organization_iam_binding.bindings",
            "module.organization.google_organization_iam_custom_role.roles",
            "module.organization.google_organization_iam_member.bindings"
          ]
        }
      ]
    },
    {
      "module": "module.organization",
      "mode": "managed",
      "type": "google_tags_tag_value",
      "name": "default",
      "provider": "provider[\"registry.terraform.io/hashicorp/google\"]",
      "instances": [
        {
          "index_key": "org-policies/allowed-essential-contacts-domains-all",
          "schema_version": 0,
          "attributes": {
            "create_time": "2025-04-10T19:26:17.759Z",
            "description": "Managed by the Terraform organization module.",
            "id": "tagValues/281481307347356",
            "name": "281481307347356",
            "namespaced_name": "890114964408/org-policies/allowed-essential-contacts-domains-all",
            "parent": "tagKeys/281476992081628",
            "short_name": "allowed-essential-contacts-domains-all",
            "timeouts": null,
            "update_time": "2025-04-10T19:26:17.759Z"
          },
          "sensitive_attributes": [],
          "private": "eyJlMmJmYjczMC1lY2FhLTExZTYtOGY4OC0zNDM2M2JjN2M0YzAiOnsiY3JlYXRlIjoxMjAwMDAwMDAwMDAwLCJkZWxldGUiOjEyMDAwMDAwMDAwMDAsInVwZGF0ZSI6MTIwMDAwMDAwMDAwMH19",
          "dependencies": [
            "module.automation-project.data.google_bigquery_default_service_account.bq_sa",
            "module.automation-project.data.google_project.project",
            "module.automation-project.data.google_storage_project_service_account.gcs_sa",
            "module.automation-project.google_access_context_manager_service_perimeter_dry_run_resource.default",
            "module.automation-project.google_access_context_manager_service_perimeter_resource.default",
            "module.automation-project.google_compute_shared_vpc_host_project.shared_vpc_host",
            "module.automation-project.google_compute_shared_vpc_service_project.service_projects",
            "module.automation-project.google_compute_shared_vpc_service_project.shared_vpc_service",
            "module.automation-project.google_kms_crypto_key_iam_member.service_agent_cmek",
            "module.automation-project.google_org_policy_policy.default",
            "module.automation-project.google_project.project",
            "module.automation-project.google_project_default_service_accounts.default_service_accounts",
            "module.automation-project.google_project_iam_member.service_agents",
            "module.automation-project.google_project_iam_member.shared_vpc_host_robots",
            "module.automation-project.google_project_service.project_services",
            "module.automation-project.google_project_service_identity.default",
            "module.automation-tf-bootstrap-r-sa.data.google_service_account.service_account",
            "module.automation-tf-bootstrap-r-sa.google_service_account.service_account",
            "module.automation-tf-bootstrap-sa.data.google_service_account.service_account",
            "module.automation-tf-bootstrap-sa.google_service_account.service_account",
            "module.automation-tf-resman-r-sa.data.google_service_account.service_account",
            "module.automation-tf-resman-r-sa.google_service_account.service_account",
            "module.automation-tf-resman-sa.data.google_service_account.service_account",
            "module.automation-tf-resman-sa.google_service_account.service_account",
            "module.automation-tf-vpcsc-r-sa.data.google_service_account.service_account",
            "module.automation-tf-vpcsc-r-sa.google_service_account.service_account",
            "module.automation-tf-vpcsc-sa.data.google_service_account.service_account",
            "module.automation-tf-vpcsc-sa.google_service_account.service_account",
            "module.organization-logging.google_logging_organization_settings.default",
            "module.organization-logging.google_org_policy_custom_constraint.constraint",
            "module.organization-logging.google_org_policy_policy.default",
            "module.organization-logging.google_organization_iam_binding.authoritative",
            "module.organization-logging.google_organization_iam_binding.bindings",
            "module.organization-logging.google_organization_iam_custom_role.roles",
            "module.organization-logging.google_organization_iam_member.bindings",
            "module.organization-logging.google_tags_tag_key.default",
            "module.organization-logging.google_tags_tag_key_iam_binding.default",
            "module.organization-logging.google_tags_tag_value.default",
            "module.organization-logging.google_tags_tag_value_iam_binding.default",
            "module.organization.google_organization_iam_binding.authoritative",
            "module.organization.google_organization_iam_binding.bindings",
            "module.organization.google_organization_iam_custom_role.roles",
            "module.organization.google_organization_iam_member.bindings",
            "module.organization.google_tags_tag_key.default"
          ]
        },
        {
          "index_key": "org-policies/allowed-policy-member-domains-all",
          "schema_version": 0,
          "attributes": {
            "create_time": "2025-04-10T19:26:20.118273Z",
            "description": "Managed by the Terraform organization module.",
            "id": "tagValues/281475100919550",
            "name": "281475100919550",
            "namespaced_name": "890114964408/org-policies/allowed-policy-member-domains-all",
            "parent": "tagKeys/281476992081628",
            "short_name": "allowed-policy-member-domains-all",
            "timeouts": null,
            "update_time": "2025-04-10T19:26:20.118273Z"
          },
          "sensitive_attributes": [],
          "private": "eyJlMmJmYjczMC1lY2FhLTExZTYtOGY4OC0zNDM2M2JjN2M0YzAiOnsiY3JlYXRlIjoxMjAwMDAwMDAwMDAwLCJkZWxldGUiOjEyMDAwMDAwMDAwMDAsInVwZGF0ZSI6MTIwMDAwMDAwMDAwMH19",
          "dependencies": [
            "module.automation-project.data.google_bigquery_default_service_account.bq_sa",
            "module.automation-project.data.google_project.project",
            "module.automation-project.data.google_storage_project_service_account.gcs_sa",
            "module.automation-project.google_access_context_manager_service_perimeter_dry_run_resource.default",
            "module.automation-project.google_access_context_manager_service_perimeter_resource.default",
            "module.automation-project.google_compute_shared_vpc_host_project.shared_vpc_host",
            "module.automation-project.google_compute_shared_vpc_service_project.service_projects",
            "module.automation-project.google_compute_shared_vpc_service_project.shared_vpc_service",
            "module.automation-project.google_kms_crypto_key_iam_member.service_agent_cmek",
            "module.automation-project.google_org_policy_policy.default",
            "module.automation-project.google_project.project",
            "module.automation-project.google_project_default_service_accounts.default_service_accounts",
            "module.automation-project.google_project_iam_member.service_agents",
            "module.automation-project.google_project_iam_member.shared_vpc_host_robots",
            "module.automation-project.google_project_service.project_services",
            "module.automation-project.google_project_service_identity.default",
            "module.automation-tf-bootstrap-r-sa.data.google_service_account.service_account",
            "module.automation-tf-bootstrap-r-sa.google_service_account.service_account",
            "module.automation-tf-bootstrap-sa.data.google_service_account.service_account",
            "module.automation-tf-bootstrap-sa.google_service_account.service_account",
            "module.automation-tf-resman-r-sa.data.google_service_account.service_account",
            "module.automation-tf-resman-r-sa.google_service_account.service_account",
            "module.automation-tf-resman-sa.data.google_service_account.service_account",
            "module.automation-tf-resman-sa.google_service_account.service_account",
            "module.automation-tf-vpcsc-r-sa.data.google_service_account.service_account",
            "module.automation-tf-vpcsc-r-sa.google_service_account.service_account",
            "module.automation-tf-vpcsc-sa.data.google_service_account.service_account",
            "module.automation-tf-vpcsc-sa.google_service_account.service_account",
            "module.organization-logging.google_logging_organization_settings.default",
            "module.organization-logging.google_org_policy_custom_constraint.constraint",
            "module.organization-logging.google_org_policy_policy.default",
            "module.organization-logging.google_organization_iam_binding.authoritative",
            "module.organization-logging.google_organization_iam_binding.bindings",
            "module.organization-logging.google_organization_iam_custom_role.roles",
            "module.organization-logging.google_organization_iam_member.bindings",
            "module.organization-logging.google_tags_tag_key.default",
            "module.organization-logging.google_tags_tag_key_iam_binding.default",
            "module.organization-logging.google_tags_tag_value.default",
            "module.organization-logging.google_tags_tag_value_iam_binding.default",
            "module.organization.google_organization_iam_binding.authoritative",
            "module.organization.google_organization_iam_binding.bindings",
            "module.organization.google_organization_iam_custom_role.roles",
            "module.organization.google_organization_iam_member.bindings",
            "module.organization.google_tags_tag_key.default"
          ]
        }
      ]
    },
    {
      "module": "module.organization-logging",
      "mode": "managed",
      "type": "google_logging_organization_settings",
      "name": "default",
      "provider": "provider[\"registry.terraform.io/hashicorp/google\"]",
      "instances": [
        {
          "index_key": 0,
          "schema_version": 0,
          "attributes": {
            "disable_default_sink": false,
            "id": "organizations/890114964408/settings",
            "kms_key_name": "",
            "kms_service_account_id": "service-org-890114964408@gcp-sa-logging.iam.gserviceaccount.com",
            "logging_service_account_id": "service-org-890114964408@gcp-sa-logging.iam.gserviceaccount.com",
            "name": "organizations/890114964408/settings",
            "organization": "890114964408",
            "storage_location": "global",
            "timeouts": null
          },
          "sensitive_attributes": [],
          "private": "eyJlMmJmYjczMC1lY2FhLTExZTYtOGY4OC0zNDM2M2JjN2M0YzAiOnsiY3JlYXRlIjoxMjAwMDAwMDAwMDAwLCJkZWxldGUiOjEyMDAwMDAwMDAwMDAsInVwZGF0ZSI6MTIwMDAwMDAwMDAwMH19"
        }
      ]
    }
  ],
  "check_results": [
    {
      "object_kind": "var",
      "config_addr": "module.automation-tf-cicd-r-sa.var.prefix",
      "status": "unknown",
      "objects": null
    },
    {
      "object_kind": "var",
      "config_addr": "module.organization.var.tags",
      "status": "unknown",
      "objects": null
    },
    {
      "object_kind": "var",
      "config_addr": "module.automation-tf-cicd-r-sa.var.create_ignore_already_exists",
      "status": "unknown",
      "objects": null
    },
    {
      "object_kind": "var",
      "config_addr": "var.environments",
      "status": "unknown",
      "objects": null
    },
    {
      "object_kind": "var",
      "config_addr": "var.prefix",
      "status": "unknown",
      "objects": null
    },
    {
      "object_kind": "var",
      "config_addr": "module.log-export-gcs.var.location",
      "status": "unknown",
      "objects": null
    },
    {
      "object_kind": "var",
      "config_addr": "module.automation-tf-vpcsc-gcs.var.storage_class",
      "status": "unknown",
      "objects": null
    },
    {
      "object_kind": "var",
      "config_addr": "module.billing-export-dataset.var.access",
      "status": "unknown",
      "objects": null
    },
    {
      "object_kind": "var",
      "config_addr": "module.automation-project.var.network_tags",
      "status": "unknown",
      "objects": null
    },
    {
      "object_kind": "var",
      "config_addr": "module.automation-tf-cicd-sa.var.create_ignore_already_exists",
      "status": "unknown",
      "objects": null
    },
    {
      "object_kind": "var",
      "config_addr": "module.log-export-project.var.tags",
      "status": "unknown",
      "objects": null
    },
    {
      "object_kind": "var",
      "config_addr": "module.automation-tf-vpcsc-r-sa.var.create_ignore_already_exists",
      "status": "unknown",
      "objects": null
    },
    {
      "object_kind": "var",
      "config_addr": "module.automation-tf-resman-gcs.var.public_access_prevention",
      "status": "unknown",
      "objects": null
    },
    {
      "object_kind": "var",
      "config_addr": "module.log-export-gcs.var.lifecycle_rules",
      "status": "unknown",
      "objects": null
    },
    {
      "object_kind": "var",
      "config_addr": "module.automation-tf-output-gcs.var.lifecycle_rules",
      "status": "unknown",
      "objects": null
    },
    {
      "object_kind": "var",
      "config_addr": "module.automation-tf-output-gcs.var.public_access_prevention",
      "status": "unknown",
      "objects": null
    },
    {
      "object_kind": "var",
      "config_addr": "module.log-export-gcs.var.storage_class",
      "status": "unknown",
      "objects": null
    },
    {
      "object_kind": "var",
      "config_addr": "module.automation-tf-resman-sa.var.prefix",
      "status": "unknown",
      "objects": null
    },
    {
      "object_kind": "var",
      "config_addr": "module.automation-tf-output-gcs.var.storage_class",
      "status": "unknown",
      "objects": null
    },
    {
      "object_kind": "var",
      "config_addr": "module.log-export-gcs.var.prefix",
      "status": "unknown",
      "objects": null
    },
    {
      "object_kind": "var",
      "config_addr": "module.automation-tf-output-gcs.var.location",
      "status": "unknown",
      "objects": null
    },
    {
      "object_kind": "var",
      "config_addr": "module.automation-tf-output-gcs.var.prefix",
      "status": "unknown",
      "objects": null
    },
    {
      "object_kind": "var",
      "config_addr": "module.automation-tf-vpcsc-gcs.var.public_access_prevention",
      "status": "unknown",
      "objects": null
    },
    {
      "object_kind": "var",
      "config_addr": "module.organization.var.logging_sinks",
      "status": "unknown",
      "objects": null
    },
    {
      "object_kind": "var",
      "config_addr": "module.organization.var.network_tags",
      "status": "unknown",
      "objects": null
    },
    {
      "object_kind": "var",
      "config_addr": "module.automation-project.var.tags",
      "status": "unknown",
      "objects": null
    },
    {
      "object_kind": "var",
      "config_addr": "module.log-export-project.var.shared_vpc_service_config",
      "status": "unknown",
      "objects": null
    },
    {
      "object_kind": "var",
      "config_addr": "module.automation-tf-bootstrap-gcs.var.storage_class",
      "status": "unknown",
      "objects": null
    },
    {
      "object_kind": "var",
      "config_addr": "module.log-export-project.var.quotas",
      "status": "unknown",
      "objects": null
    },
    {
      "object_kind": "var",
      "config_addr": "module.automation-tf-output-gcs.var.rpo",
      "status": "unknown",
      "objects": null
    },
    {
      "object_kind": "var",
      "config_addr": "module.organization-logging.var.tags",
      "status": "unknown",
      "objects": null
    },
    {
      "object_kind": "resource",
      "config_addr": "module.automation-project.google_project.project",
      "status": "unknown",
      "objects": null
    },
    {
      "object_kind": "var",
      "config_addr": "module.automation-tf-vpcsc-r-sa.var.prefix",
      "status": "unknown",
      "objects": null
    },
    {
      "object_kind": "var",
      "config_addr": "module.billing-export-project.var.tags",
      "status": "unknown",
      "objects": null
    },
    {
      "object_kind": "check",
      "config_addr": "module.organization-logging.check.custom_roles",
      "status": "unknown",
      "objects": null
    },
    {
      "object_kind": "var",
      "config_addr": "module.log-export-project.var.prefix",
      "status": "unknown",
      "objects": null
    },
    {
      "object_kind": "var",
      "config_addr": "module.automation-tf-vpcsc-sa.var.create_ignore_already_exists",
      "status": "unknown",
      "objects": null
    },
    {
      "object_kind": "var",
      "config_addr": "module.billing-export-project.var.network_tags",
      "status": "unknown",
      "objects": null
    },
    {
      "object_kind": "var",
      "config_addr": "module.automation-tf-resman-gcs.var.lifecycle_rules",
      "status": "unknown",
      "objects": null
    },
    {
      "object_kind": "var",
      "config_addr": "module.automation-tf-bootstrap-sa.var.prefix",
      "status": "unknown",
      "objects": null
    },
    {
      "object_kind": "var",
      "config_addr": "module.log-export-gcs.var.rpo",
      "status": "unknown",
      "objects": null
    },
    {
      "object_kind": "var",
      "config_addr": "var.fast_addon",
      "status": "unknown",
      "objects": null
    },
    {
      "object_kind": "var",
      "config_addr": "module.automation-tf-bootstrap-gcs.var.prefix",
      "status": "unknown",
      "objects": null
    },
    {
      "object_kind": "var",
      "config_addr": "module.automation-project.var.quotas",
      "status": "unknown",
      "objects": null
    },
    {
      "object_kind": "var",
      "config_addr": "module.automation-project.var.logging_sinks",
      "status": "unknown",
      "objects": null
    },
    {
      "object_kind": "var",
      "config_addr": "module.log-export-gcs.var.public_access_prevention",
      "status": "unknown",
      "objects": null
    },
    {
      "object_kind": "var",
      "config_addr": "module.billing-export-project.var.logging_sinks",
      "status": "unknown",
      "objects": null
    },
    {
      "object_kind": "var",
      "config_addr": "module.automation-tf-vpcsc-gcs.var.lifecycle_rules",
      "status": "unknown",
      "objects": null
    },
    {
      "object_kind": "var",
      "config_addr": "module.log-export-project.var.logging_sinks",
      "status": "unknown",
      "objects": null
    },
    {
      "object_kind": "var",
      "config_addr": "module.log-export-dataset.var.access",
      "status": "unknown",
      "objects": null
    },
    {
      "object_kind": "check",
      "config_addr": "module.billing-export-project.check.custom_roles",
      "status": "unknown",
      "objects": null
    },
    {
      "object_kind": "var",
      "config_addr": "module.automation-tf-bootstrap-gcs.var.public_access_prevention",
      "status": "unknown",
      "objects": null
    },
    {
      "object_kind": "var",
      "config_addr": "module.automation-tf-vpcsc-gcs.var.prefix",
      "status": "unknown",
      "objects": null
    },
    {
      "object_kind": "var",
      "config_addr": "module.automation-project.var.prefix",
      "status": "unknown",
      "objects": null
    },
    {
      "object_kind": "var",
      "config_addr": "module.automation-tf-resman-r-sa.var.create_ignore_already_exists",
      "status": "unknown",
      "objects": null
    },
    {
      "object_kind": "var",
      "config_addr": "module.automation-tf-bootstrap-sa.var.create_ignore_already_exists",
      "status": "unknown",
      "objects": null
    },
    {
      "object_kind": "var",
      "config_addr": "module.automation-tf-resman-r-sa.var.prefix",
      "status": "unknown",
      "objects": null
    },
    {
      "object_kind": "var",
      "config_addr": "module.automation-project.var.parent",
      "status": "unknown",
      "objects": null
    },
    {
      "object_kind": "var",
      "config_addr": "module.log-export-project.var.deletion_policy",
      "status": "unknown",
      "objects": null
    },
    {
      "object_kind": "var",
      "config_addr": "module.automation-tf-bootstrap-gcs.var.lifecycle_rules",
      "status": "unknown",
      "objects": null
    },
    {
      "object_kind": "var",
      "config_addr": "module.billing-export-project.var.default_service_account",
      "status": "unknown",
      "objects": null
    },
    {
      "object_kind": "var",
      "config_addr": "module.automation-tf-bootstrap-r-sa.var.create_ignore_already_exists",
      "status": "unknown",
      "objects": null
    },
    {
      "object_kind": "var",
      "config_addr": "module.automation-tf-bootstrap-r-sa.var.prefix",
      "status": "unknown",
      "objects": null
    },
    {
      "object_kind": "var",
      "config_addr": "module.automation-project.var.deletion_policy",
      "status": "unknown",
      "objects": null
    },
    {
      "object_kind": "var",
      "config_addr": "module.automation-project.var.shared_vpc_service_config",
      "status": "unknown",
      "objects": null
    },
    {
      "object_kind": "var",
      "config_addr": "module.automation-tf-bootstrap-gcs.var.location",
      "status": "unknown",
      "objects": null
    },
    {
      "object_kind": "var",
      "config_addr": "var.cicd_config",
      "status": "unknown",
      "objects": null
    },
    {
      "object_kind": "var",
      "config_addr": "module.billing-export-project.var.shared_vpc_service_config",
      "status": "unknown",
      "objects": null
    },
    {
      "object_kind": "var",
      "config_addr": "module.log-export-project.var.project_reuse",
      "status": "unknown",
      "objects": null
    },
    {
      "object_kind": "var",
      "config_addr": "module.automation-tf-bootstrap-gcs.var.rpo",
      "status": "unknown",
      "objects": null
    },
    {
      "object_kind": "check",
      "config_addr": "module.log-export-project.check.custom_roles",
      "status": "unknown",
      "objects": null
    },
    {
      "object_kind": "var",
      "config_addr": "module.automation-tf-vpcsc-sa.var.prefix",
      "status": "unknown",
      "objects": null
    },
    {
      "object_kind": "resource",
      "config_addr": "module.billing-export-project.google_project.project",
      "status": "unknown",
      "objects": null
    },
    {
      "object_kind": "var",
      "config_addr": "module.billing-export-project.var.deletion_policy",
      "status": "unknown",
      "objects": null
    },
    {
      "object_kind": "var",
      "config_addr": "module.billing-export-project.var.prefix",
      "status": "unknown",
      "objects": null
    },
    {
      "object_kind": "var",
      "config_addr": "module.automation-tf-resman-gcs.var.prefix",
      "status": "unknown",
      "objects": null
    },
    {
      "object_kind": "var",
      "config_addr": "var.billing_account",
      "status": "unknown",
      "objects": null
    },
    {
      "object_kind": "var",
      "config_addr": "module.automation-tf-vpcsc-gcs.var.location",
      "status": "unknown",
      "objects": null
    },
    {
      "object_kind": "var",
      "config_addr": "module.log-export-project.var.default_service_account",
      "status": "unknown",
      "objects": null
    },
    {
      "object_kind": "var",
      "config_addr": "module.automation-tf-vpcsc-gcs.var.rpo",
      "status": "unknown",
      "objects": null
    },
    {
      "object_kind": "var",
      "config_addr": "module.billing-export-project.var.quotas",
      "status": "unknown",
      "objects": null
    },
    {
      "object_kind": "var",
      "config_addr": "module.organization.var.organization_id",
      "status": "unknown",
      "objects": null
    },
    {
      "object_kind": "var",
      "config_addr": "module.automation-tf-cicd-sa.var.prefix",
      "status": "unknown",
      "objects": null
    },
    {
      "object_kind": "var",
      "config_addr": "module.organization-logging.var.organization_id",
      "status": "unknown",
      "objects": null
    },
    {
      "object_kind": "var",
      "config_addr": "module.automation-tf-resman-gcs.var.location",
      "status": "unknown",
      "objects": null
    },
    {
      "object_kind": "check",
      "config_addr": "module.organization.check.custom_roles",
      "status": "unknown",
      "objects": null
    },
    {
      "object_kind": "var",
      "config_addr": "module.log-export-project.var.parent",
      "status": "unknown",
      "objects": null
    },
    {
      "object_kind": "var",
      "config_addr": "module.automation-tf-resman-sa.var.create_ignore_already_exists",
      "status": "unknown",
      "objects": null
    },
    {
      "object_kind": "var",
      "config_addr": "module.automation-project.var.project_reuse",
      "status": "unknown",
      "objects": null
    },
    {
      "object_kind": "var",
      "config_addr": "module.automation-project.var.default_service_account",
      "status": "unknown",
      "objects": null
    },
    {
      "object_kind": "check",
      "config_addr": "module.automation-project.check.custom_roles",
      "status": "unknown",
      "objects": null
    },
    {
      "object_kind": "var",
      "config_addr": "module.automation-tf-resman-gcs.var.storage_class",
      "status": "unknown",
      "objects": null
    },
    {
      "object_kind": "var",
      "config_addr": "module.billing-export-project.var.parent",
      "status": "unknown",
      "objects": null
    },
    {
      "object_kind": "var",
      "config_addr": "module.organization-logging.var.network_tags",
      "status": "unknown",
      "objects": null
    },
    {
      "object_kind": "var",
      "config_addr": "module.billing-export-project.var.project_reuse",
      "status": "unknown",
      "objects": null
    },
    {
      "object_kind": "var",
      "config_addr": "var.log_sinks",
      "status": "unknown",
      "objects": null
    },
    {
      "object_kind": "var",
      "config_addr": "module.log-export-project.var.network_tags",
      "status": "unknown",
      "objects": null
    },
    {
      "object_kind": "var",
      "config_addr": "module.organization-logging.var.logging_sinks",
      "status": "unknown",
      "objects": null
    },
    {
      "object_kind": "resource",
      "config_addr": "module.log-export-project.google_project.project",
      "status": "unknown",
      "objects": null
    },
    {
      "object_kind": "var",
      "config_addr": "module.automation-tf-resman-gcs.var.rpo",
      "status": "unknown",
      "objects": null
    }
  ]
}
